// !$*UTF8*$!
{
	archiveVersion = 1;
	classes = {
	};
	objectVersion = 56;
	objects = {

/* Begin PBXBuildFile section */
		00192BA13A142EF4AD6CACB6 /* VisitCaptureViewModel.swift in Sources */ = {isa = PBXBuildFile; fileRef = C2FB58BDA2CD7911EDEABCDB /* VisitCaptureViewModel.swift */; };
		153714804930CBFBCC4DE07F /* VisitCaptureStore.swift in Sources */ = {isa = PBXBuildFile; fileRef = C7C38A3A7E6C8BF6AC39FB1E /* VisitCaptureStore.swift */; };
		170A8E0648D13FFAD08A242E /* VisitCaptureScreen.swift in Sources */ = {isa = PBXBuildFile; fileRef = 78B2218ACBBFF6CAF6E6ACFD /* VisitCaptureScreen.swift */; };
		185556205563F89CB2D6A4C7 /* VisitCaptureCoordinator.swift in Sources */ = {isa = PBXBuildFile; fileRef = EA48EE6CEA44A6177DC24902 /* VisitCaptureCoordinator.swift */; };
		2C0ABF2105CF3C74DB83C786 /* VisitOverviewView.swift in Sources */ = {isa = PBXBuildFile; fileRef = 3CB9F3A6E6BFEE62E2AC5687 /* VisitOverviewView.swift */; };
		2F653348E39E60DE420A36D5 /* VisitObjectsScreenView.swift in Sources */ = {isa = PBXBuildFile; fileRef = C3AAA60F78EE6D22240DC1EC /* VisitObjectsScreenView.swift */; };
		7DBFB964A3588C1939B9D671 /* VisitSummaryView.swift in Sources */ = {isa = PBXBuildFile; fileRef = 23CE8AD05D0B1BE24E960CF4 /* VisitSummaryView.swift */; };
		964961CF132C24D50E8CBDAE /* VisitSessionValidator.swift in Sources */ = {isa = PBXBuildFile; fileRef = B0E93C0F260CC9673B779E4E /* VisitSessionValidator.swift */; };
		AA010001 /* AtlasScanApp.swift in Sources */ = {isa = PBXBuildFile; fileRef = AA020001 /* AtlasScanApp.swift */; };
		AA010002 /* ScanSessionListView.swift in Sources */ = {isa = PBXBuildFile; fileRef = AA020002 /* ScanSessionListView.swift */; };
		AA010003 /* ScanJobDetailView.swift in Sources */ = {isa = PBXBuildFile; fileRef = AA020003 /* ScanJobDetailView.swift */; };
		AA010004 /* NewScanJobView.swift in Sources */ = {isa = PBXBuildFile; fileRef = AA020004 /* NewScanJobView.swift */; };
		AA010005 /* RoomCaptureContainerView.swift in Sources */ = {isa = PBXBuildFile; fileRef = AA020005 /* RoomCaptureContainerView.swift */; };
		AA010006 /* ScannerAdapter.swift in Sources */ = {isa = PBXBuildFile; fileRef = AA020006 /* ScannerAdapter.swift */; };
		AA010007 /* MockScannerAdapter.swift in Sources */ = {isa = PBXBuildFile; fileRef = AA020007 /* MockScannerAdapter.swift */; };
		AA010008 /* RoomReviewView.swift in Sources */ = {isa = PBXBuildFile; fileRef = AA020008 /* RoomReviewView.swift */; };
		AA010009 /* AddObjectSheet.swift in Sources */ = {isa = PBXBuildFile; fileRef = AA020009 /* AddObjectSheet.swift */; };
		AA010010 /* EditObjectSheet.swift in Sources */ = {isa = PBXBuildFile; fileRef = AA020010 /* EditObjectSheet.swift */; };
		AA010011 /* ExportPreviewView.swift in Sources */ = {isa = PBXBuildFile; fileRef = AA020011 /* ExportPreviewView.swift */; };
		AA010012 /* ScanJob.swift in Sources */ = {isa = PBXBuildFile; fileRef = AA020012 /* ScanJob.swift */; };
		AA010013 /* ScannedRoom.swift in Sources */ = {isa = PBXBuildFile; fileRef = AA020013 /* ScannedRoom.swift */; };
		AA010014 /* ScannedWall.swift in Sources */ = {isa = PBXBuildFile; fileRef = AA020014 /* ScannedWall.swift */; };
		AA010015 /* ScannedOpening.swift in Sources */ = {isa = PBXBuildFile; fileRef = AA020015 /* ScannedOpening.swift */; };
		AA010016 /* TaggedObject.swift in Sources */ = {isa = PBXBuildFile; fileRef = AA020016 /* TaggedObject.swift */; };
		AA010017 /* TaggedPhoto.swift in Sources */ = {isa = PBXBuildFile; fileRef = AA020017 /* TaggedPhoto.swift */; };
		AA010018 /* ServiceObjectCategory.swift in Sources */ = {isa = PBXBuildFile; fileRef = AA020018 /* ServiceObjectCategory.swift */; };
		AA010019 /* ExportDraftState.swift in Sources */ = {isa = PBXBuildFile; fileRef = AA020019 /* ExportDraftState.swift */; };
		AA010020 /* ScanJobStore.swift in Sources */ = {isa = PBXBuildFile; fileRef = AA020020 /* ScanJobStore.swift */; };
		AA010021 /* ExportBuilder.swift in Sources */ = {isa = PBXBuildFile; fileRef = AA020021 /* ExportBuilder.swift */; };
		AA010022 /* ScanBundleV1.swift in Sources */ = {isa = PBXBuildFile; fileRef = AA020022 /* ScanBundleV1.swift */; };
		AA010023 /* MockData.swift in Sources */ = {isa = PBXBuildFile; fileRef = AA020023 /* MockData.swift */; };
		AA010024 /* ExportBuilderTests.swift in Sources */ = {isa = PBXBuildFile; fileRef = AA020024 /* ExportBuilderTests.swift */; };
		AA010025 /* ModelTests.swift in Sources */ = {isa = PBXBuildFile; fileRef = AA020025 /* ModelTests.swift */; };
		AA010026 /* RoomPlanScannerAdapter.swift in Sources */ = {isa = PBXBuildFile; fileRef = AA020026 /* RoomPlanScannerAdapter.swift */; };
		AA010027 /* RoomPlanMapperTests.swift in Sources */ = {isa = PBXBuildFile; fileRef = AA020027 /* RoomPlanMapperTests.swift */; };
		AA010028 /* ObjectPlacement.swift in Sources */ = {isa = PBXBuildFile; fileRef = AA020028 /* ObjectPlacement.swift */; };
		AA010029 /* PlacementService.swift in Sources */ = {isa = PBXBuildFile; fileRef = AA020029 /* PlacementService.swift */; };
		AA010030 /* RoomLayoutView.swift in Sources */ = {isa = PBXBuildFile; fileRef = AA020030 /* RoomLayoutView.swift */; };
		AA010031 /* PlacementServiceTests.swift in Sources */ = {isa = PBXBuildFile; fileRef = AA020031 /* PlacementServiceTests.swift */; };
		AA010032 /* ClearanceEngine.swift in Sources */ = {isa = PBXBuildFile; fileRef = AA020032 /* ClearanceEngine.swift */; };
		AA010033 /* ApplianceProfiles.swift in Sources */ = {isa = PBXBuildFile; fileRef = AA020033 /* ApplianceProfiles.swift */; };
		AA010034 /* ClearanceEngineTests.swift in Sources */ = {isa = PBXBuildFile; fileRef = AA020034 /* ClearanceEngineTests.swift */; };
		AA010035 /* ApplianceProfileTests.swift in Sources */ = {isa = PBXBuildFile; fileRef = AA020035 /* ApplianceProfileTests.swift */; };
		AA010036 /* RoomAdjacency.swift in Sources */ = {isa = PBXBuildFile; fileRef = AA020036 /* RoomAdjacency.swift */; };
		AA010037 /* PropertyPlanView.swift in Sources */ = {isa = PBXBuildFile; fileRef = AA020037 /* PropertyPlanView.swift */; };
		AA010038 /* LinkRoomsSheet.swift in Sources */ = {isa = PBXBuildFile; fileRef = AA020038 /* LinkRoomsSheet.swift */; };
		AA010039 /* RoomAdjacencyTests.swift in Sources */ = {isa = PBXBuildFile; fileRef = AA020039 /* RoomAdjacencyTests.swift */; };
		AA010040 /* PhotoStore.swift in Sources */ = {isa = PBXBuildFile; fileRef = AA020040 /* PhotoStore.swift */; };
		AA010041 /* ImagePickerView.swift in Sources */ = {isa = PBXBuildFile; fileRef = AA020041 /* ImagePickerView.swift */; };
		AA010042 /* AddPhotoSheet.swift in Sources */ = {isa = PBXBuildFile; fileRef = AA020042 /* AddPhotoSheet.swift */; };
		AA010043 /* PhotoGalleryView.swift in Sources */ = {isa = PBXBuildFile; fileRef = AA020043 /* PhotoGalleryView.swift */; };
		AA010044 /* EvidenceTests.swift in Sources */ = {isa = PBXBuildFile; fileRef = AA020044 /* EvidenceTests.swift */; };
		AA010045 /* ExportPackageBuilder.swift in Sources */ = {isa = PBXBuildFile; fileRef = AA020045 /* ExportPackageBuilder.swift */; };
		AA010046 /* HandoffTests.swift in Sources */ = {isa = PBXBuildFile; fileRef = AA020046 /* HandoffTests.swift */; };
		AA010047 /* LiDARClearanceMeasurement.swift in Sources */ = {isa = PBXBuildFile; fileRef = AA020047 /* LiDARClearanceMeasurement.swift */; };
		AA010048 /* LiDARClearanceSession.swift in Sources */ = {isa = PBXBuildFile; fileRef = AA020048 /* LiDARClearanceSession.swift */; };
		AA010049 /* LiDARClearanceView.swift in Sources */ = {isa = PBXBuildFile; fileRef = AA020049 /* LiDARClearanceView.swift */; };
		AA010050 /* LiDARClearanceMeasurementTests.swift in Sources */ = {isa = PBXBuildFile; fileRef = AA020050 /* LiDARClearanceMeasurementTests.swift */; };
		AA010051 /* PropertyScanSession.swift in Sources */ = {isa = PBXBuildFile; fileRef = AA020051 /* PropertyScanSession.swift */; };
		AA010052 /* ScanSessionStore.swift in Sources */ = {isa = PBXBuildFile; fileRef = AA020052 /* ScanSessionStore.swift */; };
		AA010053 /* AtlasSync.swift in Sources */ = {isa = PBXBuildFile; fileRef = AA020053 /* AtlasSync.swift */; };
		AA010054 /* PropertyScanSessionTests.swift in Sources */ = {isa = PBXBuildFile; fileRef = AA020054 /* PropertyScanSessionTests.swift */; };
		AA010055 /* SessionCaptureViewModel.swift in Sources */ = {isa = PBXBuildFile; fileRef = AA020055 /* SessionCaptureViewModel.swift */; };
		AA010056 /* SessionCaptureView.swift in Sources */ = {isa = PBXBuildFile; fileRef = AA020056 /* SessionCaptureView.swift */; };
		AA010057 /* PropertySessionListView.swift in Sources */ = {isa = PBXBuildFile; fileRef = AA020057 /* PropertySessionListView.swift */; };
		AA010058 /* NewPropertySessionView.swift in Sources */ = {isa = PBXBuildFile; fileRef = AA020058 /* NewPropertySessionView.swift */; };
		AA010059 /* SessionCaptureViewModelTests.swift in Sources */ = {isa = PBXBuildFile; fileRef = AA020059 /* SessionCaptureViewModelTests.swift */; };
		AA01005A /* ClearanceOverlayView.swift in Sources */ = {isa = PBXBuildFile; fileRef = AA02005A /* ClearanceOverlayView.swift */; };
		AA01005B /* LiveViewTaggingViewModel.swift in Sources */ = {isa = PBXBuildFile; fileRef = AA02005B /* LiveViewTaggingViewModel.swift */; };
		AA01005C /* LiveViewTaggingView.swift in Sources */ = {isa = PBXBuildFile; fileRef = AA02005C /* LiveViewTaggingView.swift */; };
		AA01005D /* CameraFeedView.swift in Sources */ = {isa = PBXBuildFile; fileRef = AA02005D /* CameraFeedView.swift */; };
		AA01005E /* LiveViewTaggingViewModelTests.swift in Sources */ = {isa = PBXBuildFile; fileRef = AA02005E /* LiveViewTaggingViewModelTests.swift */; };
		AA01005F /* ARPlacementSession.swift in Sources */ = {isa = PBXBuildFile; fileRef = AA02005F /* ARPlacementSession.swift */; };
		AA010060 /* VoiceNote.swift in Sources */ = {isa = PBXBuildFile; fileRef = AA020060 /* VoiceNote.swift */; };
		AA010061 /* VoiceNoteStore.swift in Sources */ = {isa = PBXBuildFile; fileRef = AA020061 /* VoiceNoteStore.swift */; };
		AA010062 /* VoiceNoteRecorder.swift in Sources */ = {isa = PBXBuildFile; fileRef = AA020062 /* VoiceNoteRecorder.swift */; };
		AA010063 /* VoiceNoteRecorderSheet.swift in Sources */ = {isa = PBXBuildFile; fileRef = AA020063 /* VoiceNoteRecorderSheet.swift */; };
		AA010064 /* VoiceNoteTests.swift in Sources */ = {isa = PBXBuildFile; fileRef = AA020064 /* VoiceNoteTests.swift */; };
		AA010065 /* VoiceNotePlaybackManager.swift in Sources */ = {isa = PBXBuildFile; fileRef = AA020065 /* VoiceNotePlaybackManager.swift */; };
		AA010066 /* VoiceNoteRowView.swift in Sources */ = {isa = PBXBuildFile; fileRef = AA020066 /* VoiceNoteRowView.swift */; };
		AA010067 /* WalkthroughRoomPickerSheet.swift in Sources */ = {isa = PBXBuildFile; fileRef = AA020067 /* WalkthroughRoomPickerSheet.swift */; };
		AA010068 /* AtlasHandoffView.swift in Sources */ = {isa = PBXBuildFile; fileRef = AA020068 /* AtlasHandoffView.swift */; };
		AA010070 /* JSONInspectorView.swift in Sources */ = {isa = PBXBuildFile; fileRef = AA020070 /* JSONInspectorView.swift */; };
		AA010071 /* ShareSheet.swift in Sources */ = {isa = PBXBuildFile; fileRef = AA020071 /* ShareSheet.swift */; };
		AA010072 /* SessionCompletionView.swift in Sources */ = {isa = PBXBuildFile; fileRef = AA020072 /* SessionCompletionView.swift */; };
		AA010073 /* SessionCompletionTests.swift in Sources */ = {isa = PBXBuildFile; fileRef = AA020073 /* SessionCompletionTests.swift */; };
		AA010074 /* SessionReviewView.swift in Sources */ = {isa = PBXBuildFile; fileRef = AA020074 /* SessionReviewView.swift */; };
		AA010075 /* SessionArtifactInspectorView.swift in Sources */ = {isa = PBXBuildFile; fileRef = AA020075 /* SessionArtifactInspectorView.swift */; };
		AA010076 /* ExtractedSessionFact.swift in Sources */ = {isa = PBXBuildFile; fileRef = AA020076 /* ExtractedSessionFact.swift */; };
		AA010077 /* SessionKnowledgeExtractor.swift in Sources */ = {isa = PBXBuildFile; fileRef = AA020077 /* SessionKnowledgeExtractor.swift */; };
		AA010078 /* SessionKnowledgeSection.swift in Sources */ = {isa = PBXBuildFile; fileRef = AA020078 /* SessionKnowledgeSection.swift */; };
		AA010079 /* VoiceNoteCategoryPicker.swift in Sources */ = {isa = PBXBuildFile; fileRef = AA020079 /* VoiceNoteCategoryPicker.swift */; };
		AA01007A /* SessionFactReviewView.swift in Sources */ = {isa = PBXBuildFile; fileRef = AA02007A /* SessionFactReviewView.swift */; };
		AA01007B /* SessionKnowledgeExtractorTests.swift in Sources */ = {isa = PBXBuildFile; fileRef = AA02007B /* SessionKnowledgeExtractorTests.swift */; };
		AA01007C /* SessionKnowledgeSummaryTests.swift in Sources */ = {isa = PBXBuildFile; fileRef = AA02007C /* SessionKnowledgeSummaryTests.swift */; };
		AA010080 /* RoomScanEvidence.swift in Sources */ = {isa = PBXBuildFile; fileRef = AA020080 /* RoomScanEvidence.swift */; };
		AA010081 /* ExternalClearanceScene.swift in Sources */ = {isa = PBXBuildFile; fileRef = AA020081 /* ExternalClearanceScene.swift */; };
		AA010082 /* InstallMarkup.swift in Sources */ = {isa = PBXBuildFile; fileRef = AA020082 /* InstallMarkup.swift */; };
		AA010083 /* RoomScanEvidenceBuilder.swift in Sources */ = {isa = PBXBuildFile; fileRef = AA020083 /* RoomScanEvidenceBuilder.swift */; };
		AA010084 /* ExternalFlueCaptureSession.swift in Sources */ = {isa = PBXBuildFile; fileRef = AA020084 /* ExternalFlueCaptureSession.swift */; };
		AA010085 /* ExternalFlueCaptureView.swift in Sources */ = {isa = PBXBuildFile; fileRef = AA020085 /* ExternalFlueCaptureView.swift */; };
		AA010086 /* FlueClearanceSceneCard.swift in Sources */ = {isa = PBXBuildFile; fileRef = AA020086 /* FlueClearanceSceneCard.swift */; };
		AA010087 /* InstallMarkupViewModel.swift in Sources */ = {isa = PBXBuildFile; fileRef = AA020087 /* InstallMarkupViewModel.swift */; };
		AA010088 /* InstallMarkupOverlayView.swift in Sources */ = {isa = PBXBuildFile; fileRef = AA020088 /* InstallMarkupOverlayView.swift */; };
		AA010089 /* Assets.xcassets in Resources */ = {isa = PBXBuildFile; fileRef = AA020089 /* Assets.xcassets */; };
		AA01008A /* SpatialAlignmentEngine.swift in Sources */ = {isa = PBXBuildFile; fileRef = AA02008A /* SpatialAlignmentEngine.swift */; };
		AA01008B /* SpatialAlignmentSelectors.swift in Sources */ = {isa = PBXBuildFile; fileRef = AA02008B /* SpatialAlignmentSelectors.swift */; };
		AA01008C /* AlignmentViewPanel.swift in Sources */ = {isa = PBXBuildFile; fileRef = AA02008C /* AlignmentViewPanel.swift */; };
		AA01008D /* SpatialAlignmentTests.swift in Sources */ = {isa = PBXBuildFile; fileRef = AA02008D /* SpatialAlignmentTests.swift */; };
		AAPKG003 /* AtlasContracts in Frameworks */ = {isa = PBXBuildFile; productRef = AAPKG002 /* AtlasContracts */; };
		AAPKG005 /* AtlasContracts in Frameworks */ = {isa = PBXBuildFile; productRef = AAPKG004 /* AtlasContracts */; };
		C7BEDD64B626BFEE7010A956 /* VisitCaptureRootView.swift in Sources */ = {isa = PBXBuildFile; fileRef = 8FD9E4CEDEABD623B4606608 /* VisitCaptureRootView.swift */; };
		CB7770F3F751D6AF533E2666 /* VisitPhotosScreenView.swift in Sources */ = {isa = PBXBuildFile; fileRef = 8E03A32FC0844A7BB2BEF1B9 /* VisitPhotosScreenView.swift */; };
		CDFF5009D8242C493209851B /* VisitVoiceScreenView.swift in Sources */ = {isa = PBXBuildFile; fileRef = 5B15C2CA9D30C459F6A3E752 /* VisitVoiceScreenView.swift */; };
		E04F515A23A466EA152F2B0C /* VisitLiDARScreenView.swift in Sources */ = {isa = PBXBuildFile; fileRef = 2520D1875A6D77D1240D79CB /* VisitLiDARScreenView.swift */; };
		E7FC807742F5F9E5DEF1A866 /* VisitCaptureTests.swift in Sources */ = {isa = PBXBuildFile; fileRef = 309512065EC6B651B9F71DA5 /* VisitCaptureTests.swift */; };
		F7FB499FD46C2DF309B268A4 /* VisitSessionMapper.swift in Sources */ = {isa = PBXBuildFile; fileRef = B0F64E4E6D0C919B8E475B11 /* VisitSessionMapper.swift */; };
		AA0100A1 /* FieldVisitShellView.swift in Sources */ = {isa = PBXBuildFile; fileRef = AA0200A1 /* FieldVisitShellView.swift */; };
		AA0100A2 /* FieldVisitStore.swift in Sources */ = {isa = PBXBuildFile; fileRef = AA0200A2 /* FieldVisitStore.swift */; };
		AA0100A3 /* FieldCaptureView.swift in Sources */ = {isa = PBXBuildFile; fileRef = AA0200A3 /* FieldCaptureView.swift */; };
		AA0100A4 /* FieldPlanView.swift in Sources */ = {isa = PBXBuildFile; fileRef = AA0200A4 /* FieldPlanView.swift */; };
		AA0100A5 /* FieldReviewView.swift in Sources */ = {isa = PBXBuildFile; fileRef = AA0200A5 /* FieldReviewView.swift */; };
		AA0100A6 /* FieldCompleteView.swift in Sources */ = {isa = PBXBuildFile; fileRef = AA0200A6 /* FieldCompleteView.swift */; };
		AA0100A7 /* PlanningAnnotation.swift in Sources */ = {isa = PBXBuildFile; fileRef = AA0200A7 /* PlanningAnnotation.swift */; };
		AA0100A8 /* FieldVisitStoreTests.swift in Sources */ = {isa = PBXBuildFile; fileRef = AA0200A8 /* FieldVisitStoreTests.swift */; };
		AA0100B0 /* VisitCompletionValidatorTests.swift in Sources */ = {isa = PBXBuildFile; fileRef = AA0200B0 /* VisitCompletionValidatorTests.swift */; };
		AA0100B1 /* VisitNotesConsolidator.swift in Sources */ = {isa = PBXBuildFile; fileRef = AA0200B1 /* VisitNotesConsolidator.swift */; };
		AA0100B2 /* VoiceNoteTranscriptionService.swift in Sources */ = {isa = PBXBuildFile; fileRef = AA0200B2 /* VoiceNoteTranscriptionService.swift */; };
		AA0100B3 /* VisitNotesConsolidatorTests.swift in Sources */ = {isa = PBXBuildFile; fileRef = AA0200B3 /* VisitNotesConsolidatorTests.swift */; };
		AA0100C1 /* CaptureAppRootView.swift in Sources */ = {isa = PBXBuildFile; fileRef = AA0200C1 /* CaptureAppRootView.swift */; };
		AA0100C2 /* VisitCompletionReviewView.swift in Sources */ = {isa = PBXBuildFile; fileRef = AA0200C2 /* VisitCompletionReviewView.swift */; };
		AA0100C3 /* RoomContextList.swift in Sources */ = {isa = PBXBuildFile; fileRef = AA0200C3 /* RoomContextList.swift */; };
		AA0100C4 /* VisitHandoffPack.swift in Sources */ = {isa = PBXBuildFile; fileRef = AA0200C4 /* VisitHandoffPack.swift */; };
		AA0100C5 /* VisitHandoffPackBuilder.swift in Sources */ = {isa = PBXBuildFile; fileRef = AA0200C5 /* VisitHandoffPackBuilder.swift */; };
		AA0100C6 /* CaptureHubView.swift in Sources */ = {isa = PBXBuildFile; fileRef = AA0200C6 /* CaptureHubView.swift */; };
		AA0100C7 /* CaptureHubSectionCard.swift in Sources */ = {isa = PBXBuildFile; fileRef = AA0200C7 /* CaptureHubSectionCard.swift */; };
		AA0100C8 /* CaptureSessionStore.swift in Sources */ = {isa = PBXBuildFile; fileRef = AA0200C8 /* CaptureSessionStore.swift */; };
		AA0100C9 /* CaptureSessionModels.swift in Sources */ = {isa = PBXBuildFile; fileRef = AA0200C9 /* CaptureSessionModels.swift */; };
		AA0100CA /* CaptureSessionPersistence.swift in Sources */ = {isa = PBXBuildFile; fileRef = AA0200CA /* CaptureSessionPersistence.swift */; };
		AA0100CB /* CaptureSessionExporter.swift in Sources */ = {isa = PBXBuildFile; fileRef = AA0200CB /* CaptureSessionExporter.swift */; };
		AA0100CC /* StartJobView.swift in Sources */ = {isa = PBXBuildFile; fileRef = AA0200CC /* StartJobView.swift */; };
		AA0100CD /* ObjectPinListView.swift in Sources */ = {isa = PBXBuildFile; fileRef = AA0200CD /* ObjectPinListView.swift */; };
		AA0100CE /* ObjectPinPlacementView.swift in Sources */ = {isa = PBXBuildFile; fileRef = AA0200CE /* ObjectPinPlacementView.swift */; };
		AA0100CF /* PhotoListView.swift in Sources */ = {isa = PBXBuildFile; fileRef = AA0200CF /* PhotoListView.swift */; };
		AA0100D0 /* PhotoCaptureView.swift in Sources */ = {isa = PBXBuildFile; fileRef = AA0200D0 /* PhotoCaptureView.swift */; };
		AA0100D1 /* ReviewExportView.swift in Sources */ = {isa = PBXBuildFile; fileRef = AA0200D1 /* ReviewExportView.swift */; };
		AA0100D2 /* RoomScanListView.swift in Sources */ = {isa = PBXBuildFile; fileRef = AA0200D2 /* RoomScanListView.swift */; };
		AA0100D3 /* RoomScanCaptureView.swift in Sources */ = {isa = PBXBuildFile; fileRef = AA0200D3 /* RoomScanCaptureView.swift */; };
		AA0100D4 /* VoiceNotesView.swift in Sources */ = {isa = PBXBuildFile; fileRef = AA0200D4 /* VoiceNotesView.swift */; };
		AA0100D5 /* VoiceNoteRecorderViewModel.swift in Sources */ = {isa = PBXBuildFile; fileRef = AA0200D5 /* VoiceNoteRecorderViewModel.swift */; };
		AA0100D6 /* LiveCaptureView.swift in Sources */ = {isa = PBXBuildFile; fileRef = AA0200D6 /* LiveCaptureView.swift */; };
		AA0100D7 /* FloorPlanEditorView.swift in Sources */ = {isa = PBXBuildFile; fileRef = AA0200D7 /* FloorPlanEditorView.swift */; };
		AA0100D8 /* ReviewVisitView.swift in Sources */ = {isa = PBXBuildFile; fileRef = AA0200D8 /* ReviewVisitView.swift */; };
		AA0100D9 /* AtlasKeychainStore.swift in Sources */ = {isa = PBXBuildFile; fileRef = AA0200D9 /* AtlasKeychainStore.swift */; };
		AA0100DA /* AtlasRecommendationsSync.swift in Sources */ = {isa = PBXBuildFile; fileRef = AA0200DA /* AtlasRecommendationsSync.swift */; };
		AA0100DB /* AtlasRecommendationsWebView.swift in Sources */ = {isa = PBXBuildFile; fileRef = AA0200DB /* AtlasRecommendationsWebView.swift */; };
		AA0100DC /* WelcomeView.swift in Sources */ = {isa = PBXBuildFile; fileRef = AA0200DC /* WelcomeView.swift */; };
		AA0100DD /* VisitPickerView.swift in Sources */ = {isa = PBXBuildFile; fileRef = AA0200DD /* VisitPickerView.swift */; };
/* End PBXBuildFile section */

/* Begin PBXContainerItemProxy section */
		AA0A0002 /* PBXContainerItemProxy */ = {
			isa = PBXContainerItemProxy;
			containerPortal = AA0B0001 /* Project object */;
			proxyType = 1;
			remoteGlobalIDString = AA070001;
			remoteInfo = AtlasScan;
		};
/* End PBXContainerItemProxy section */

/* Begin PBXFileReference section */
		23CE8AD05D0B1BE24E960CF4 /* VisitSummaryView.swift */ = {isa = PBXFileReference; includeInIndex = 1; lastKnownFileType = sourcecode.swift; path = VisitSummaryView.swift; sourceTree = "<group>"; };
		2520D1875A6D77D1240D79CB /* VisitLiDARScreenView.swift */ = {isa = PBXFileReference; includeInIndex = 1; lastKnownFileType = sourcecode.swift; path = VisitLiDARScreenView.swift; sourceTree = "<group>"; };
		309512065EC6B651B9F71DA5 /* VisitCaptureTests.swift */ = {isa = PBXFileReference; includeInIndex = 1; lastKnownFileType = sourcecode.swift; path = VisitCaptureTests.swift; sourceTree = "<group>"; };
		3CB9F3A6E6BFEE62E2AC5687 /* VisitOverviewView.swift */ = {isa = PBXFileReference; includeInIndex = 1; lastKnownFileType = sourcecode.swift; path = VisitOverviewView.swift; sourceTree = "<group>"; };
		5B15C2CA9D30C459F6A3E752 /* VisitVoiceScreenView.swift */ = {isa = PBXFileReference; includeInIndex = 1; lastKnownFileType = sourcecode.swift; path = VisitVoiceScreenView.swift; sourceTree = "<group>"; };
		78B2218ACBBFF6CAF6E6ACFD /* VisitCaptureScreen.swift */ = {isa = PBXFileReference; includeInIndex = 1; lastKnownFileType = sourcecode.swift; path = VisitCaptureScreen.swift; sourceTree = "<group>"; };
		8E03A32FC0844A7BB2BEF1B9 /* VisitPhotosScreenView.swift */ = {isa = PBXFileReference; includeInIndex = 1; lastKnownFileType = sourcecode.swift; path = VisitPhotosScreenView.swift; sourceTree = "<group>"; };
		8FD9E4CEDEABD623B4606608 /* VisitCaptureRootView.swift */ = {isa = PBXFileReference; includeInIndex = 1; lastKnownFileType = sourcecode.swift; path = VisitCaptureRootView.swift; sourceTree = "<group>"; };
		AA020001 /* AtlasScanApp.swift */ = {isa = PBXFileReference; lastKnownFileType = sourcecode.swift; path = AtlasScanApp.swift; sourceTree = "<group>"; };
		AA020002 /* ScanSessionListView.swift */ = {isa = PBXFileReference; lastKnownFileType = sourcecode.swift; path = ScanSessionListView.swift; sourceTree = "<group>"; };
		AA020003 /* ScanJobDetailView.swift */ = {isa = PBXFileReference; lastKnownFileType = sourcecode.swift; path = ScanJobDetailView.swift; sourceTree = "<group>"; };
		AA020004 /* NewScanJobView.swift */ = {isa = PBXFileReference; lastKnownFileType = sourcecode.swift; path = NewScanJobView.swift; sourceTree = "<group>"; };
		AA020005 /* RoomCaptureContainerView.swift */ = {isa = PBXFileReference; lastKnownFileType = sourcecode.swift; path = RoomCaptureContainerView.swift; sourceTree = "<group>"; };
		AA020006 /* ScannerAdapter.swift */ = {isa = PBXFileReference; lastKnownFileType = sourcecode.swift; path = ScannerAdapter.swift; sourceTree = "<group>"; };
		AA020007 /* MockScannerAdapter.swift */ = {isa = PBXFileReference; lastKnownFileType = sourcecode.swift; path = MockScannerAdapter.swift; sourceTree = "<group>"; };
		AA020008 /* RoomReviewView.swift */ = {isa = PBXFileReference; lastKnownFileType = sourcecode.swift; path = RoomReviewView.swift; sourceTree = "<group>"; };
		AA020009 /* AddObjectSheet.swift */ = {isa = PBXFileReference; lastKnownFileType = sourcecode.swift; path = AddObjectSheet.swift; sourceTree = "<group>"; };
		AA020010 /* EditObjectSheet.swift */ = {isa = PBXFileReference; lastKnownFileType = sourcecode.swift; path = EditObjectSheet.swift; sourceTree = "<group>"; };
		AA020011 /* ExportPreviewView.swift */ = {isa = PBXFileReference; lastKnownFileType = sourcecode.swift; path = ExportPreviewView.swift; sourceTree = "<group>"; };
		AA020012 /* ScanJob.swift */ = {isa = PBXFileReference; lastKnownFileType = sourcecode.swift; path = ScanJob.swift; sourceTree = "<group>"; };
		AA020013 /* ScannedRoom.swift */ = {isa = PBXFileReference; lastKnownFileType = sourcecode.swift; path = ScannedRoom.swift; sourceTree = "<group>"; };
		AA020014 /* ScannedWall.swift */ = {isa = PBXFileReference; lastKnownFileType = sourcecode.swift; path = ScannedWall.swift; sourceTree = "<group>"; };
		AA020015 /* ScannedOpening.swift */ = {isa = PBXFileReference; lastKnownFileType = sourcecode.swift; path = ScannedOpening.swift; sourceTree = "<group>"; };
		AA020016 /* TaggedObject.swift */ = {isa = PBXFileReference; lastKnownFileType = sourcecode.swift; path = TaggedObject.swift; sourceTree = "<group>"; };
		AA020017 /* TaggedPhoto.swift */ = {isa = PBXFileReference; lastKnownFileType = sourcecode.swift; path = TaggedPhoto.swift; sourceTree = "<group>"; };
		AA020018 /* ServiceObjectCategory.swift */ = {isa = PBXFileReference; lastKnownFileType = sourcecode.swift; path = ServiceObjectCategory.swift; sourceTree = "<group>"; };
		AA020019 /* ExportDraftState.swift */ = {isa = PBXFileReference; lastKnownFileType = sourcecode.swift; path = ExportDraftState.swift; sourceTree = "<group>"; };
		AA020020 /* ScanJobStore.swift */ = {isa = PBXFileReference; lastKnownFileType = sourcecode.swift; path = ScanJobStore.swift; sourceTree = "<group>"; };
		AA020021 /* ExportBuilder.swift */ = {isa = PBXFileReference; lastKnownFileType = sourcecode.swift; path = ExportBuilder.swift; sourceTree = "<group>"; };
		AA020022 /* ScanBundleV1.swift */ = {isa = PBXFileReference; lastKnownFileType = sourcecode.swift; path = ScanBundleV1.swift; sourceTree = "<group>"; };
		AA020023 /* MockData.swift */ = {isa = PBXFileReference; lastKnownFileType = sourcecode.swift; path = MockData.swift; sourceTree = "<group>"; };
		AA020024 /* ExportBuilderTests.swift */ = {isa = PBXFileReference; lastKnownFileType = sourcecode.swift; path = ExportBuilderTests.swift; sourceTree = "<group>"; };
		AA020025 /* ModelTests.swift */ = {isa = PBXFileReference; lastKnownFileType = sourcecode.swift; path = ModelTests.swift; sourceTree = "<group>"; };
		AA020026 /* RoomPlanScannerAdapter.swift */ = {isa = PBXFileReference; lastKnownFileType = sourcecode.swift; path = RoomPlanScannerAdapter.swift; sourceTree = "<group>"; };
		AA020027 /* RoomPlanMapperTests.swift */ = {isa = PBXFileReference; lastKnownFileType = sourcecode.swift; path = RoomPlanMapperTests.swift; sourceTree = "<group>"; };
		AA020028 /* ObjectPlacement.swift */ = {isa = PBXFileReference; lastKnownFileType = sourcecode.swift; path = ObjectPlacement.swift; sourceTree = "<group>"; };
		AA020029 /* PlacementService.swift */ = {isa = PBXFileReference; lastKnownFileType = sourcecode.swift; path = PlacementService.swift; sourceTree = "<group>"; };
		AA020030 /* RoomLayoutView.swift */ = {isa = PBXFileReference; lastKnownFileType = sourcecode.swift; path = RoomLayoutView.swift; sourceTree = "<group>"; };
		AA020031 /* PlacementServiceTests.swift */ = {isa = PBXFileReference; lastKnownFileType = sourcecode.swift; path = PlacementServiceTests.swift; sourceTree = "<group>"; };
		AA020032 /* ClearanceEngine.swift */ = {isa = PBXFileReference; lastKnownFileType = sourcecode.swift; path = ClearanceEngine.swift; sourceTree = "<group>"; };
		AA020033 /* ApplianceProfiles.swift */ = {isa = PBXFileReference; lastKnownFileType = sourcecode.swift; path = ApplianceProfiles.swift; sourceTree = "<group>"; };
		AA020034 /* ClearanceEngineTests.swift */ = {isa = PBXFileReference; lastKnownFileType = sourcecode.swift; path = ClearanceEngineTests.swift; sourceTree = "<group>"; };
		AA020035 /* ApplianceProfileTests.swift */ = {isa = PBXFileReference; lastKnownFileType = sourcecode.swift; path = ApplianceProfileTests.swift; sourceTree = "<group>"; };
		AA020036 /* RoomAdjacency.swift */ = {isa = PBXFileReference; lastKnownFileType = sourcecode.swift; path = RoomAdjacency.swift; sourceTree = "<group>"; };
		AA020037 /* PropertyPlanView.swift */ = {isa = PBXFileReference; lastKnownFileType = sourcecode.swift; path = PropertyPlanView.swift; sourceTree = "<group>"; };
		AA020038 /* LinkRoomsSheet.swift */ = {isa = PBXFileReference; lastKnownFileType = sourcecode.swift; path = LinkRoomsSheet.swift; sourceTree = "<group>"; };
		AA020039 /* RoomAdjacencyTests.swift */ = {isa = PBXFileReference; lastKnownFileType = sourcecode.swift; path = RoomAdjacencyTests.swift; sourceTree = "<group>"; };
		AA020040 /* PhotoStore.swift */ = {isa = PBXFileReference; lastKnownFileType = sourcecode.swift; path = PhotoStore.swift; sourceTree = "<group>"; };
		AA020041 /* ImagePickerView.swift */ = {isa = PBXFileReference; lastKnownFileType = sourcecode.swift; path = ImagePickerView.swift; sourceTree = "<group>"; };
		AA020042 /* AddPhotoSheet.swift */ = {isa = PBXFileReference; lastKnownFileType = sourcecode.swift; path = AddPhotoSheet.swift; sourceTree = "<group>"; };
		AA020043 /* PhotoGalleryView.swift */ = {isa = PBXFileReference; lastKnownFileType = sourcecode.swift; path = PhotoGalleryView.swift; sourceTree = "<group>"; };
		AA020044 /* EvidenceTests.swift */ = {isa = PBXFileReference; lastKnownFileType = sourcecode.swift; path = EvidenceTests.swift; sourceTree = "<group>"; };
		AA020045 /* ExportPackageBuilder.swift */ = {isa = PBXFileReference; lastKnownFileType = sourcecode.swift; path = ExportPackageBuilder.swift; sourceTree = "<group>"; };
		AA020046 /* HandoffTests.swift */ = {isa = PBXFileReference; lastKnownFileType = sourcecode.swift; path = HandoffTests.swift; sourceTree = "<group>"; };
		AA020047 /* LiDARClearanceMeasurement.swift */ = {isa = PBXFileReference; lastKnownFileType = sourcecode.swift; path = LiDARClearanceMeasurement.swift; sourceTree = "<group>"; };
		AA020048 /* LiDARClearanceSession.swift */ = {isa = PBXFileReference; lastKnownFileType = sourcecode.swift; path = LiDARClearanceSession.swift; sourceTree = "<group>"; };
		AA020049 /* LiDARClearanceView.swift */ = {isa = PBXFileReference; lastKnownFileType = sourcecode.swift; path = LiDARClearanceView.swift; sourceTree = "<group>"; };
		AA020050 /* LiDARClearanceMeasurementTests.swift */ = {isa = PBXFileReference; lastKnownFileType = sourcecode.swift; path = LiDARClearanceMeasurementTests.swift; sourceTree = "<group>"; };
		AA020051 /* PropertyScanSession.swift */ = {isa = PBXFileReference; lastKnownFileType = sourcecode.swift; path = PropertyScanSession.swift; sourceTree = "<group>"; };
		AA020052 /* ScanSessionStore.swift */ = {isa = PBXFileReference; lastKnownFileType = sourcecode.swift; path = ScanSessionStore.swift; sourceTree = "<group>"; };
		AA020053 /* AtlasSync.swift */ = {isa = PBXFileReference; lastKnownFileType = sourcecode.swift; path = AtlasSync.swift; sourceTree = "<group>"; };
		AA020054 /* PropertyScanSessionTests.swift */ = {isa = PBXFileReference; lastKnownFileType = sourcecode.swift; path = PropertyScanSessionTests.swift; sourceTree = "<group>"; };
		AA020055 /* SessionCaptureViewModel.swift */ = {isa = PBXFileReference; lastKnownFileType = sourcecode.swift; path = SessionCaptureViewModel.swift; sourceTree = "<group>"; };
		AA020056 /* SessionCaptureView.swift */ = {isa = PBXFileReference; lastKnownFileType = sourcecode.swift; path = SessionCaptureView.swift; sourceTree = "<group>"; };
		AA020057 /* PropertySessionListView.swift */ = {isa = PBXFileReference; lastKnownFileType = sourcecode.swift; path = PropertySessionListView.swift; sourceTree = "<group>"; };
		AA020058 /* NewPropertySessionView.swift */ = {isa = PBXFileReference; lastKnownFileType = sourcecode.swift; path = NewPropertySessionView.swift; sourceTree = "<group>"; };
		AA020059 /* SessionCaptureViewModelTests.swift */ = {isa = PBXFileReference; lastKnownFileType = sourcecode.swift; path = SessionCaptureViewModelTests.swift; sourceTree = "<group>"; };
		AA02005A /* ClearanceOverlayView.swift */ = {isa = PBXFileReference; lastKnownFileType = sourcecode.swift; path = ClearanceOverlayView.swift; sourceTree = "<group>"; };
		AA02005B /* LiveViewTaggingViewModel.swift */ = {isa = PBXFileReference; lastKnownFileType = sourcecode.swift; path = LiveViewTaggingViewModel.swift; sourceTree = "<group>"; };
		AA02005C /* LiveViewTaggingView.swift */ = {isa = PBXFileReference; lastKnownFileType = sourcecode.swift; path = LiveViewTaggingView.swift; sourceTree = "<group>"; };
		AA02005D /* CameraFeedView.swift */ = {isa = PBXFileReference; lastKnownFileType = sourcecode.swift; path = CameraFeedView.swift; sourceTree = "<group>"; };
		AA02005E /* LiveViewTaggingViewModelTests.swift */ = {isa = PBXFileReference; lastKnownFileType = sourcecode.swift; path = LiveViewTaggingViewModelTests.swift; sourceTree = "<group>"; };
		AA02005F /* ARPlacementSession.swift */ = {isa = PBXFileReference; lastKnownFileType = sourcecode.swift; path = ARPlacementSession.swift; sourceTree = "<group>"; };
		AA020060 /* VoiceNote.swift */ = {isa = PBXFileReference; lastKnownFileType = sourcecode.swift; path = VoiceNote.swift; sourceTree = "<group>"; };
		AA020061 /* VoiceNoteStore.swift */ = {isa = PBXFileReference; lastKnownFileType = sourcecode.swift; path = VoiceNoteStore.swift; sourceTree = "<group>"; };
		AA020062 /* VoiceNoteRecorder.swift */ = {isa = PBXFileReference; lastKnownFileType = sourcecode.swift; path = VoiceNoteRecorder.swift; sourceTree = "<group>"; };
		AA020063 /* VoiceNoteRecorderSheet.swift */ = {isa = PBXFileReference; lastKnownFileType = sourcecode.swift; path = VoiceNoteRecorderSheet.swift; sourceTree = "<group>"; };
		AA020064 /* VoiceNoteTests.swift */ = {isa = PBXFileReference; lastKnownFileType = sourcecode.swift; path = VoiceNoteTests.swift; sourceTree = "<group>"; };
		AA020065 /* VoiceNotePlaybackManager.swift */ = {isa = PBXFileReference; lastKnownFileType = sourcecode.swift; path = VoiceNotePlaybackManager.swift; sourceTree = "<group>"; };
		AA020066 /* VoiceNoteRowView.swift */ = {isa = PBXFileReference; lastKnownFileType = sourcecode.swift; path = VoiceNoteRowView.swift; sourceTree = "<group>"; };
		AA020067 /* WalkthroughRoomPickerSheet.swift */ = {isa = PBXFileReference; lastKnownFileType = sourcecode.swift; path = WalkthroughRoomPickerSheet.swift; sourceTree = "<group>"; };
		AA020068 /* AtlasHandoffView.swift */ = {isa = PBXFileReference; lastKnownFileType = sourcecode.swift; path = AtlasHandoffView.swift; sourceTree = "<group>"; };
		AA020070 /* JSONInspectorView.swift */ = {isa = PBXFileReference; lastKnownFileType = sourcecode.swift; path = JSONInspectorView.swift; sourceTree = "<group>"; };
		AA020071 /* ShareSheet.swift */ = {isa = PBXFileReference; lastKnownFileType = sourcecode.swift; path = ShareSheet.swift; sourceTree = "<group>"; };
		AA020072 /* SessionCompletionView.swift */ = {isa = PBXFileReference; lastKnownFileType = sourcecode.swift; path = SessionCompletionView.swift; sourceTree = "<group>"; };
		AA020073 /* SessionCompletionTests.swift */ = {isa = PBXFileReference; lastKnownFileType = sourcecode.swift; path = SessionCompletionTests.swift; sourceTree = "<group>"; };
		AA020074 /* SessionReviewView.swift */ = {isa = PBXFileReference; lastKnownFileType = sourcecode.swift; path = SessionReviewView.swift; sourceTree = "<group>"; };
		AA020075 /* SessionArtifactInspectorView.swift */ = {isa = PBXFileReference; lastKnownFileType = sourcecode.swift; path = SessionArtifactInspectorView.swift; sourceTree = "<group>"; };
		AA020076 /* ExtractedSessionFact.swift */ = {isa = PBXFileReference; lastKnownFileType = sourcecode.swift; path = ExtractedSessionFact.swift; sourceTree = "<group>"; };
		AA020077 /* SessionKnowledgeExtractor.swift */ = {isa = PBXFileReference; lastKnownFileType = sourcecode.swift; path = SessionKnowledgeExtractor.swift; sourceTree = "<group>"; };
		AA020078 /* SessionKnowledgeSection.swift */ = {isa = PBXFileReference; lastKnownFileType = sourcecode.swift; path = SessionKnowledgeSection.swift; sourceTree = "<group>"; };
		AA020079 /* VoiceNoteCategoryPicker.swift */ = {isa = PBXFileReference; lastKnownFileType = sourcecode.swift; path = VoiceNoteCategoryPicker.swift; sourceTree = "<group>"; };
		AA02007A /* SessionFactReviewView.swift */ = {isa = PBXFileReference; lastKnownFileType = sourcecode.swift; path = SessionFactReviewView.swift; sourceTree = "<group>"; };
		AA02007B /* SessionKnowledgeExtractorTests.swift */ = {isa = PBXFileReference; lastKnownFileType = sourcecode.swift; path = SessionKnowledgeExtractorTests.swift; sourceTree = "<group>"; };
		AA02007C /* SessionKnowledgeSummaryTests.swift */ = {isa = PBXFileReference; lastKnownFileType = sourcecode.swift; path = SessionKnowledgeSummaryTests.swift; sourceTree = "<group>"; };
		AA020080 /* RoomScanEvidence.swift */ = {isa = PBXFileReference; lastKnownFileType = sourcecode.swift; path = RoomScanEvidence.swift; sourceTree = "<group>"; };
		AA020081 /* ExternalClearanceScene.swift */ = {isa = PBXFileReference; lastKnownFileType = sourcecode.swift; path = ExternalClearanceScene.swift; sourceTree = "<group>"; };
		AA020082 /* InstallMarkup.swift */ = {isa = PBXFileReference; lastKnownFileType = sourcecode.swift; path = InstallMarkup.swift; sourceTree = "<group>"; };
		AA020083 /* RoomScanEvidenceBuilder.swift */ = {isa = PBXFileReference; lastKnownFileType = sourcecode.swift; path = RoomScanEvidenceBuilder.swift; sourceTree = "<group>"; };
		AA020084 /* ExternalFlueCaptureSession.swift */ = {isa = PBXFileReference; lastKnownFileType = sourcecode.swift; path = ExternalFlueCaptureSession.swift; sourceTree = "<group>"; };
		AA020085 /* ExternalFlueCaptureView.swift */ = {isa = PBXFileReference; lastKnownFileType = sourcecode.swift; path = ExternalFlueCaptureView.swift; sourceTree = "<group>"; };
		AA020086 /* FlueClearanceSceneCard.swift */ = {isa = PBXFileReference; lastKnownFileType = sourcecode.swift; path = FlueClearanceSceneCard.swift; sourceTree = "<group>"; };
		AA020087 /* InstallMarkupViewModel.swift */ = {isa = PBXFileReference; lastKnownFileType = sourcecode.swift; path = InstallMarkupViewModel.swift; sourceTree = "<group>"; };
		AA020088 /* InstallMarkupOverlayView.swift */ = {isa = PBXFileReference; lastKnownFileType = sourcecode.swift; path = InstallMarkupOverlayView.swift; sourceTree = "<group>"; };
		AA020089 /* Assets.xcassets */ = {isa = PBXFileReference; lastKnownFileType = folder.assetcatalog; path = Assets.xcassets; sourceTree = "<group>"; };
		AA02008A /* SpatialAlignmentEngine.swift */ = {isa = PBXFileReference; lastKnownFileType = sourcecode.swift; path = SpatialAlignmentEngine.swift; sourceTree = "<group>"; };
		AA02008B /* SpatialAlignmentSelectors.swift */ = {isa = PBXFileReference; lastKnownFileType = sourcecode.swift; path = SpatialAlignmentSelectors.swift; sourceTree = "<group>"; };
		AA02008C /* AlignmentViewPanel.swift */ = {isa = PBXFileReference; lastKnownFileType = sourcecode.swift; path = AlignmentViewPanel.swift; sourceTree = "<group>"; };
		AA02008D /* SpatialAlignmentTests.swift */ = {isa = PBXFileReference; lastKnownFileType = sourcecode.swift; path = SpatialAlignmentTests.swift; sourceTree = "<group>"; };
		AA030001 /* AtlasScan.app */ = {isa = PBXFileReference; explicitFileType = wrapper.application; includeInIndex = 0; path = AtlasScan.app; sourceTree = BUILT_PRODUCTS_DIR; };
		AA030002 /* AtlasScanTests.xctest */ = {isa = PBXFileReference; explicitFileType = wrapper.cfbundle; includeInIndex = 0; path = AtlasScanTests.xctest; sourceTree = BUILT_PRODUCTS_DIR; };
		AA030003 /* Info.plist */ = {isa = PBXFileReference; lastKnownFileType = text.plist.xml; path = Info.plist; sourceTree = "<group>"; };
		B0E93C0F260CC9673B779E4E /* VisitSessionValidator.swift */ = {isa = PBXFileReference; includeInIndex = 1; lastKnownFileType = sourcecode.swift; path = VisitSessionValidator.swift; sourceTree = "<group>"; };
		B0F64E4E6D0C919B8E475B11 /* VisitSessionMapper.swift */ = {isa = PBXFileReference; includeInIndex = 1; lastKnownFileType = sourcecode.swift; path = VisitSessionMapper.swift; sourceTree = "<group>"; };
		C2FB58BDA2CD7911EDEABCDB /* VisitCaptureViewModel.swift */ = {isa = PBXFileReference; includeInIndex = 1; lastKnownFileType = sourcecode.swift; path = VisitCaptureViewModel.swift; sourceTree = "<group>"; };
		C3AAA60F78EE6D22240DC1EC /* VisitObjectsScreenView.swift */ = {isa = PBXFileReference; includeInIndex = 1; lastKnownFileType = sourcecode.swift; path = VisitObjectsScreenView.swift; sourceTree = "<group>"; };
		C7C38A3A7E6C8BF6AC39FB1E /* VisitCaptureStore.swift */ = {isa = PBXFileReference; includeInIndex = 1; lastKnownFileType = sourcecode.swift; path = VisitCaptureStore.swift; sourceTree = "<group>"; };
		EA48EE6CEA44A6177DC24902 /* VisitCaptureCoordinator.swift */ = {isa = PBXFileReference; includeInIndex = 1; lastKnownFileType = sourcecode.swift; path = VisitCaptureCoordinator.swift; sourceTree = "<group>"; };
		AA0200A1 /* FieldVisitShellView.swift */ = {isa = PBXFileReference; lastKnownFileType = sourcecode.swift; path = FieldVisitShellView.swift; sourceTree = "<group>"; };
		AA0200A2 /* FieldVisitStore.swift */ = {isa = PBXFileReference; lastKnownFileType = sourcecode.swift; path = FieldVisitStore.swift; sourceTree = "<group>"; };
		AA0200A3 /* FieldCaptureView.swift */ = {isa = PBXFileReference; lastKnownFileType = sourcecode.swift; path = FieldCaptureView.swift; sourceTree = "<group>"; };
		AA0200A4 /* FieldPlanView.swift */ = {isa = PBXFileReference; lastKnownFileType = sourcecode.swift; path = FieldPlanView.swift; sourceTree = "<group>"; };
		AA0200A5 /* FieldReviewView.swift */ = {isa = PBXFileReference; lastKnownFileType = sourcecode.swift; path = FieldReviewView.swift; sourceTree = "<group>"; };
		AA0200A6 /* FieldCompleteView.swift */ = {isa = PBXFileReference; lastKnownFileType = sourcecode.swift; path = FieldCompleteView.swift; sourceTree = "<group>"; };
		AA0200A7 /* PlanningAnnotation.swift */ = {isa = PBXFileReference; lastKnownFileType = sourcecode.swift; path = PlanningAnnotation.swift; sourceTree = "<group>"; };
		AA0200A8 /* FieldVisitStoreTests.swift */ = {isa = PBXFileReference; lastKnownFileType = sourcecode.swift; path = FieldVisitStoreTests.swift; sourceTree = "<group>"; };
		AA0200B0 /* VisitCompletionValidatorTests.swift */ = {isa = PBXFileReference; lastKnownFileType = sourcecode.swift; path = VisitCompletionValidatorTests.swift; sourceTree = "<group>"; };
		AA0200B1 /* VisitNotesConsolidator.swift */ = {isa = PBXFileReference; lastKnownFileType = sourcecode.swift; path = VisitNotesConsolidator.swift; sourceTree = "<group>"; };
		AA0200B2 /* VoiceNoteTranscriptionService.swift */ = {isa = PBXFileReference; lastKnownFileType = sourcecode.swift; path = VoiceNoteTranscriptionService.swift; sourceTree = "<group>"; };
		AA0200B3 /* VisitNotesConsolidatorTests.swift */ = {isa = PBXFileReference; lastKnownFileType = sourcecode.swift; path = VisitNotesConsolidatorTests.swift; sourceTree = "<group>"; };
		AA0200C1 /* CaptureAppRootView.swift */ = {isa = PBXFileReference; lastKnownFileType = sourcecode.swift; path = CaptureAppRootView.swift; sourceTree = "<group>"; };
		AA0200C2 /* VisitCompletionReviewView.swift */ = {isa = PBXFileReference; lastKnownFileType = sourcecode.swift; path = VisitCompletionReviewView.swift; sourceTree = "<group>"; };
		AA0200C3 /* RoomContextList.swift */ = {isa = PBXFileReference; lastKnownFileType = sourcecode.swift; path = RoomContextList.swift; sourceTree = "<group>"; };
		AA0200C4 /* VisitHandoffPack.swift */ = {isa = PBXFileReference; lastKnownFileType = sourcecode.swift; path = VisitHandoffPack.swift; sourceTree = "<group>"; };
		AA0200C5 /* VisitHandoffPackBuilder.swift */ = {isa = PBXFileReference; lastKnownFileType = sourcecode.swift; path = VisitHandoffPackBuilder.swift; sourceTree = "<group>"; };
		AA0200C6 /* CaptureHubView.swift */ = {isa = PBXFileReference; lastKnownFileType = sourcecode.swift; path = CaptureHubView.swift; sourceTree = "<group>"; };
		AA0200C7 /* CaptureHubSectionCard.swift */ = {isa = PBXFileReference; lastKnownFileType = sourcecode.swift; path = CaptureHubSectionCard.swift; sourceTree = "<group>"; };
		AA0200C8 /* CaptureSessionStore.swift */ = {isa = PBXFileReference; lastKnownFileType = sourcecode.swift; path = CaptureSessionStore.swift; sourceTree = "<group>"; };
		AA0200C9 /* CaptureSessionModels.swift */ = {isa = PBXFileReference; lastKnownFileType = sourcecode.swift; path = CaptureSessionModels.swift; sourceTree = "<group>"; };
		AA0200CA /* CaptureSessionPersistence.swift */ = {isa = PBXFileReference; lastKnownFileType = sourcecode.swift; path = CaptureSessionPersistence.swift; sourceTree = "<group>"; };
		AA0200CB /* CaptureSessionExporter.swift */ = {isa = PBXFileReference; lastKnownFileType = sourcecode.swift; path = CaptureSessionExporter.swift; sourceTree = "<group>"; };
		AA0200CC /* StartJobView.swift */ = {isa = PBXFileReference; lastKnownFileType = sourcecode.swift; path = StartJobView.swift; sourceTree = "<group>"; };
		AA0200CD /* ObjectPinListView.swift */ = {isa = PBXFileReference; lastKnownFileType = sourcecode.swift; path = ObjectPinListView.swift; sourceTree = "<group>"; };
		AA0200CE /* ObjectPinPlacementView.swift */ = {isa = PBXFileReference; lastKnownFileType = sourcecode.swift; path = ObjectPinPlacementView.swift; sourceTree = "<group>"; };
		AA0200CF /* PhotoListView.swift */ = {isa = PBXFileReference; lastKnownFileType = sourcecode.swift; path = PhotoListView.swift; sourceTree = "<group>"; };
		AA0200D0 /* PhotoCaptureView.swift */ = {isa = PBXFileReference; lastKnownFileType = sourcecode.swift; path = PhotoCaptureView.swift; sourceTree = "<group>"; };
		AA0200D1 /* ReviewExportView.swift */ = {isa = PBXFileReference; lastKnownFileType = sourcecode.swift; path = ReviewExportView.swift; sourceTree = "<group>"; };
		AA0200D2 /* RoomScanListView.swift */ = {isa = PBXFileReference; lastKnownFileType = sourcecode.swift; path = RoomScanListView.swift; sourceTree = "<group>"; };
		AA0200D3 /* RoomScanCaptureView.swift */ = {isa = PBXFileReference; lastKnownFileType = sourcecode.swift; path = RoomScanCaptureView.swift; sourceTree = "<group>"; };
		AA0200D4 /* VoiceNotesView.swift */ = {isa = PBXFileReference; lastKnownFileType = sourcecode.swift; path = VoiceNotesView.swift; sourceTree = "<group>"; };
		AA0200D5 /* VoiceNoteRecorderViewModel.swift */ = {isa = PBXFileReference; lastKnownFileType = sourcecode.swift; path = VoiceNoteRecorderViewModel.swift; sourceTree = "<group>"; };
		AA0200D6 /* LiveCaptureView.swift */ = {isa = PBXFileReference; lastKnownFileType = sourcecode.swift; path = LiveCaptureView.swift; sourceTree = "<group>"; };
		AA0200D7 /* FloorPlanEditorView.swift */ = {isa = PBXFileReference; lastKnownFileType = sourcecode.swift; path = FloorPlanEditorView.swift; sourceTree = "<group>"; };
		AA0200D8 /* ReviewVisitView.swift */ = {isa = PBXFileReference; lastKnownFileType = sourcecode.swift; path = ReviewVisitView.swift; sourceTree = "<group>"; };
		AA0200D9 /* AtlasKeychainStore.swift */ = {isa = PBXFileReference; lastKnownFileType = sourcecode.swift; path = AtlasKeychainStore.swift; sourceTree = "<group>"; };
		AA0200DA /* AtlasRecommendationsSync.swift */ = {isa = PBXFileReference; lastKnownFileType = sourcecode.swift; path = AtlasRecommendationsSync.swift; sourceTree = "<group>"; };
		AA0200DB /* AtlasRecommendationsWebView.swift */ = {isa = PBXFileReference; lastKnownFileType = sourcecode.swift; path = AtlasRecommendationsWebView.swift; sourceTree = "<group>"; };
		AA0200DC /* WelcomeView.swift */ = {isa = PBXFileReference; lastKnownFileType = sourcecode.swift; path = WelcomeView.swift; sourceTree = "<group>"; };
		AA0200DD /* VisitPickerView.swift */ = {isa = PBXFileReference; lastKnownFileType = sourcecode.swift; path = VisitPickerView.swift; sourceTree = "<group>"; };
/* End PBXFileReference section */

/* Begin PBXFrameworksBuildPhase section */
		AA040001 /* Frameworks */ = {
			isa = PBXFrameworksBuildPhase;
			buildActionMask = 2147483647;
			files = (
				AAPKG003 /* AtlasContracts in Frameworks */,
			);
			runOnlyForDeploymentPostprocessing = 0;
		};
		AA040002 /* Frameworks */ = {
			isa = PBXFrameworksBuildPhase;
			buildActionMask = 2147483647;
			files = (
				AAPKG005 /* AtlasContracts in Frameworks */,
			);
			runOnlyForDeploymentPostprocessing = 0;
		};
/* End PBXFrameworksBuildPhase section */

/* Begin PBXGroup section */
		30C58AB3CF4CE0B9BEBAFBFF /* VisitCapture */ = {
			isa = PBXGroup;
			children = (
				78B2218ACBBFF6CAF6E6ACFD /* VisitCaptureScreen.swift */,
				C7C38A3A7E6C8BF6AC39FB1E /* VisitCaptureStore.swift */,
				C2FB58BDA2CD7911EDEABCDB /* VisitCaptureViewModel.swift */,
				EA48EE6CEA44A6177DC24902 /* VisitCaptureCoordinator.swift */,
				8FD9E4CEDEABD623B4606608 /* VisitCaptureRootView.swift */,
				B0E93C0F260CC9673B779E4E /* VisitSessionValidator.swift */,
				3CB9F3A6E6BFEE62E2AC5687 /* VisitOverviewView.swift */,
				2520D1875A6D77D1240D79CB /* VisitLiDARScreenView.swift */,
				8E03A32FC0844A7BB2BEF1B9 /* VisitPhotosScreenView.swift */,
				5B15C2CA9D30C459F6A3E752 /* VisitVoiceScreenView.swift */,
				C3AAA60F78EE6D22240DC1EC /* VisitObjectsScreenView.swift */,
				23CE8AD05D0B1BE24E960CF4 /* VisitSummaryView.swift */,
			);
			name = VisitCapture;
			path = VisitCapture;
			sourceTree = "<group>";
		};
		AA050001 /* AtlasScan */ = {
			isa = PBXGroup;
			children = (
				AA050002 /* App */,
				AA050003 /* Features */,
				AA050004 /* Models */,
				AA050005 /* Services */,
				AA050006 /* Contracts */,
				AA050007 /* DevFixtures */,
				AA050008 /* Resources */,
			);
			path = AtlasScan;
			sourceTree = "<group>";
		};
		AA050002 /* App */ = {
			isa = PBXGroup;
			children = (
				AA020001 /* AtlasScanApp.swift */,
				AA0200C1 /* CaptureAppRootView.swift */,
			);
			path = App;
			sourceTree = "<group>";
		};
		AA050026 /* FieldVisit */ = {
			isa = PBXGroup;
			children = (
				AA0200A1 /* FieldVisitShellView.swift */,
				AA0200A2 /* FieldVisitStore.swift */,
				AA0200A3 /* FieldCaptureView.swift */,
				AA0200A4 /* FieldPlanView.swift */,
				AA0200A5 /* FieldReviewView.swift */,
				AA0200A6 /* FieldCompleteView.swift */,
				AA0200B1 /* VisitNotesConsolidator.swift */,
				AA0200C2 /* VisitCompletionReviewView.swift */,
				AA0200C3 /* RoomContextList.swift */,
				AA0200C4 /* VisitHandoffPack.swift */,
				AA0200C5 /* VisitHandoffPackBuilder.swift */,
			);
			path = FieldVisit;
			sourceTree = "<group>";
		};
		AA050003 /* Features */ = {
			isa = PBXGroup;
			children = (
				AA050010 /* ScanSession */,
				AA050011 /* RoomCapture */,
				AA050012 /* RoomReview */,
				AA050013 /* ObjectTagging */,
				AA050014 /* Export */,
				AA050015 /* PropertyPlan */,
				AA050016 /* Evidence */,
				AA050017 /* LiDARClearance */,
				AA050018 /* SessionCapture */,
				AA050019 /* LiveTagging */,
				AA050023 /* SessionReview */,
				AA050024 /* FlueClearance */,
				AA050025 /* Markup */,
				AA05002A /* SpatialAlignment */,
				30C58AB3CF4CE0B9BEBAFBFF /* VisitCapture */,
				AA050026 /* FieldVisit */,
				AA05002B /* CaptureHub */,
				AA05002C /* CaptureSession */,
				AA05002D /* StartJob */,
				AA05002E /* ObjectPins */,
				AA05002F /* Photos */,
				AA050030 /* ReviewExport */,
				AA050031 /* RoomScans */,
				AA050032 /* VoiceNotes */,
				AA050033 /* LiveCapture */,
				AA050034 /* FloorPlanEditor */,
				AA050035 /* ReviewVisit */,
				AA050037 /* Welcome */,
				AA050038 /* VisitPicker */,
			);
			path = Features;
			sourceTree = "<group>";
		};
		AA050004 /* Models */ = {
			isa = PBXGroup;
			children = (
				AA020012 /* ScanJob.swift */,
				AA020013 /* ScannedRoom.swift */,
				AA020014 /* ScannedWall.swift */,
				AA020015 /* ScannedOpening.swift */,
				AA020016 /* TaggedObject.swift */,
				AA020017 /* TaggedPhoto.swift */,
				AA020060 /* VoiceNote.swift */,
				AA020076 /* ExtractedSessionFact.swift */,
				AA020080 /* RoomScanEvidence.swift */,
				AA020081 /* ExternalClearanceScene.swift */,
				AA020082 /* InstallMarkup.swift */,
				AA020018 /* ServiceObjectCategory.swift */,
				AA020019 /* ExportDraftState.swift */,
				AA020028 /* ObjectPlacement.swift */,
				AA020036 /* RoomAdjacency.swift */,
				AA020051 /* PropertyScanSession.swift */,
				AA0200A7 /* PlanningAnnotation.swift */,
			);
			path = Models;
			sourceTree = "<group>";
		};
		AA050005 /* Services */ = {
			isa = PBXGroup;
			children = (
				AA020020 /* ScanJobStore.swift */,
				AA020021 /* ExportBuilder.swift */,
				AA020029 /* PlacementService.swift */,
				AA020032 /* ClearanceEngine.swift */,
				AA020033 /* ApplianceProfiles.swift */,
				AA020040 /* PhotoStore.swift */,
				AA020061 /* VoiceNoteStore.swift */,
				AA020062 /* VoiceNoteRecorder.swift */,
				AA020065 /* VoiceNotePlaybackManager.swift */,
				AA020077 /* SessionKnowledgeExtractor.swift */,
				AA020083 /* RoomScanEvidenceBuilder.swift */,
				AA020045 /* ExportPackageBuilder.swift */,
				AA020052 /* ScanSessionStore.swift */,
				AA020053 /* AtlasSync.swift */,
				B0F64E4E6D0C919B8E475B11 /* VisitSessionMapper.swift */,
				AA0200B2 /* VoiceNoteTranscriptionService.swift */,
				AA050036 /* AtlasRecommendations */,
			);
			path = Services;
			sourceTree = "<group>";
		};
		AA050006 /* Contracts */ = {
			isa = PBXGroup;
			children = (
				AA020022 /* ScanBundleV1.swift */,
			);
			path = Contracts;
			sourceTree = "<group>";
		};
		AA050007 /* DevFixtures */ = {
			isa = PBXGroup;
			children = (
				AA020023 /* MockData.swift */,
			);
			path = DevFixtures;
			sourceTree = "<group>";
		};
		AA050008 /* Resources */ = {
			isa = PBXGroup;
			children = (
				AA030003 /* Info.plist */,
				AA020089 /* Assets.xcassets */,
			);
			path = Resources;
			sourceTree = "<group>";
		};
		AA050010 /* ScanSession */ = {
			isa = PBXGroup;
			children = (
				AA020002 /* ScanSessionListView.swift */,
				AA020003 /* ScanJobDetailView.swift */,
				AA020004 /* NewScanJobView.swift */,
			);
			path = ScanSession;
			sourceTree = "<group>";
		};
		AA050011 /* RoomCapture */ = {
			isa = PBXGroup;
			children = (
				AA020005 /* RoomCaptureContainerView.swift */,
				AA020006 /* ScannerAdapter.swift */,
				AA020007 /* MockScannerAdapter.swift */,
				AA020026 /* RoomPlanScannerAdapter.swift */,
			);
			path = RoomCapture;
			sourceTree = "<group>";
		};
		AA050012 /* RoomReview */ = {
			isa = PBXGroup;
			children = (
				AA020008 /* RoomReviewView.swift */,
				AA020030 /* RoomLayoutView.swift */,
			);
			path = RoomReview;
			sourceTree = "<group>";
		};
		AA050013 /* ObjectTagging */ = {
			isa = PBXGroup;
			children = (
				AA020009 /* AddObjectSheet.swift */,
				AA020010 /* EditObjectSheet.swift */,
			);
			path = ObjectTagging;
			sourceTree = "<group>";
		};
		AA050014 /* Export */ = {
			isa = PBXGroup;
			children = (
				AA020011 /* ExportPreviewView.swift */,
				AA020068 /* AtlasHandoffView.swift */,
				AA020070 /* JSONInspectorView.swift */,
				AA020071 /* ShareSheet.swift */,
				AA020072 /* SessionCompletionView.swift */,
			);
			path = Export;
			sourceTree = "<group>";
		};
		AA050015 /* PropertyPlan */ = {
			isa = PBXGroup;
			children = (
				AA020037 /* PropertyPlanView.swift */,
				AA020038 /* LinkRoomsSheet.swift */,
			);
			path = PropertyPlan;
			sourceTree = "<group>";
		};
		AA050016 /* Evidence */ = {
			isa = PBXGroup;
			children = (
				AA020041 /* ImagePickerView.swift */,
				AA020042 /* AddPhotoSheet.swift */,
				AA020043 /* PhotoGalleryView.swift */,
				AA020063 /* VoiceNoteRecorderSheet.swift */,
				AA020066 /* VoiceNoteRowView.swift */,
				AA020079 /* VoiceNoteCategoryPicker.swift */,
			);
			path = Evidence;
			sourceTree = "<group>";
		};
		AA050017 /* LiDARClearance */ = {
			isa = PBXGroup;
			children = (
				AA020047 /* LiDARClearanceMeasurement.swift */,
				AA020048 /* LiDARClearanceSession.swift */,
				AA020049 /* LiDARClearanceView.swift */,
			);
			path = LiDARClearance;
			sourceTree = "<group>";
		};
		AA050018 /* SessionCapture */ = {
			isa = PBXGroup;
			children = (
				AA020055 /* SessionCaptureViewModel.swift */,
				AA020056 /* SessionCaptureView.swift */,
				AA020057 /* PropertySessionListView.swift */,
				AA020058 /* NewPropertySessionView.swift */,
				AA02005A /* ClearanceOverlayView.swift */,
			);
			path = SessionCapture;
			sourceTree = "<group>";
		};
		AA050019 /* LiveTagging */ = {
			isa = PBXGroup;
			children = (
				AA02005B /* LiveViewTaggingViewModel.swift */,
				AA02005C /* LiveViewTaggingView.swift */,
				AA02005D /* CameraFeedView.swift */,
				AA02005F /* ARPlacementSession.swift */,
				AA020067 /* WalkthroughRoomPickerSheet.swift */,
			);
			path = LiveTagging;
			sourceTree = "<group>";
		};
		AA050023 /* SessionReview */ = {
			isa = PBXGroup;
			children = (
				AA020074 /* SessionReviewView.swift */,
				AA020075 /* SessionArtifactInspectorView.swift */,
				AA020078 /* SessionKnowledgeSection.swift */,
				AA02007A /* SessionFactReviewView.swift */,
			);
			path = SessionReview;
			sourceTree = "<group>";
		};
		AA050024 /* FlueClearance */ = {
			isa = PBXGroup;
			children = (
				AA020084 /* ExternalFlueCaptureSession.swift */,
				AA020085 /* ExternalFlueCaptureView.swift */,
				AA020086 /* FlueClearanceSceneCard.swift */,
			);
			path = FlueClearance;
			sourceTree = "<group>";
		};
		AA050025 /* Markup */ = {
			isa = PBXGroup;
			children = (
				AA020087 /* InstallMarkupViewModel.swift */,
				AA020088 /* InstallMarkupOverlayView.swift */,
			);
			path = Markup;
			sourceTree = "<group>";
		};
		AA05002A /* SpatialAlignment */ = {
			isa = PBXGroup;
			children = (
				AA02008A /* SpatialAlignmentEngine.swift */,
				AA02008B /* SpatialAlignmentSelectors.swift */,
				AA02008C /* AlignmentViewPanel.swift */,
			);
			path = SpatialAlignment;
			sourceTree = "<group>";
		};
		AA05002B /* CaptureHub */ = {
			isa = PBXGroup;
			children = (
				AA0200C6 /* CaptureHubView.swift */,
				AA0200C7 /* CaptureHubSectionCard.swift */,
			);
			path = CaptureHub;
			sourceTree = "<group>";
		};
		AA05002C /* CaptureSession */ = {
			isa = PBXGroup;
			children = (
				AA0200C8 /* CaptureSessionStore.swift */,
				AA0200C9 /* CaptureSessionModels.swift */,
				AA0200CA /* CaptureSessionPersistence.swift */,
				AA0200CB /* CaptureSessionExporter.swift */,
			);
			path = CaptureSession;
			sourceTree = "<group>";
		};
		AA05002D /* StartJob */ = {
			isa = PBXGroup;
			children = (
				AA0200CC /* StartJobView.swift */,
			);
			path = StartJob;
			sourceTree = "<group>";
		};
		AA05002E /* ObjectPins */ = {
			isa = PBXGroup;
			children = (
				AA0200CD /* ObjectPinListView.swift */,
				AA0200CE /* ObjectPinPlacementView.swift */,
			);
			path = ObjectPins;
			sourceTree = "<group>";
		};
		AA05002F /* Photos */ = {
			isa = PBXGroup;
			children = (
				AA0200CF /* PhotoListView.swift */,
				AA0200D0 /* PhotoCaptureView.swift */,
			);
			path = Photos;
			sourceTree = "<group>";
		};
		AA050030 /* ReviewExport */ = {
			isa = PBXGroup;
			children = (
				AA0200D1 /* ReviewExportView.swift */,
			);
			path = ReviewExport;
			sourceTree = "<group>";
		};
		AA050031 /* RoomScans */ = {
			isa = PBXGroup;
			children = (
				AA0200D2 /* RoomScanListView.swift */,
				AA0200D3 /* RoomScanCaptureView.swift */,
			);
			path = RoomScans;
			sourceTree = "<group>";
		};
		AA050032 /* VoiceNotes */ = {
			isa = PBXGroup;
			children = (
				AA0200D4 /* VoiceNotesView.swift */,
				AA0200D5 /* VoiceNoteRecorderViewModel.swift */,
			);
			path = VoiceNotes;
			sourceTree = "<group>";
		};
		AA050033 /* LiveCapture */ = {
			isa = PBXGroup;
			children = (
				AA0200D6 /* LiveCaptureView.swift */,
			);
			path = LiveCapture;
			sourceTree = "<group>";
		};
		AA050034 /* FloorPlanEditor */ = {
			isa = PBXGroup;
			children = (
				AA0200D7 /* FloorPlanEditorView.swift */,
			);
			path = FloorPlanEditor;
			sourceTree = "<group>";
		};
		AA050035 /* ReviewVisit */ = {
			isa = PBXGroup;
			children = (
				AA0200D8 /* ReviewVisitView.swift */,
			);
			path = ReviewVisit;
			sourceTree = "<group>";
		};
		AA050036 /* AtlasRecommendations */ = {
			isa = PBXGroup;
			children = (
				AA0200D9 /* AtlasKeychainStore.swift */,
				AA0200DA /* AtlasRecommendationsSync.swift */,
				AA0200DB /* AtlasRecommendationsWebView.swift */,
			);
			path = AtlasRecommendations;
			sourceTree = "<group>";
		};
		AA050037 /* Welcome */ = {
			isa = PBXGroup;
			children = (
				AA0200DC /* WelcomeView.swift */,
			);
			path = Welcome;
			sourceTree = "<group>";
		};
		AA050038 /* VisitPicker */ = {
			isa = PBXGroup;
			children = (
				AA0200DD /* VisitPickerView.swift */,
			);
			path = VisitPicker;
			sourceTree = "<group>";
		};
		AA060000 = {
			isa = PBXGroup;
			children = (
				AA050001 /* AtlasScan */,
				AA060001 /* AtlasScanTests */,
				AA060002 /* Products */,
			);
			sourceTree = "<group>";
		};
		AA060001 /* AtlasScanTests */ = {
			isa = PBXGroup;
			children = (
				AA020024 /* ExportBuilderTests.swift */,
				AA020025 /* ModelTests.swift */,
				AA020027 /* RoomPlanMapperTests.swift */,
				AA020031 /* PlacementServiceTests.swift */,
				AA020034 /* ClearanceEngineTests.swift */,
				AA020035 /* ApplianceProfileTests.swift */,
				AA020039 /* RoomAdjacencyTests.swift */,
				AA020044 /* EvidenceTests.swift */,
				AA020046 /* HandoffTests.swift */,
				AA020050 /* LiDARClearanceMeasurementTests.swift */,
				AA020054 /* PropertyScanSessionTests.swift */,
				AA020059 /* SessionCaptureViewModelTests.swift */,
				AA02005E /* LiveViewTaggingViewModelTests.swift */,
				AA020064 /* VoiceNoteTests.swift */,
				AA020073 /* SessionCompletionTests.swift */,
				AA02007B /* SessionKnowledgeExtractorTests.swift */,
				AA02007C /* SessionKnowledgeSummaryTests.swift */,
				309512065EC6B651B9F71DA5 /* VisitCaptureTests.swift */,
				AA02008D /* SpatialAlignmentTests.swift */,
				AA0200A8 /* FieldVisitStoreTests.swift */,
				AA0200B0 /* VisitCompletionValidatorTests.swift */,
				AA0200B3 /* VisitNotesConsolidatorTests.swift */,
			);
			path = AtlasScanTests;
			sourceTree = "<group>";
		};
		AA060002 /* Products */ = {
			isa = PBXGroup;
			children = (
				AA030001 /* AtlasScan.app */,
				AA030002 /* AtlasScanTests.xctest */,
			);
			name = Products;
			sourceTree = "<group>";
		};
/* End PBXGroup section */

/* Begin PBXNativeTarget section */
		AA070001 /* AtlasScan */ = {
			isa = PBXNativeTarget;
			buildConfigurationList = AA090001 /* Build configuration list for PBXNativeTarget "AtlasScan" */;
			buildPhases = (
				AA080001 /* Sources */,
				AA040001 /* Frameworks */,
				AA080003 /* Resources */,
			);
			buildRules = (
			);
			dependencies = (
			);
			name = AtlasScan;
			packageProductDependencies = (
				AAPKG002 /* AtlasContracts */,
			);
			productName = AtlasScan;
			productReference = AA030001 /* AtlasScan.app */;
			productType = "com.apple.product-type.application";
		};
		AA070002 /* AtlasScanTests */ = {
			isa = PBXNativeTarget;
			buildConfigurationList = AA090002 /* Build configuration list for PBXNativeTarget "AtlasScanTests" */;
			buildPhases = (
				AA080002 /* Sources */,
				AA040002 /* Frameworks */,
			);
			buildRules = (
			);
			dependencies = (
				AA0A0001 /* PBXTargetDependency */,
			);
			name = AtlasScanTests;
			packageProductDependencies = (
				AAPKG004 /* AtlasContracts */,
			);
			productName = AtlasScanTests;
			productReference = AA030002 /* AtlasScanTests.xctest */;
			productType = "com.apple.product-type.bundle.unit-test";
		};
/* End PBXNativeTarget section */

/* Begin PBXProject section */
		AA0B0001 /* Project object */ = {
			isa = PBXProject;
			attributes = {
				BuildIndependentTargetsInParallel = 1;
				LastSwiftUpdateCheck = 1500;
				LastUpgradeCheck = 1500;
				TargetAttributes = {
					AA070001 = {
						CreatedOnToolsVersion = 15.0;
					};
					AA070002 = {
						CreatedOnToolsVersion = 15.0;
						TestTargetID = AA070001;
					};
				};
			};
			buildConfigurationList = AA090003 /* Build configuration list for PBXProject "AtlasScan" */;
			compatibilityVersion = "Xcode 14.0";
			developmentRegion = en;
			hasScannedForEncodings = 0;
			knownRegions = (
				en,
				Base,
			);
			mainGroup = AA060000;
			packageReferences = (
				AAPKG001 /* XCLocalSwiftPackageReference "AtlasContracts" */,
			);
			productRefGroup = AA060002 /* Products */;
			projectDirPath = "";
			projectRoot = "";
			targets = (
				AA070001 /* AtlasScan */,
				AA070002 /* AtlasScanTests */,
			);
		};
/* End PBXProject section */

/* Begin PBXResourcesBuildPhase section */
		AA080003 /* Resources */ = {
			isa = PBXResourcesBuildPhase;
			buildActionMask = 2147483647;
			files = (
				AA010089 /* Assets.xcassets in Resources */,
			);
			runOnlyForDeploymentPostprocessing = 0;
		};
/* End PBXResourcesBuildPhase section */

/* Begin PBXSourcesBuildPhase section */
		AA080001 /* Sources */ = {
			isa = PBXSourcesBuildPhase;
			buildActionMask = 2147483647;
			files = (
				AA010001 /* AtlasScanApp.swift in Sources */,
				AA010002 /* ScanSessionListView.swift in Sources */,
				AA010003 /* ScanJobDetailView.swift in Sources */,
				AA010004 /* NewScanJobView.swift in Sources */,
				AA010005 /* RoomCaptureContainerView.swift in Sources */,
				AA010006 /* ScannerAdapter.swift in Sources */,
				AA010007 /* MockScannerAdapter.swift in Sources */,
				AA010008 /* RoomReviewView.swift in Sources */,
				AA010009 /* AddObjectSheet.swift in Sources */,
				AA010010 /* EditObjectSheet.swift in Sources */,
				AA010011 /* ExportPreviewView.swift in Sources */,
				AA010012 /* ScanJob.swift in Sources */,
				AA010013 /* ScannedRoom.swift in Sources */,
				AA010014 /* ScannedWall.swift in Sources */,
				AA010015 /* ScannedOpening.swift in Sources */,
				AA010016 /* TaggedObject.swift in Sources */,
				AA010017 /* TaggedPhoto.swift in Sources */,
				AA010018 /* ServiceObjectCategory.swift in Sources */,
				AA010019 /* ExportDraftState.swift in Sources */,
				AA010020 /* ScanJobStore.swift in Sources */,
				AA010021 /* ExportBuilder.swift in Sources */,
				AA010022 /* ScanBundleV1.swift in Sources */,
				AA010023 /* MockData.swift in Sources */,
				AA010026 /* RoomPlanScannerAdapter.swift in Sources */,
				AA010028 /* ObjectPlacement.swift in Sources */,
				AA010029 /* PlacementService.swift in Sources */,
				AA010030 /* RoomLayoutView.swift in Sources */,
				AA010032 /* ClearanceEngine.swift in Sources */,
				AA010033 /* ApplianceProfiles.swift in Sources */,
				AA010036 /* RoomAdjacency.swift in Sources */,
				AA010037 /* PropertyPlanView.swift in Sources */,
				AA010038 /* LinkRoomsSheet.swift in Sources */,
				AA010040 /* PhotoStore.swift in Sources */,
				AA010041 /* ImagePickerView.swift in Sources */,
				AA010042 /* AddPhotoSheet.swift in Sources */,
				AA010043 /* PhotoGalleryView.swift in Sources */,
				AA010045 /* ExportPackageBuilder.swift in Sources */,
				AA010047 /* LiDARClearanceMeasurement.swift in Sources */,
				AA010048 /* LiDARClearanceSession.swift in Sources */,
				AA010049 /* LiDARClearanceView.swift in Sources */,
				AA010051 /* PropertyScanSession.swift in Sources */,
				AA010052 /* ScanSessionStore.swift in Sources */,
				AA010053 /* AtlasSync.swift in Sources */,
				AA010055 /* SessionCaptureViewModel.swift in Sources */,
				AA010056 /* SessionCaptureView.swift in Sources */,
				AA010057 /* PropertySessionListView.swift in Sources */,
				AA010058 /* NewPropertySessionView.swift in Sources */,
				AA01005A /* ClearanceOverlayView.swift in Sources */,
				AA01005B /* LiveViewTaggingViewModel.swift in Sources */,
				AA01005C /* LiveViewTaggingView.swift in Sources */,
				AA01005D /* CameraFeedView.swift in Sources */,
				AA01005F /* ARPlacementSession.swift in Sources */,
				AA010060 /* VoiceNote.swift in Sources */,
				AA010061 /* VoiceNoteStore.swift in Sources */,
				AA010062 /* VoiceNoteRecorder.swift in Sources */,
				AA010063 /* VoiceNoteRecorderSheet.swift in Sources */,
				AA010065 /* VoiceNotePlaybackManager.swift in Sources */,
				AA010066 /* VoiceNoteRowView.swift in Sources */,
				AA010067 /* WalkthroughRoomPickerSheet.swift in Sources */,
				AA010068 /* AtlasHandoffView.swift in Sources */,
				AA010070 /* JSONInspectorView.swift in Sources */,
				AA010071 /* ShareSheet.swift in Sources */,
				AA010072 /* SessionCompletionView.swift in Sources */,
				AA010074 /* SessionReviewView.swift in Sources */,
				AA010075 /* SessionArtifactInspectorView.swift in Sources */,
				AA010076 /* ExtractedSessionFact.swift in Sources */,
				AA010077 /* SessionKnowledgeExtractor.swift in Sources */,
				AA010078 /* SessionKnowledgeSection.swift in Sources */,
				AA010079 /* VoiceNoteCategoryPicker.swift in Sources */,
				AA01007A /* SessionFactReviewView.swift in Sources */,
				AA010080 /* RoomScanEvidence.swift in Sources */,
				AA010081 /* ExternalClearanceScene.swift in Sources */,
				AA010082 /* InstallMarkup.swift in Sources */,
				AA010083 /* RoomScanEvidenceBuilder.swift in Sources */,
				AA010084 /* ExternalFlueCaptureSession.swift in Sources */,
				AA010085 /* ExternalFlueCaptureView.swift in Sources */,
				AA010086 /* FlueClearanceSceneCard.swift in Sources */,
				AA010087 /* InstallMarkupViewModel.swift in Sources */,
				AA010088 /* InstallMarkupOverlayView.swift in Sources */,
				170A8E0648D13FFAD08A242E /* VisitCaptureScreen.swift in Sources */,
				153714804930CBFBCC4DE07F /* VisitCaptureStore.swift in Sources */,
				00192BA13A142EF4AD6CACB6 /* VisitCaptureViewModel.swift in Sources */,
				185556205563F89CB2D6A4C7 /* VisitCaptureCoordinator.swift in Sources */,
				C7BEDD64B626BFEE7010A956 /* VisitCaptureRootView.swift in Sources */,
				964961CF132C24D50E8CBDAE /* VisitSessionValidator.swift in Sources */,
				2C0ABF2105CF3C74DB83C786 /* VisitOverviewView.swift in Sources */,
				E04F515A23A466EA152F2B0C /* VisitLiDARScreenView.swift in Sources */,
				CB7770F3F751D6AF533E2666 /* VisitPhotosScreenView.swift in Sources */,
				CDFF5009D8242C493209851B /* VisitVoiceScreenView.swift in Sources */,
				2F653348E39E60DE420A36D5 /* VisitObjectsScreenView.swift in Sources */,
				7DBFB964A3588C1939B9D671 /* VisitSummaryView.swift in Sources */,
				F7FB499FD46C2DF309B268A4 /* VisitSessionMapper.swift in Sources */,
				AA01008A /* SpatialAlignmentEngine.swift in Sources */,
				AA01008B /* SpatialAlignmentSelectors.swift in Sources */,
				AA01008C /* AlignmentViewPanel.swift in Sources */,
				AA0100A7 /* PlanningAnnotation.swift in Sources */,
				AA0100A1 /* FieldVisitShellView.swift in Sources */,
				AA0100A2 /* FieldVisitStore.swift in Sources */,
				AA0100A3 /* FieldCaptureView.swift in Sources */,
				AA0100A4 /* FieldPlanView.swift in Sources */,
				AA0100A5 /* FieldReviewView.swift in Sources */,
				AA0100A6 /* FieldCompleteView.swift in Sources */,
				AA0100B1 /* VisitNotesConsolidator.swift in Sources */,
				AA0100B2 /* VoiceNoteTranscriptionService.swift in Sources */,
				AA0100C1 /* CaptureAppRootView.swift in Sources */,
				AA0100C2 /* VisitCompletionReviewView.swift in Sources */,
				AA0100C3 /* RoomContextList.swift in Sources */,
				AA0100C4 /* VisitHandoffPack.swift in Sources */,
				AA0100C5 /* VisitHandoffPackBuilder.swift in Sources */,
				AA0100C6 /* CaptureHubView.swift in Sources */,
				AA0100C7 /* CaptureHubSectionCard.swift in Sources */,
				AA0100C8 /* CaptureSessionStore.swift in Sources */,
				AA0100C9 /* CaptureSessionModels.swift in Sources */,
				AA0100CA /* CaptureSessionPersistence.swift in Sources */,
				AA0100CB /* CaptureSessionExporter.swift in Sources */,
				AA0100CC /* StartJobView.swift in Sources */,
				AA0100CD /* ObjectPinListView.swift in Sources */,
				AA0100CE /* ObjectPinPlacementView.swift in Sources */,
				AA0100CF /* PhotoListView.swift in Sources */,
				AA0100D0 /* PhotoCaptureView.swift in Sources */,
				AA0100D1 /* ReviewExportView.swift in Sources */,
				AA0100D2 /* RoomScanListView.swift in Sources */,
				AA0100D3 /* RoomScanCaptureView.swift in Sources */,
				AA0100D4 /* VoiceNotesView.swift in Sources */,
				AA0100D5 /* VoiceNoteRecorderViewModel.swift in Sources */,
				AA0100D6 /* LiveCaptureView.swift in Sources */,
				AA0100D7 /* FloorPlanEditorView.swift in Sources */,
				AA0100D8 /* ReviewVisitView.swift in Sources */,
				AA0100D9 /* AtlasKeychainStore.swift in Sources */,
				AA0100DA /* AtlasRecommendationsSync.swift in Sources */,
				AA0100DB /* AtlasRecommendationsWebView.swift in Sources */,
				AA0100DC /* WelcomeView.swift in Sources */,
				AA0100DD /* VisitPickerView.swift in Sources */,
			);
			runOnlyForDeploymentPostprocessing = 0;
		};
		AA080002 /* Sources */ = {
			isa = PBXSourcesBuildPhase;
			buildActionMask = 2147483647;
			files = (
				AA010024 /* ExportBuilderTests.swift in Sources */,
				AA010025 /* ModelTests.swift in Sources */,
				AA010027 /* RoomPlanMapperTests.swift in Sources */,
				AA010031 /* PlacementServiceTests.swift in Sources */,
				AA010034 /* ClearanceEngineTests.swift in Sources */,
				AA010035 /* ApplianceProfileTests.swift in Sources */,
				AA010039 /* RoomAdjacencyTests.swift in Sources */,
				AA010044 /* EvidenceTests.swift in Sources */,
				AA010046 /* HandoffTests.swift in Sources */,
				AA010050 /* LiDARClearanceMeasurementTests.swift in Sources */,
				AA010054 /* PropertyScanSessionTests.swift in Sources */,
				AA010059 /* SessionCaptureViewModelTests.swift in Sources */,
				AA01005E /* LiveViewTaggingViewModelTests.swift in Sources */,
				AA010064 /* VoiceNoteTests.swift in Sources */,
				AA010073 /* SessionCompletionTests.swift in Sources */,
				AA01007B /* SessionKnowledgeExtractorTests.swift in Sources */,
				AA01007C /* SessionKnowledgeSummaryTests.swift in Sources */,
				E7FC807742F5F9E5DEF1A866 /* VisitCaptureTests.swift in Sources */,
				AA01008D /* SpatialAlignmentTests.swift in Sources */,
				AA0100A8 /* FieldVisitStoreTests.swift in Sources */,
				AA0100B0 /* VisitCompletionValidatorTests.swift in Sources */,
				AA0100B3 /* VisitNotesConsolidatorTests.swift in Sources */,
			);
			runOnlyForDeploymentPostprocessing = 0;
		};
/* End PBXSourcesBuildPhase section */

/* Begin PBXTargetDependency section */
		AA0A0001 /* PBXTargetDependency */ = {
			isa = PBXTargetDependency;
			target = AA070001 /* AtlasScan */;
			targetProxy = AA0A0002 /* PBXContainerItemProxy */;
		};
/* End PBXTargetDependency section */

/* Begin XCBuildConfiguration section */
		AA0C0001 /* Debug */ = {
			isa = XCBuildConfiguration;
			buildSettings = {
				ALWAYS_SEARCH_USER_PATHS = NO;
				ASSETCATALOG_COMPILER_GENERATE_SWIFT_ASSET_SYMBOL_EXTENSIONS = YES;
				CLANG_ANALYZER_NONNULL = YES;
				CLANG_ANALYZER_NUMBER_OBJECT_CONVERSION = YES_AGGRESSIVE;
				CLANG_CXX_LANGUAGE_STANDARD = "gnu++20";
				CLANG_ENABLE_MODULES = YES;
				CLANG_ENABLE_OBJC_ARC = YES;
				CLANG_ENABLE_OBJC_WEAK = YES;
				CLANG_WARN_BLOCK_CAPTURE_AUTORELEASING = YES;
				CLANG_WARN_BOOL_CONVERSION = YES;
				CLANG_WARN_COMMA = YES;
				CLANG_WARN_CONSTANT_CONVERSION = YES;
				CLANG_WARN_DEPRECATED_OBJC_IMPLEMENTATIONS = YES;
				CLANG_WARN_DIRECT_OBJC_ISA_USAGE = YES_ERROR;
				CLANG_WARN_DOCUMENTATION_COMMENTS = YES;
				CLANG_WARN_EMPTY_BODY = YES;
				CLANG_WARN_ENUM_CONVERSION = YES;
				CLANG_WARN_INFINITE_RECURSION = YES;
				CLANG_WARN_INT_CONVERSION = YES;
				CLANG_WARN_NON_LITERAL_NULL_CONVERSION = YES;
				CLANG_WARN_OBJC_IMPLICIT_RETAIN_SELF = YES;
				CLANG_WARN_OBJC_LITERAL_CONVERSION = YES;
				CLANG_WARN_OBJC_ROOT_CLASS = YES_ERROR;
				CLANG_WARN_QUOTED_INCLUDE_IN_FRAMEWORK_HEADER = YES;
				CLANG_WARN_RANGE_LOOP_ANALYSIS = YES;
				CLANG_WARN_STRICT_PROTOTYPES = YES;
				CLANG_WARN_SUSPICIOUS_MOVE = YES;
				CLANG_WARN_UNGUARDED_AVAILABILITY = YES_AGGRESSIVE;
				CLANG_WARN_UNREACHABLE_CODE = YES;
				CLANG_WARN__DUPLICATE_METHOD_MATCH = YES;
				COPY_PHASE_STRIP = NO;
				DEBUG_INFORMATION_FORMAT = dwarf;
				ENABLE_STRICT_OBJC_MSGSEND = YES;
				ENABLE_TESTABILITY = YES;
				ENABLE_USER_SCRIPT_SANDBOXING = YES;
				GCC_C_LANGUAGE_STANDARD = gnu17;
				GCC_DYNAMIC_NO_PIC = NO;
				GCC_NO_COMMON_BLOCKS = YES;
				GCC_OPTIMIZATION_LEVEL = 0;
				GCC_PREPROCESSOR_DEFINITIONS = (
					"DEBUG=1",
					"$(inherited)",
				);
				GCC_WARN_64_TO_32_BIT_CONVERSION = YES;
				GCC_WARN_ABOUT_RETURN_TYPE = YES_ERROR;
				GCC_WARN_UNDECLARED_SELECTOR = YES;
				GCC_WARN_UNINITIALIZED_AUTOS = YES_AGGRESSIVE;
				GCC_WARN_UNUSED_FUNCTION = YES;
				GCC_WARN_UNUSED_VARIABLE = YES;
				IPHONEOS_DEPLOYMENT_TARGET = 17.0;
				MTL_ENABLE_DEBUG_INFO = INCLUDE_SOURCE;
				MTL_FAST_MATH = YES;
				ONLY_ACTIVE_ARCH = YES;
				SDKROOT = iphoneos;
				SWIFT_ACTIVE_COMPILATION_CONDITIONS = "DEBUG $(inherited)";
				SWIFT_OPTIMIZATION_LEVEL = "-Onone";
			};
			name = Debug;
		};
		AA0C0002 /* Release */ = {
			isa = XCBuildConfiguration;
			buildSettings = {
				ALWAYS_SEARCH_USER_PATHS = NO;
				ASSETCATALOG_COMPILER_GENERATE_SWIFT_ASSET_SYMBOL_EXTENSIONS = YES;
				CLANG_ANALYZER_NONNULL = YES;
				CLANG_ANALYZER_NUMBER_OBJECT_CONVERSION = YES_AGGRESSIVE;
				CLANG_CXX_LANGUAGE_STANDARD = "gnu++20";
				CLANG_ENABLE_MODULES = YES;
				CLANG_ENABLE_OBJC_ARC = YES;
				CLANG_ENABLE_OBJC_WEAK = YES;
				CLANG_WARN_BLOCK_CAPTURE_AUTORELEASING = YES;
				CLANG_WARN_BOOL_CONVERSION = YES;
				CLANG_WARN_COMMA = YES;
				CLANG_WARN_CONSTANT_CONVERSION = YES;
				CLANG_WARN_DEPRECATED_OBJC_IMPLEMENTATIONS = YES;
				CLANG_WARN_DIRECT_OBJC_ISA_USAGE = YES_ERROR;
				CLANG_WARN_DOCUMENTATION_COMMENTS = YES;
				CLANG_WARN_EMPTY_BODY = YES;
				CLANG_WARN_ENUM_CONVERSION = YES;
				CLANG_WARN_INFINITE_RECURSION = YES;
				CLANG_WARN_INT_CONVERSION = YES;
				CLANG_WARN_NON_LITERAL_NULL_CONVERSION = YES;
				CLANG_WARN_OBJC_IMPLICIT_RETAIN_SELF = YES;
				CLANG_WARN_OBJC_LITERAL_CONVERSION = YES;
				CLANG_WARN_OBJC_ROOT_CLASS = YES_ERROR;
				CLANG_WARN_QUOTED_INCLUDE_IN_FRAMEWORK_HEADER = YES;
				CLANG_WARN_RANGE_LOOP_ANALYSIS = YES;
				CLANG_WARN_STRICT_PROTOTYPES = YES;
				CLANG_WARN_SUSPICIOUS_MOVE = YES;
				CLANG_WARN_UNGUARDED_AVAILABILITY = YES_AGGRESSIVE;
				CLANG_WARN_UNREACHABLE_CODE = YES;
				CLANG_WARN__DUPLICATE_METHOD_MATCH = YES;
				COPY_PHASE_STRIP = NO;
				DEBUG_INFORMATION_FORMAT = "dwarf-with-dsym";
				ENABLE_NS_ASSERTIONS = NO;
				ENABLE_STRICT_OBJC_MSGSEND = YES;
				ENABLE_USER_SCRIPT_SANDBOXING = YES;
				GCC_C_LANGUAGE_STANDARD = gnu17;
				GCC_NO_COMMON_BLOCKS = YES;
				GCC_WARN_64_TO_32_BIT_CONVERSION = YES;
				GCC_WARN_ABOUT_RETURN_TYPE = YES_ERROR;
				GCC_WARN_UNDECLARED_SELECTOR = YES;
				GCC_WARN_UNINITIALIZED_AUTOS = YES_AGGRESSIVE;
				GCC_WARN_UNUSED_FUNCTION = YES;
				GCC_WARN_UNUSED_VARIABLE = YES;
				IPHONEOS_DEPLOYMENT_TARGET = 17.0;
				MTL_FAST_MATH = YES;
				SDKROOT = iphoneos;
				SWIFT_COMPILATION_MODE = wholemodule;
				VALIDATE_PRODUCT = YES;
			};
			name = Release;
		};
		AA0C0003 /* Debug */ = {
			isa = XCBuildConfiguration;
			buildSettings = {
				ASSETCATALOG_COMPILER_APPICON_NAME = AppIcon;
				ASSETCATALOG_COMPILER_GLOBAL_ACCENT_COLOR_NAME = AccentColor;
				CODE_SIGN_STYLE = Automatic;
				CURRENT_PROJECT_VERSION = 1;
				DEVELOPMENT_ASSET_PATHS = "\"AtlasScan/DevFixtures\"";
				DEVELOPMENT_TEAM = 34Y4H49QMY;
				ENABLE_PREVIEWS = YES;
				GENERATE_INFOPLIST_FILE = NO;
				INFOPLIST_FILE = AtlasScan/Resources/Info.plist;
				INFOPLIST_KEY_NSCameraUsageDescription = "Atlas Scan uses the camera to capture room geometry.";
				INFOPLIST_KEY_UIApplicationSceneManifest_Generation = YES;
				INFOPLIST_KEY_UIApplicationSupportsIndirectInputEvents = YES;
				INFOPLIST_KEY_UILaunchScreen_Generation = YES;
				INFOPLIST_KEY_UISupportedInterfaceOrientations_iPad = "UIInterfaceOrientationPortrait UIInterfaceOrientationPortraitUpsideDown UIInterfaceOrientationLandscapeLeft UIInterfaceOrientationLandscapeRight";
				INFOPLIST_KEY_UISupportedInterfaceOrientations_iPhone = "UIInterfaceOrientationPortrait UIInterfaceOrientationLandscapeLeft UIInterfaceOrientationLandscapeRight";
				LD_RUNPATH_SEARCH_PATHS = (
					"$(inherited)",
					"@executable_path/Frameworks",
				);
				MARKETING_VERSION = 1.0;
				PRODUCT_BUNDLE_IDENTIFIER = com.atlas.AtlasScan;
				PRODUCT_NAME = "$(TARGET_NAME)";
				SUPPORTED_PLATFORMS = "iphoneos iphonesimulator";
				SUPPORTS_MACCATALYST = NO;
				SWIFT_EMIT_LOC_STRINGS = YES;
				SWIFT_VERSION = 5.9;
				TARGETED_DEVICE_FAMILY = "1,2";
			};
			name = Debug;
		};
		AA0C0004 /* Release */ = {
			isa = XCBuildConfiguration;
			buildSettings = {
				ASSETCATALOG_COMPILER_APPICON_NAME = AppIcon;
				ASSETCATALOG_COMPILER_GLOBAL_ACCENT_COLOR_NAME = AccentColor;
				CODE_SIGN_STYLE = Automatic;
				CURRENT_PROJECT_VERSION = 1;
				DEVELOPMENT_ASSET_PATHS = "\"AtlasScan/DevFixtures\"";
				DEVELOPMENT_TEAM = 34Y4H49QMY;
				ENABLE_PREVIEWS = YES;
				GENERATE_INFOPLIST_FILE = NO;
				INFOPLIST_FILE = AtlasScan/Resources/Info.plist;
				INFOPLIST_KEY_NSCameraUsageDescription = "Atlas Scan uses the camera to capture room geometry.";
				INFOPLIST_KEY_UIApplicationSceneManifest_Generation = YES;
				INFOPLIST_KEY_UIApplicationSupportsIndirectInputEvents = YES;
				INFOPLIST_KEY_UILaunchScreen_Generation = YES;
				INFOPLIST_KEY_UISupportedInterfaceOrientations_iPad = "UIInterfaceOrientationPortrait UIInterfaceOrientationPortraitUpsideDown UIInterfaceOrientationLandscapeLeft UIInterfaceOrientationLandscapeRight";
				INFOPLIST_KEY_UISupportedInterfaceOrientations_iPhone = "UIInterfaceOrientationPortrait UIInterfaceOrientationLandscapeLeft UIInterfaceOrientationLandscapeRight";
				LD_RUNPATH_SEARCH_PATHS = (
					"$(inherited)",
					"@executable_path/Frameworks",
				);
				MARKETING_VERSION = 1.0;
				PRODUCT_BUNDLE_IDENTIFIER = com.atlas.AtlasScan;
				PRODUCT_NAME = "$(TARGET_NAME)";
				SUPPORTED_PLATFORMS = "iphoneos iphonesimulator";
				SUPPORTS_MACCATALYST = NO;
				SWIFT_EMIT_LOC_STRINGS = YES;
				SWIFT_VERSION = 5.9;
				TARGETED_DEVICE_FAMILY = "1,2";
			};
			name = Release;
		};
		AA0C0005 /* Debug */ = {
			isa = XCBuildConfiguration;
			buildSettings = {
				BUNDLE_LOADER = "$(TEST_HOST)";
				CODE_SIGN_STYLE = Automatic;
				CURRENT_PROJECT_VERSION = 1;
				GENERATE_INFOPLIST_FILE = YES;
				IPHONEOS_DEPLOYMENT_TARGET = 17.0;
				MARKETING_VERSION = 1.0;
				PRODUCT_BUNDLE_IDENTIFIER = com.atlas.AtlasScanTests;
				PRODUCT_NAME = "$(TARGET_NAME)";
				SWIFT_EMIT_LOC_STRINGS = NO;
				SWIFT_VERSION = 5.9;
				TARGETED_DEVICE_FAMILY = "1,2";
				TEST_HOST = "$(BUILT_PRODUCTS_DIR)/AtlasScan.app/$(BUNDLE_EXECUTABLE_FOLDER_PATH)/AtlasScan";
			};
			name = Debug;
		};
		AA0C0006 /* Release */ = {
			isa = XCBuildConfiguration;
			buildSettings = {
				BUNDLE_LOADER = "$(TEST_HOST)";
				CODE_SIGN_STYLE = Automatic;
				CURRENT_PROJECT_VERSION = 1;
				GENERATE_INFOPLIST_FILE = YES;
				IPHONEOS_DEPLOYMENT_TARGET = 17.0;
				MARKETING_VERSION = 1.0;
				PRODUCT_BUNDLE_IDENTIFIER = com.atlas.AtlasScanTests;
				PRODUCT_NAME = "$(TARGET_NAME)";
				SWIFT_EMIT_LOC_STRINGS = NO;
				SWIFT_VERSION = 5.9;
				TARGETED_DEVICE_FAMILY = "1,2";
				TEST_HOST = "$(BUILT_PRODUCTS_DIR)/AtlasScan.app/$(BUNDLE_EXECUTABLE_FOLDER_PATH)/AtlasScan";
			};
			name = Release;
		};
/* End XCBuildConfiguration section */

/* Begin XCConfigurationList section */
		AA090001 /* Build configuration list for PBXNativeTarget "AtlasScan" */ = {
			isa = XCConfigurationList;
			buildConfigurations = (
				AA0C0003 /* Debug */,
				AA0C0004 /* Release */,
			);
			defaultConfigurationIsVisible = 0;
			defaultConfigurationName = Release;
		};
		AA090002 /* Build configuration list for PBXNativeTarget "AtlasScanTests" */ = {
			isa = XCConfigurationList;
			buildConfigurations = (
				AA0C0005 /* Debug */,
				AA0C0006 /* Release */,
			);
			defaultConfigurationIsVisible = 0;
			defaultConfigurationName = Release;
		};
		AA090003 /* Build configuration list for PBXProject "AtlasScan" */ = {
			isa = XCConfigurationList;
			buildConfigurations = (
				AA0C0001 /* Debug */,
				AA0C0002 /* Release */,
			);
			defaultConfigurationIsVisible = 0;
			defaultConfigurationName = Release;
		};
/* End XCConfigurationList section */

/* Begin XCLocalSwiftPackageReference section */
		AAPKG001 /* XCLocalSwiftPackageReference "AtlasContracts" */ = {
			isa = XCLocalSwiftPackageReference;
			relativePath = "Atlas-contracts";
		};
/* End XCLocalSwiftPackageReference section */

/* Begin XCSwiftPackageProductDependency section */
		AAPKG002 /* AtlasContracts */ = {
			isa = XCSwiftPackageProductDependency;
			package = AAPKG001 /* XCLocalSwiftPackageReference "AtlasContracts" */;
			productName = AtlasContracts;
		};
		AAPKG004 /* AtlasContracts */ = {
			isa = XCSwiftPackageProductDependency;
			package = AAPKG001 /* XCLocalSwiftPackageReference "AtlasContracts" */;
			productName = AtlasContracts;
		};
/* End XCSwiftPackageProductDependency section */
	};
	rootObject = AA0B0001 /* Project object */;
}
