// !$*UTF8*$!
{
	archiveVersion = 1;
	classes = {
	};
	objectVersion = 56;
	objects = {

/* Begin PBXBuildFile section */

		AA010001 /* AtlasScanApp.swift in Sources */ = {isa = PBXBuildFile; fileRef = AA020001 /* AtlasScanApp.swift */; };

		AA010018 /* ServiceObjectCategory.swift in Sources */ = {isa = PBXBuildFile; fileRef = AA020018 /* ServiceObjectCategory.swift */; };

		AA010032 /* ClearanceEngine.swift in Sources */ = {isa = PBXBuildFile; fileRef = AA020032 /* ClearanceEngine.swift */; };
		AA010033 /* ApplianceProfiles.swift in Sources */ = {isa = PBXBuildFile; fileRef = AA020033 /* ApplianceProfiles.swift */; };
		AA010034 /* ClearanceEngineTests.swift in Sources */ = {isa = PBXBuildFile; fileRef = AA020034 /* ClearanceEngineTests.swift */; };
		AA010035 /* ApplianceProfileTests.swift in Sources */ = {isa = PBXBuildFile; fileRef = AA020035 /* ApplianceProfileTests.swift */; };

		AA010040 /* PhotoStore.swift in Sources */ = {isa = PBXBuildFile; fileRef = AA020040 /* PhotoStore.swift */; };
		AA010041 /* ImagePickerView.swift in Sources */ = {isa = PBXBuildFile; fileRef = AA020041 /* ImagePickerView.swift */; };

		AA010047 /* LiDARClearanceMeasurement.swift in Sources */ = {isa = PBXBuildFile; fileRef = AA020047 /* LiDARClearanceMeasurement.swift */; };
		AA010048 /* LiDARClearanceSession.swift in Sources */ = {isa = PBXBuildFile; fileRef = AA020048 /* LiDARClearanceSession.swift */; };
		AA010049 /* LiDARClearanceView.swift in Sources */ = {isa = PBXBuildFile; fileRef = AA020049 /* LiDARClearanceView.swift */; };
		AA010050 /* LiDARClearanceMeasurementTests.swift in Sources */ = {isa = PBXBuildFile; fileRef = AA020050 /* LiDARClearanceMeasurementTests.swift */; };

		AA010060 /* VoiceNote.swift in Sources */ = {isa = PBXBuildFile; fileRef = AA020060 /* VoiceNote.swift */; };
		AA010061 /* VoiceNoteStore.swift in Sources */ = {isa = PBXBuildFile; fileRef = AA020061 /* VoiceNoteStore.swift */; };
		AA0100F7 /* DeveloperModeStore.swift in Sources */ = {isa = PBXBuildFile; fileRef = AA0200F7 /* DeveloperModeStore.swift */; };
		AA0100F8 /* DocumentPickerSheet.swift in Sources */ = {isa = PBXBuildFile; fileRef = AA0200F8 /* DocumentPickerSheet.swift */; };
		AA010062 /* VoiceNoteRecorder.swift in Sources */ = {isa = PBXBuildFile; fileRef = AA020062 /* VoiceNoteRecorder.swift */; };
		AA010063 /* VoiceNoteRecorderSheet.swift in Sources */ = {isa = PBXBuildFile; fileRef = AA020063 /* VoiceNoteRecorderSheet.swift */; };
		AA010064 /* VoiceNoteTests.swift in Sources */ = {isa = PBXBuildFile; fileRef = AA020064 /* VoiceNoteTests.swift */; };
		AA010065 /* VoiceNotePlaybackManager.swift in Sources */ = {isa = PBXBuildFile; fileRef = AA020065 /* VoiceNotePlaybackManager.swift */; };

		AA010070 /* JSONInspectorView.swift in Sources */ = {isa = PBXBuildFile; fileRef = AA020070 /* JSONInspectorView.swift */; };
		AA010071 /* ShareSheet.swift in Sources */ = {isa = PBXBuildFile; fileRef = AA020071 /* ShareSheet.swift */; };
		AA010072 /* WorkspaceExporter.swift in Sources */ = {isa = PBXBuildFile; fileRef = AA020072 /* WorkspaceExporter.swift */; };
		AA010073 /* WorkspaceExporterTests.swift in Sources */ = {isa = PBXBuildFile; fileRef = AA020073 /* WorkspaceExporterTests.swift */; };
		AA010800 /* ServiceObjectCategoryTerminologyTests.swift in Sources */ = {isa = PBXBuildFile; fileRef = AA020800 /* ServiceObjectCategoryTerminologyTests.swift */; };

		AA010076 /* ExtractedSessionFact.swift in Sources */ = {isa = PBXBuildFile; fileRef = AA020076 /* ExtractedSessionFact.swift */; };

		AA010079 /* VoiceNoteCategoryPicker.swift in Sources */ = {isa = PBXBuildFile; fileRef = AA020079 /* VoiceNoteCategoryPicker.swift */; };

		AA010089 /* Assets.xcassets in Resources */ = {isa = PBXBuildFile; fileRef = AA020089 /* Assets.xcassets */; };

		AAPKG003 /* AtlasContracts in Frameworks */ = {isa = PBXBuildFile; productRef = AAPKG002 /* AtlasContracts */; };
		AAPKG005 /* AtlasContracts in Frameworks */ = {isa = PBXBuildFile; productRef = AAPKG004 /* AtlasContracts */; };

		AA0100B0 /* VisitCompletionValidatorTests.swift in Sources */ = {isa = PBXBuildFile; fileRef = AA0200B0 /* VisitCompletionValidatorTests.swift */; };

		AA0100B2 /* VoiceNoteTranscriptionService.swift in Sources */ = {isa = PBXBuildFile; fileRef = AA0200B2 /* VoiceNoteTranscriptionService.swift */; };

		AA0100C1 /* CaptureAppRootView.swift in Sources */ = {isa = PBXBuildFile; fileRef = AA0200C1 /* CaptureAppRootView.swift */; };

		AA0100C6 /* CaptureHubView.swift in Sources */ = {isa = PBXBuildFile; fileRef = AA0200C6 /* CaptureHubView.swift */; };
		AA0100C7 /* CaptureHubSectionCard.swift in Sources */ = {isa = PBXBuildFile; fileRef = AA0200C7 /* CaptureHubSectionCard.swift */; };
		AA0100C8 /* CaptureSessionStore.swift in Sources */ = {isa = PBXBuildFile; fileRef = AA0200C8 /* CaptureSessionStore.swift */; };
		AA0100C9 /* CaptureSessionModels.swift in Sources */ = {isa = PBXBuildFile; fileRef = AA0200C9 /* CaptureSessionModels.swift */; };
		AA0100CA /* CaptureSessionPersistence.swift in Sources */ = {isa = PBXBuildFile; fileRef = AA0200CA /* CaptureSessionPersistence.swift */; };
		AA0100CB /* CaptureSessionExporter.swift in Sources */ = {isa = PBXBuildFile; fileRef = AA0200CB /* CaptureSessionExporter.swift */; };
		AA0100CC /* StartJobView.swift in Sources */ = {isa = PBXBuildFile; fileRef = AA0200CC /* StartJobView.swift */; };
		AA0100CD /* ObjectPinListView.swift in Sources */ = {isa = PBXBuildFile; fileRef = AA0200CD /* ObjectPinListView.swift */; };
		AA0100CE /* ObjectPinPlacementView.swift in Sources */ = {isa = PBXBuildFile; fileRef = AA0200CE /* ObjectPinPlacementView.swift */; };
		AA0100CF /* PhotoListView.swift in Sources */ = {isa = PBXBuildFile; fileRef = AA0200CF /* PhotoListView.swift */; };
		AA0100D0 /* PhotoCaptureView.swift in Sources */ = {isa = PBXBuildFile; fileRef = AA0200D0 /* PhotoCaptureView.swift */; };
		AA0100D0A /* CameraPickerView.swift in Sources */ = {isa = PBXBuildFile; fileRef = AA0200D0A /* CameraPickerView.swift */; };
		AA0100D1 /* ReviewExportView.swift in Sources */ = {isa = PBXBuildFile; fileRef = AA0200D1 /* ReviewExportView.swift */; };
		AA0100D2 /* RoomScanListView.swift in Sources */ = {isa = PBXBuildFile; fileRef = AA0200D2 /* RoomScanListView.swift */; };

		AA0100D4 /* VoiceNotesView.swift in Sources */ = {isa = PBXBuildFile; fileRef = AA0200D4 /* VoiceNotesView.swift */; };
		AA0100D5 /* VoiceNoteRecorderViewModel.swift in Sources */ = {isa = PBXBuildFile; fileRef = AA0200D5 /* VoiceNoteRecorderViewModel.swift */; };
		AA0100D6 /* LiveCaptureView.swift in Sources */ = {isa = PBXBuildFile; fileRef = AA0200D6 /* LiveCaptureView.swift */; };
		AA0100D7 /* FloorPlanEditorView.swift in Sources */ = {isa = PBXBuildFile; fileRef = AA0200D7 /* FloorPlanEditorView.swift */; };
		AA0100F6 /* FloorPlanReviewView.swift in Sources */ = {isa = PBXBuildFile; fileRef = AA0200F6 /* FloorPlanReviewView.swift */; };
		AA0100F5 /* Comparable+Clamp.swift in Sources */ = {isa = PBXBuildFile; fileRef = AA0200F5 /* Comparable+Clamp.swift */; };
		AA0100D8 /* ReviewVisitView.swift in Sources */ = {isa = PBXBuildFile; fileRef = AA0200D8 /* ReviewVisitView.swift */; };
		AA0100D9 /* AtlasKeychainStore.swift in Sources */ = {isa = PBXBuildFile; fileRef = AA0200D9 /* AtlasKeychainStore.swift */; };
		AA0100DB /* AtlasRecommendationsWebView.swift in Sources */ = {isa = PBXBuildFile; fileRef = AA0200DB /* AtlasRecommendationsWebView.swift */; };
		AA0100DC /* WelcomeView.swift in Sources */ = {isa = PBXBuildFile; fileRef = AA0200DC /* WelcomeView.swift */; };
		AA0100DD /* VisitPickerView.swift in Sources */ = {isa = PBXBuildFile; fileRef = AA0200DD /* VisitPickerView.swift */; };
		AA0100DE /* TranscriptView.swift in Sources */ = {isa = PBXBuildFile; fileRef = AA0200DE /* TranscriptView.swift */; };
		AA0100DF /* CloudflareVisitClient.swift in Sources */ = {isa = PBXBuildFile; fileRef = AA0200DF /* CloudflareVisitClient.swift */; };

		AA0100E1 /* CaptureSessionExporterTests.swift in Sources */ = {isa = PBXBuildFile; fileRef = AA0200E1 /* CaptureSessionExporterTests.swift */; };
		AA0100E2 /* CaptureSessionStoreTests.swift in Sources */ = {isa = PBXBuildFile; fileRef = AA0200E2 /* CaptureSessionStoreTests.swift */; };

		AA0100E6 /* StartVisitView.swift in Sources */ = {isa = PBXBuildFile; fileRef = AA0200E6 /* StartVisitView.swift */; };
		AA0100E7 /* SavedVisitsView.swift in Sources */ = {isa = PBXBuildFile; fileRef = AA0200E7 /* SavedVisitsView.swift */; };
		AA0100E8 /* VisitDetailView.swift in Sources */ = {isa = PBXBuildFile; fileRef = AA0200E8 /* VisitDetailView.swift */; };
		AA0100E9 /* PhotoCaptureSheet.swift in Sources */ = {isa = PBXBuildFile; fileRef = AA0200E9 /* PhotoCaptureSheet.swift */; };
		AA0100EA /* TextNoteSheet.swift in Sources */ = {isa = PBXBuildFile; fileRef = AA0200EA /* TextNoteSheet.swift */; };
		AA0100EB /* VisitReviewView.swift in Sources */ = {isa = PBXBuildFile; fileRef = AA0200EB /* VisitReviewView.swift */; };
		AA0100EC /* VisitContainerTests.swift in Sources */ = {isa = PBXBuildFile; fileRef = AA0200EC /* VisitContainerTests.swift */; };
		AA0100F0 /* SessionCaptureV2ValidatorTests.swift in Sources */ = {isa = PBXBuildFile; fileRef = AA0200F0 /* SessionCaptureV2ValidatorTests.swift */; };

		AA0100F1 /* RoomPlanMapper.swift in Sources */ = {isa = PBXBuildFile; fileRef = AA0200F1 /* RoomPlanMapper.swift */; };
		AA0100F2 /* RoomPlanCaptureService.swift in Sources */ = {isa = PBXBuildFile; fileRef = AA0200F2 /* RoomPlanCaptureService.swift */; };
		AA0100F3 /* RoomPlanCaptureView.swift in Sources */ = {isa = PBXBuildFile; fileRef = AA0200F3 /* RoomPlanCaptureView.swift */; };
		AA0100F4 /* RoomPlanMapperTests.swift in Sources */ = {isa = PBXBuildFile; fileRef = AA0200F4 /* RoomPlanMapperTests.swift */; };

		AA010100 /* AtlasScanVisit.swift in Sources */ = {isa = PBXBuildFile; fileRef = AA020100 /* AtlasScanVisit.swift */; };
		AA010101 /* AtlasScanVisitStore.swift in Sources */ = {isa = PBXBuildFile; fileRef = AA020101 /* AtlasScanVisitStore.swift */; };
		AA010102 /* VisitHomeView.swift in Sources */ = {isa = PBXBuildFile; fileRef = AA020102 /* VisitHomeView.swift */; };
		AA010103 /* VisitReadinessPanel.swift in Sources */ = {isa = PBXBuildFile; fileRef = AA020103 /* VisitReadinessPanel.swift */; };
		AA010104 /* VisitCompleteView.swift in Sources */ = {isa = PBXBuildFile; fileRef = AA020104 /* VisitCompleteView.swift */; };
		AA010105 /* AtlasScanVisitStoreTests.swift in Sources */ = {isa = PBXBuildFile; fileRef = AA020105 /* AtlasScanVisitStoreTests.swift */; };

		AA010200 /* SessionCaptureV2Builder.swift in Sources */ = {isa = PBXBuildFile; fileRef = AA020200 /* SessionCaptureV2Builder.swift */; };
		AA010201 /* SessionCaptureV2Store.swift in Sources */ = {isa = PBXBuildFile; fileRef = AA020201 /* SessionCaptureV2Store.swift */; };
		AA010202 /* SessionCaptureV2DebugView.swift in Sources */ = {isa = PBXBuildFile; fileRef = AA020202 /* SessionCaptureV2DebugView.swift */; };
		AA010203 /* SessionCaptureV2BuilderTests.swift in Sources */ = {isa = PBXBuildFile; fileRef = AA020203 /* SessionCaptureV2BuilderTests.swift */; };
		AA010204 /* SessionCaptureV2StoreTests.swift in Sources */ = {isa = PBXBuildFile; fileRef = AA020204 /* SessionCaptureV2StoreTests.swift */; };

		AA010300 /* ReviewEvidenceView.swift in Sources */ = {isa = PBXBuildFile; fileRef = AA020300 /* ReviewEvidenceView.swift */; };
		AA010301 /* CaptureReviewUpdater.swift in Sources */ = {isa = PBXBuildFile; fileRef = AA020301 /* CaptureReviewUpdater.swift */; };
		AA010302 /* CaptureReviewUpdaterTests.swift in Sources */ = {isa = PBXBuildFile; fileRef = AA020302 /* CaptureReviewUpdaterTests.swift */; };
		AA010303 /* VisitReadinessReviewTests.swift in Sources */ = {isa = PBXBuildFile; fileRef = AA020303 /* VisitReadinessReviewTests.swift */; };

		AA010400 /* ScanToMindHandoffBuilder.swift in Sources */ = {isa = PBXBuildFile; fileRef = AA020400 /* ScanToMindHandoffBuilder.swift */; };
		AA010401 /* ScanToMindPayloadEncoder.swift in Sources */ = {isa = PBXBuildFile; fileRef = AA020401 /* ScanToMindPayloadEncoder.swift */; };
		AA010402 /* OpenAtlasMind.swift in Sources */ = {isa = PBXBuildFile; fileRef = AA020402 /* OpenAtlasMind.swift */; };

		AA010500 /* BuildInfoView.swift in Sources */ = {isa = PBXBuildFile; fileRef = AA020500 /* BuildInfoView.swift */; };
		AA010501 /* PermissionPreflightView.swift in Sources */ = {isa = PBXBuildFile; fileRef = AA020501 /* PermissionPreflightView.swift */; };
		AA010502 /* TestFlightDiagnosticsView.swift in Sources */ = {isa = PBXBuildFile; fileRef = AA020502 /* TestFlightDiagnosticsView.swift */; };
		AA010503 /* TestFlightFeedbackReporter.swift in Sources */ = {isa = PBXBuildFile; fileRef = AA020503 /* TestFlightFeedbackReporter.swift */; };

		AA010600 /* CustomerPackView.swift in Sources */ = {isa = PBXBuildFile; fileRef = AA020600 /* CustomerPackView.swift */; };

		AA010700 /* FabricCaptureView.swift in Sources */ = {isa = PBXBuildFile; fileRef = AA020700 /* FabricCaptureView.swift */; };
		AA010701 /* HazardCaptureView.swift in Sources */ = {isa = PBXBuildFile; fileRef = AA020701 /* HazardCaptureView.swift */; };
		AA010702 /* FloorPlanFabricBuilderTests.swift in Sources */ = {isa = PBXBuildFile; fileRef = AA020702 /* FloorPlanFabricBuilderTests.swift */; };
		AA010703 /* QuotePlannerCaptureView.swift in Sources */ = {isa = PBXBuildFile; fileRef = AA020703 /* QuotePlannerCaptureView.swift */; };
		AA010704 /* QuotePlannerEvidenceTests.swift in Sources */ = {isa = PBXBuildFile; fileRef = AA020704 /* QuotePlannerEvidenceTests.swift */; };
		AA010705 /* ScanToMindHandoffTests.swift in Sources */ = {isa = PBXBuildFile; fileRef = AA020705 /* ScanToMindHandoffTests.swift */; };

		AA010B01 /* HardwareRegistryTests.swift in Sources */ = {isa = PBXBuildFile; fileRef = AA020B01 /* HardwareRegistryTests.swift */; };

		AA010900 /* ExternalScanView.swift in Sources */ = {isa = PBXBuildFile; fileRef = AA020900 /* ExternalScanView.swift */; };
		AA010901 /* ExternalScanCaptureView.swift in Sources */ = {isa = PBXBuildFile; fileRef = AA020901 /* ExternalScanCaptureView.swift */; };

		AA010A00 /* MollerTrumboreIntersection.swift in Sources */ = {isa = PBXBuildFile; fileRef = AA020A00 /* MollerTrumboreIntersection.swift */; };
		AA010A01 /* PropertyNavigatorView.swift in Sources */ = {isa = PBXBuildFile; fileRef = AA020A01 /* PropertyNavigatorView.swift */; };
		AA010A02 /* RoomLoopView.swift in Sources */ = {isa = PBXBuildFile; fileRef = AA020A02 /* RoomLoopView.swift */; };
		AA010A03 /* SpatialPinDialView.swift in Sources */ = {isa = PBXBuildFile; fileRef = AA020A03 /* SpatialPinDialView.swift */; };
		AA010A04 /* ClearanceCubeOverlayView.swift in Sources */ = {isa = PBXBuildFile; fileRef = AA020A04 /* ClearanceCubeOverlayView.swift */; };
		AA010A05 /* OutdoorFlueModeView.swift in Sources */ = {isa = PBXBuildFile; fileRef = AA020A05 /* OutdoorFlueModeView.swift */; };
		AA010A06 /* VanModeReviewView.swift in Sources */ = {isa = PBXBuildFile; fileRef = AA020A06 /* VanModeReviewView.swift */; };
		AA010B00 /* GhostBoxARView.swift in Sources */ = {isa = PBXBuildFile; fileRef = AA020B00 /* GhostBoxARView.swift */; };
		AA010A07 /* CustomRoomShapeRenderer.swift in Sources */ = {isa = PBXBuildFile; fileRef = AA020A07 /* CustomRoomShapeRenderer.swift */; };
		AAPKG013 /* AtlasScanCore in Frameworks */ = {isa = PBXBuildFile; productRef = AAPKG012 /* AtlasScanCore */; };
		AAPKG015 /* AtlasScanCore in Frameworks */ = {isa = PBXBuildFile; productRef = AAPKG014 /* AtlasScanCore */; };
		AAV20001 /* MindRecallClient.swift in Sources */ = {isa = PBXBuildFile; fileRef = AAV30001 /* MindRecallClient.swift */; };
		AAV20002 /* ScanSessionCoordinator.swift in Sources */ = {isa = PBXBuildFile; fileRef = AAV30002 /* ScanSessionCoordinator.swift */; };
		AAV20003 /* GhostBoxARView.swift in Sources */ = {isa = PBXBuildFile; fileRef = AAV30003 /* GhostBoxARView.swift */; };
		AAV20004 /* GhostBoxRenderer.swift in Sources */ = {isa = PBXBuildFile; fileRef = AAV30004 /* GhostBoxRenderer.swift */; };
		AAV20005 /* MiniMapHUD.swift in Sources */ = {isa = PBXBuildFile; fileRef = AAV30005 /* MiniMapHUD.swift */; };
		AAV20006 /* V2RoomPlanCaptureView.swift in Sources */ = {isa = PBXBuildFile; fileRef = AAV30006 /* V2RoomPlanCaptureView.swift */; };
		AAV20007 /* RoomPlanCoordinator.swift in Sources */ = {isa = PBXBuildFile; fileRef = AAV30007 /* RoomPlanCoordinator.swift */; };
		AAV20008 /* SpatialPinARView.swift in Sources */ = {isa = PBXBuildFile; fileRef = AAV30008 /* SpatialPinARView.swift */; };
		AAV20009 /* SpatialPinManager.swift in Sources */ = {isa = PBXBuildFile; fileRef = AAV30009 /* SpatialPinManager.swift */; };
		AAV2000A /* CustomRoomShapeRenderer.swift in Sources */ = {isa = PBXBuildFile; fileRef = AAV3000A /* CustomRoomShapeRenderer.swift */; };
		AAV2000B /* HandoffView.swift in Sources */ = {isa = PBXBuildFile; fileRef = AAV3000B /* HandoffView.swift */; };
		AAV2000C /* V2OutdoorFlueModeView.swift in Sources */ = {isa = PBXBuildFile; fileRef = AAV3000C /* V2OutdoorFlueModeView.swift */; };
		AAV2000D /* PropertyMapView.swift in Sources */ = {isa = PBXBuildFile; fileRef = AAV3000D /* PropertyMapView.swift */; };
		AAV2000E /* VanModeView.swift in Sources */ = {isa = PBXBuildFile; fileRef = AAV3000E /* VanModeView.swift */; };
		AAV2000F /* V2RoomLoopView.swift in Sources */ = {isa = PBXBuildFile; fileRef = AAV3000F /* V2RoomLoopView.swift */; };
		AAV20010 /* V2LiveCaptureJourneyTests.swift in Sources */ = {isa = PBXBuildFile; fileRef = AAV30010 /* V2LiveCaptureJourneyTests.swift */; };
		AAV20011 /* V2RecentCaptureStrip.swift in Sources */ = {isa = PBXBuildFile; fileRef = AAV30011 /* V2RecentCaptureStrip.swift */; };
		AAV20012 /* SurfaceSemanticV1Tests.swift in Sources */ = {isa = PBXBuildFile; fileRef = AAV30012 /* SurfaceSemanticV1Tests.swift */; };
		AAV20013 /* V2OffscreenPointerOverlay.swift in Sources */ = {isa = PBXBuildFile; fileRef = AAV30013 /* V2OffscreenPointerOverlay.swift */; };
/* End PBXBuildFile section */

/* Begin PBXContainerItemProxy section */
		AA0A0002 /* PBXContainerItemProxy */ = {
			isa = PBXContainerItemProxy;
			containerPortal = AA0B0001 /* Project object */;
			proxyType = 1;
			remoteGlobalIDString = AA070001;
			remoteInfo = AtlasScan;
		};
/* End PBXContainerItemProxy section */

/* Begin PBXFileReference section */

		AA020001 /* AtlasScanApp.swift */ = {isa = PBXFileReference; lastKnownFileType = sourcecode.swift; path = AtlasScanApp.swift; sourceTree = "<group>"; };

		AA020018 /* ServiceObjectCategory.swift */ = {isa = PBXFileReference; lastKnownFileType = sourcecode.swift; path = ServiceObjectCategory.swift; sourceTree = "<group>"; };

		AA020032 /* ClearanceEngine.swift */ = {isa = PBXFileReference; lastKnownFileType = sourcecode.swift; path = ClearanceEngine.swift; sourceTree = "<group>"; };
		AA020033 /* ApplianceProfiles.swift */ = {isa = PBXFileReference; lastKnownFileType = sourcecode.swift; path = ApplianceProfiles.swift; sourceTree = "<group>"; };
		AA020034 /* ClearanceEngineTests.swift */ = {isa = PBXFileReference; lastKnownFileType = sourcecode.swift; path = ClearanceEngineTests.swift; sourceTree = "<group>"; };
		AA020035 /* ApplianceProfileTests.swift */ = {isa = PBXFileReference; lastKnownFileType = sourcecode.swift; path = ApplianceProfileTests.swift; sourceTree = "<group>"; };

		AA020040 /* PhotoStore.swift */ = {isa = PBXFileReference; lastKnownFileType = sourcecode.swift; path = PhotoStore.swift; sourceTree = "<group>"; };
		AA020041 /* ImagePickerView.swift */ = {isa = PBXFileReference; lastKnownFileType = sourcecode.swift; path = ImagePickerView.swift; sourceTree = "<group>"; };

		AA020047 /* LiDARClearanceMeasurement.swift */ = {isa = PBXFileReference; lastKnownFileType = sourcecode.swift; path = LiDARClearanceMeasurement.swift; sourceTree = "<group>"; };
		AA020048 /* LiDARClearanceSession.swift */ = {isa = PBXFileReference; lastKnownFileType = sourcecode.swift; path = LiDARClearanceSession.swift; sourceTree = "<group>"; };
		AA020049 /* LiDARClearanceView.swift */ = {isa = PBXFileReference; lastKnownFileType = sourcecode.swift; path = LiDARClearanceView.swift; sourceTree = "<group>"; };
		AA020050 /* LiDARClearanceMeasurementTests.swift */ = {isa = PBXFileReference; lastKnownFileType = sourcecode.swift; path = LiDARClearanceMeasurementTests.swift; sourceTree = "<group>"; };

		AA020060 /* VoiceNote.swift */ = {isa = PBXFileReference; lastKnownFileType = sourcecode.swift; path = VoiceNote.swift; sourceTree = "<group>"; };
		AA020061 /* VoiceNoteStore.swift */ = {isa = PBXFileReference; lastKnownFileType = sourcecode.swift; path = VoiceNoteStore.swift; sourceTree = "<group>"; };
		AA0200F7 /* DeveloperModeStore.swift */ = {isa = PBXFileReference; lastKnownFileType = sourcecode.swift; path = DeveloperModeStore.swift; sourceTree = "<group>"; };
		AA0200F8 /* DocumentPickerSheet.swift */ = {isa = PBXFileReference; lastKnownFileType = sourcecode.swift; path = DocumentPickerSheet.swift; sourceTree = "<group>"; };
		AA020062 /* VoiceNoteRecorder.swift */ = {isa = PBXFileReference; lastKnownFileType = sourcecode.swift; path = VoiceNoteRecorder.swift; sourceTree = "<group>"; };
		AA020063 /* VoiceNoteRecorderSheet.swift */ = {isa = PBXFileReference; lastKnownFileType = sourcecode.swift; path = VoiceNoteRecorderSheet.swift; sourceTree = "<group>"; };
		AA020064 /* VoiceNoteTests.swift */ = {isa = PBXFileReference; lastKnownFileType = sourcecode.swift; path = VoiceNoteTests.swift; sourceTree = "<group>"; };
		AA020065 /* VoiceNotePlaybackManager.swift */ = {isa = PBXFileReference; lastKnownFileType = sourcecode.swift; path = VoiceNotePlaybackManager.swift; sourceTree = "<group>"; };

		AA020070 /* JSONInspectorView.swift */ = {isa = PBXFileReference; lastKnownFileType = sourcecode.swift; path = JSONInspectorView.swift; sourceTree = "<group>"; };
		AA020071 /* ShareSheet.swift */ = {isa = PBXFileReference; lastKnownFileType = sourcecode.swift; path = ShareSheet.swift; sourceTree = "<group>"; };
		AA020072 /* WorkspaceExporter.swift */ = {isa = PBXFileReference; lastKnownFileType = sourcecode.swift; path = WorkspaceExporter.swift; sourceTree = "<group>"; };
		AA020073 /* WorkspaceExporterTests.swift */ = {isa = PBXFileReference; lastKnownFileType = sourcecode.swift; path = WorkspaceExporterTests.swift; sourceTree = "<group>"; };
		AA020800 /* ServiceObjectCategoryTerminologyTests.swift */ = {isa = PBXFileReference; lastKnownFileType = sourcecode.swift; path = ServiceObjectCategoryTerminologyTests.swift; sourceTree = "<group>"; };

		AA020076 /* ExtractedSessionFact.swift */ = {isa = PBXFileReference; lastKnownFileType = sourcecode.swift; path = ExtractedSessionFact.swift; sourceTree = "<group>"; };

		AA020079 /* VoiceNoteCategoryPicker.swift */ = {isa = PBXFileReference; lastKnownFileType = sourcecode.swift; path = VoiceNoteCategoryPicker.swift; sourceTree = "<group>"; };

		AA020089 /* Assets.xcassets */ = {isa = PBXFileReference; lastKnownFileType = folder.assetcatalog; path = Assets.xcassets; sourceTree = "<group>"; };

		AA030001 /* AtlasScan.app */ = {isa = PBXFileReference; explicitFileType = wrapper.application; includeInIndex = 0; path = AtlasScan.app; sourceTree = BUILT_PRODUCTS_DIR; };
		AA030002 /* AtlasScanTests.xctest */ = {isa = PBXFileReference; explicitFileType = wrapper.cfbundle; includeInIndex = 0; path = AtlasScanTests.xctest; sourceTree = BUILT_PRODUCTS_DIR; };
		AA030003 /* Info.plist */ = {isa = PBXFileReference; lastKnownFileType = text.plist.xml; path = Info.plist; sourceTree = "<group>"; };

		AA0200B0 /* VisitCompletionValidatorTests.swift */ = {isa = PBXFileReference; lastKnownFileType = sourcecode.swift; path = VisitCompletionValidatorTests.swift; sourceTree = "<group>"; };

		AA0200B2 /* VoiceNoteTranscriptionService.swift */ = {isa = PBXFileReference; lastKnownFileType = sourcecode.swift; path = VoiceNoteTranscriptionService.swift; sourceTree = "<group>"; };

		AA0200C1 /* CaptureAppRootView.swift */ = {isa = PBXFileReference; lastKnownFileType = sourcecode.swift; path = CaptureAppRootView.swift; sourceTree = "<group>"; };

		AA0200C6 /* CaptureHubView.swift */ = {isa = PBXFileReference; lastKnownFileType = sourcecode.swift; path = CaptureHubView.swift; sourceTree = "<group>"; };
		AA0200C7 /* CaptureHubSectionCard.swift */ = {isa = PBXFileReference; lastKnownFileType = sourcecode.swift; path = CaptureHubSectionCard.swift; sourceTree = "<group>"; };
		AA0200C8 /* CaptureSessionStore.swift */ = {isa = PBXFileReference; lastKnownFileType = sourcecode.swift; path = CaptureSessionStore.swift; sourceTree = "<group>"; };
		AA0200C9 /* CaptureSessionModels.swift */ = {isa = PBXFileReference; lastKnownFileType = sourcecode.swift; path = CaptureSessionModels.swift; sourceTree = "<group>"; };
		AA0200CA /* CaptureSessionPersistence.swift */ = {isa = PBXFileReference; lastKnownFileType = sourcecode.swift; path = CaptureSessionPersistence.swift; sourceTree = "<group>"; };
		AA0200CB /* CaptureSessionExporter.swift */ = {isa = PBXFileReference; lastKnownFileType = sourcecode.swift; path = CaptureSessionExporter.swift; sourceTree = "<group>"; };
		AA0200CC /* StartJobView.swift */ = {isa = PBXFileReference; lastKnownFileType = sourcecode.swift; path = StartJobView.swift; sourceTree = "<group>"; };
		AA0200CD /* ObjectPinListView.swift */ = {isa = PBXFileReference; lastKnownFileType = sourcecode.swift; path = ObjectPinListView.swift; sourceTree = "<group>"; };
		AA0200CE /* ObjectPinPlacementView.swift */ = {isa = PBXFileReference; lastKnownFileType = sourcecode.swift; path = ObjectPinPlacementView.swift; sourceTree = "<group>"; };
		AA0200CF /* PhotoListView.swift */ = {isa = PBXFileReference; lastKnownFileType = sourcecode.swift; path = PhotoListView.swift; sourceTree = "<group>"; };
		AA0200D0 /* PhotoCaptureView.swift */ = {isa = PBXFileReference; lastKnownFileType = sourcecode.swift; path = PhotoCaptureView.swift; sourceTree = "<group>"; };
		AA0200D0A /* CameraPickerView.swift */ = {isa = PBXFileReference; lastKnownFileType = sourcecode.swift; path = CameraPickerView.swift; sourceTree = "<group>"; };
		AA0200D1 /* ReviewExportView.swift */ = {isa = PBXFileReference; lastKnownFileType = sourcecode.swift; path = ReviewExportView.swift; sourceTree = "<group>"; };
		AA0200D2 /* RoomScanListView.swift */ = {isa = PBXFileReference; lastKnownFileType = sourcecode.swift; path = RoomScanListView.swift; sourceTree = "<group>"; };

		AA0200D4 /* VoiceNotesView.swift */ = {isa = PBXFileReference; lastKnownFileType = sourcecode.swift; path = VoiceNotesView.swift; sourceTree = "<group>"; };
		AA0200D5 /* VoiceNoteRecorderViewModel.swift */ = {isa = PBXFileReference; lastKnownFileType = sourcecode.swift; path = VoiceNoteRecorderViewModel.swift; sourceTree = "<group>"; };
		AA0200D6 /* LiveCaptureView.swift */ = {isa = PBXFileReference; lastKnownFileType = sourcecode.swift; path = LiveCaptureView.swift; sourceTree = "<group>"; };
		AA0200D7 /* FloorPlanEditorView.swift */ = {isa = PBXFileReference; lastKnownFileType = sourcecode.swift; path = FloorPlanEditorView.swift; sourceTree = "<group>"; };
		AA0200F6 /* FloorPlanReviewView.swift */ = {isa = PBXFileReference; lastKnownFileType = sourcecode.swift; path = FloorPlanReviewView.swift; sourceTree = "<group>"; };
		AA0200F5 /* Comparable+Clamp.swift */ = {isa = PBXFileReference; lastKnownFileType = sourcecode.swift; path = "Comparable+Clamp.swift"; sourceTree = "<group>"; };
		AA0200D8 /* ReviewVisitView.swift */ = {isa = PBXFileReference; lastKnownFileType = sourcecode.swift; path = ReviewVisitView.swift; sourceTree = "<group>"; };
		AA0200D9 /* AtlasKeychainStore.swift */ = {isa = PBXFileReference; lastKnownFileType = sourcecode.swift; path = AtlasKeychainStore.swift; sourceTree = "<group>"; };
		AA0200DB /* AtlasRecommendationsWebView.swift */ = {isa = PBXFileReference; lastKnownFileType = sourcecode.swift; path = AtlasRecommendationsWebView.swift; sourceTree = "<group>"; };
		AA0200DC /* WelcomeView.swift */ = {isa = PBXFileReference; lastKnownFileType = sourcecode.swift; path = WelcomeView.swift; sourceTree = "<group>"; };
		AA0200DD /* VisitPickerView.swift */ = {isa = PBXFileReference; lastKnownFileType = sourcecode.swift; path = VisitPickerView.swift; sourceTree = "<group>"; };
		AA0200DE /* TranscriptView.swift */ = {isa = PBXFileReference; lastKnownFileType = sourcecode.swift; path = TranscriptView.swift; sourceTree = "<group>"; };
		AA0200DF /* CloudflareVisitClient.swift */ = {isa = PBXFileReference; lastKnownFileType = sourcecode.swift; path = CloudflareVisitClient.swift; sourceTree = "<group>"; };

		AA0200E1 /* CaptureSessionExporterTests.swift */ = {isa = PBXFileReference; lastKnownFileType = sourcecode.swift; path = CaptureSessionExporterTests.swift; sourceTree = "<group>"; };
		AA0200E2 /* CaptureSessionStoreTests.swift */ = {isa = PBXFileReference; lastKnownFileType = sourcecode.swift; path = CaptureSessionStoreTests.swift; sourceTree = "<group>"; };
		AA0200F0 /* SessionCaptureV2ValidatorTests.swift */ = {isa = PBXFileReference; lastKnownFileType = sourcecode.swift; path = SessionCaptureV2ValidatorTests.swift; sourceTree = "<group>"; };

		AA0200F1 /* RoomPlanMapper.swift */ = {isa = PBXFileReference; lastKnownFileType = sourcecode.swift; path = RoomPlanMapper.swift; sourceTree = "<group>"; };
		AA0200F2 /* RoomPlanCaptureService.swift */ = {isa = PBXFileReference; lastKnownFileType = sourcecode.swift; path = RoomPlanCaptureService.swift; sourceTree = "<group>"; };
		AA0200F3 /* RoomPlanCaptureView.swift */ = {isa = PBXFileReference; lastKnownFileType = sourcecode.swift; path = RoomPlanCaptureView.swift; sourceTree = "<group>"; };
		AA0200F4 /* RoomPlanMapperTests.swift */ = {isa = PBXFileReference; lastKnownFileType = sourcecode.swift; path = RoomPlanMapperTests.swift; sourceTree = "<group>"; };

		AA020100 /* AtlasScanVisit.swift */ = {isa = PBXFileReference; lastKnownFileType = sourcecode.swift; path = AtlasScanVisit.swift; sourceTree = "<group>"; };
		AA020101 /* AtlasScanVisitStore.swift */ = {isa = PBXFileReference; lastKnownFileType = sourcecode.swift; path = AtlasScanVisitStore.swift; sourceTree = "<group>"; };
		AA020102 /* VisitHomeView.swift */ = {isa = PBXFileReference; lastKnownFileType = sourcecode.swift; path = VisitHomeView.swift; sourceTree = "<group>"; };
		AA020103 /* VisitReadinessPanel.swift */ = {isa = PBXFileReference; lastKnownFileType = sourcecode.swift; path = VisitReadinessPanel.swift; sourceTree = "<group>"; };
		AA020104 /* VisitCompleteView.swift */ = {isa = PBXFileReference; lastKnownFileType = sourcecode.swift; path = VisitCompleteView.swift; sourceTree = "<group>"; };
		AA020105 /* AtlasScanVisitStoreTests.swift */ = {isa = PBXFileReference; lastKnownFileType = sourcecode.swift; path = AtlasScanVisitStoreTests.swift; sourceTree = "<group>"; };

		AA020200 /* SessionCaptureV2Builder.swift */ = {isa = PBXFileReference; lastKnownFileType = sourcecode.swift; path = SessionCaptureV2Builder.swift; sourceTree = "<group>"; };
		AA020201 /* SessionCaptureV2Store.swift */ = {isa = PBXFileReference; lastKnownFileType = sourcecode.swift; path = SessionCaptureV2Store.swift; sourceTree = "<group>"; };
		AA020202 /* SessionCaptureV2DebugView.swift */ = {isa = PBXFileReference; lastKnownFileType = sourcecode.swift; path = SessionCaptureV2DebugView.swift; sourceTree = "<group>"; };
		AA020203 /* SessionCaptureV2BuilderTests.swift */ = {isa = PBXFileReference; lastKnownFileType = sourcecode.swift; path = SessionCaptureV2BuilderTests.swift; sourceTree = "<group>"; };
		AA020204 /* SessionCaptureV2StoreTests.swift */ = {isa = PBXFileReference; lastKnownFileType = sourcecode.swift; path = SessionCaptureV2StoreTests.swift; sourceTree = "<group>"; };

		AA020300 /* ReviewEvidenceView.swift */ = {isa = PBXFileReference; lastKnownFileType = sourcecode.swift; path = ReviewEvidenceView.swift; sourceTree = "<group>"; };
		AA020301 /* CaptureReviewUpdater.swift */ = {isa = PBXFileReference; lastKnownFileType = sourcecode.swift; path = CaptureReviewUpdater.swift; sourceTree = "<group>"; };
		AA020302 /* CaptureReviewUpdaterTests.swift */ = {isa = PBXFileReference; lastKnownFileType = sourcecode.swift; path = CaptureReviewUpdaterTests.swift; sourceTree = "<group>"; };
		AA020303 /* VisitReadinessReviewTests.swift */ = {isa = PBXFileReference; lastKnownFileType = sourcecode.swift; path = VisitReadinessReviewTests.swift; sourceTree = "<group>"; };

		AA020400 /* ScanToMindHandoffBuilder.swift */ = {isa = PBXFileReference; lastKnownFileType = sourcecode.swift; path = ScanToMindHandoffBuilder.swift; sourceTree = "<group>"; };
		AA020401 /* ScanToMindPayloadEncoder.swift */ = {isa = PBXFileReference; lastKnownFileType = sourcecode.swift; path = ScanToMindPayloadEncoder.swift; sourceTree = "<group>"; };
		AA020402 /* OpenAtlasMind.swift */ = {isa = PBXFileReference; lastKnownFileType = sourcecode.swift; path = OpenAtlasMind.swift; sourceTree = "<group>"; };

		AA020500 /* BuildInfoView.swift */ = {isa = PBXFileReference; lastKnownFileType = sourcecode.swift; path = BuildInfoView.swift; sourceTree = "<group>"; };
		AA020501 /* PermissionPreflightView.swift */ = {isa = PBXFileReference; lastKnownFileType = sourcecode.swift; path = PermissionPreflightView.swift; sourceTree = "<group>"; };
		AA020502 /* TestFlightDiagnosticsView.swift */ = {isa = PBXFileReference; lastKnownFileType = sourcecode.swift; path = TestFlightDiagnosticsView.swift; sourceTree = "<group>"; };
		AA020503 /* TestFlightFeedbackReporter.swift */ = {isa = PBXFileReference; lastKnownFileType = sourcecode.swift; path = TestFlightFeedbackReporter.swift; sourceTree = "<group>"; };

		AA020600 /* CustomerPackView.swift */ = {isa = PBXFileReference; lastKnownFileType = sourcecode.swift; path = CustomerPackView.swift; sourceTree = "<group>"; };

		AA020700 /* FabricCaptureView.swift */ = {isa = PBXFileReference; lastKnownFileType = sourcecode.swift; path = FabricCaptureView.swift; sourceTree = "<group>"; };
		AA020701 /* HazardCaptureView.swift */ = {isa = PBXFileReference; lastKnownFileType = sourcecode.swift; path = HazardCaptureView.swift; sourceTree = "<group>"; };
		AA020702 /* FloorPlanFabricBuilderTests.swift */ = {isa = PBXFileReference; lastKnownFileType = sourcecode.swift; path = FloorPlanFabricBuilderTests.swift; sourceTree = "<group>"; };
		AA020703 /* QuotePlannerCaptureView.swift */ = {isa = PBXFileReference; lastKnownFileType = sourcecode.swift; path = QuotePlannerCaptureView.swift; sourceTree = "<group>"; };
		AA020704 /* QuotePlannerEvidenceTests.swift */ = {isa = PBXFileReference; lastKnownFileType = sourcecode.swift; path = QuotePlannerEvidenceTests.swift; sourceTree = "<group>"; };
		AA020705 /* ScanToMindHandoffTests.swift */ = {isa = PBXFileReference; lastKnownFileType = sourcecode.swift; path = ScanToMindHandoffTests.swift; sourceTree = "<group>"; };

		AA020B01 /* HardwareRegistryTests.swift */ = {isa = PBXFileReference; lastKnownFileType = sourcecode.swift; path = HardwareRegistryTests.swift; sourceTree = "<group>"; };

		AA020900 /* ExternalScanView.swift */ = {isa = PBXFileReference; lastKnownFileType = sourcecode.swift; path = ExternalScanView.swift; sourceTree = "<group>"; };
		AA020901 /* ExternalScanCaptureView.swift */ = {isa = PBXFileReference; lastKnownFileType = sourcecode.swift; path = ExternalScanCaptureView.swift; sourceTree = "<group>"; };

		AA020A00 /* MollerTrumboreIntersection.swift */ = {isa = PBXFileReference; lastKnownFileType = sourcecode.swift; path = MollerTrumboreIntersection.swift; sourceTree = "<group>"; };
		AA020A01 /* PropertyNavigatorView.swift */ = {isa = PBXFileReference; lastKnownFileType = sourcecode.swift; path = PropertyNavigatorView.swift; sourceTree = "<group>"; };
		AA020A02 /* RoomLoopView.swift */ = {isa = PBXFileReference; lastKnownFileType = sourcecode.swift; path = RoomLoopView.swift; sourceTree = "<group>"; };
		AA020A03 /* SpatialPinDialView.swift */ = {isa = PBXFileReference; lastKnownFileType = sourcecode.swift; path = SpatialPinDialView.swift; sourceTree = "<group>"; };
		AA020A04 /* ClearanceCubeOverlayView.swift */ = {isa = PBXFileReference; lastKnownFileType = sourcecode.swift; path = ClearanceCubeOverlayView.swift; sourceTree = "<group>"; };
		AA020A05 /* OutdoorFlueModeView.swift */ = {isa = PBXFileReference; lastKnownFileType = sourcecode.swift; path = OutdoorFlueModeView.swift; sourceTree = "<group>"; };
		AA020A06 /* VanModeReviewView.swift */ = {isa = PBXFileReference; lastKnownFileType = sourcecode.swift; path = VanModeReviewView.swift; sourceTree = "<group>"; };
		AA020B00 /* GhostBoxARView.swift */ = {isa = PBXFileReference; lastKnownFileType = sourcecode.swift; path = GhostBoxARView.swift; sourceTree = "<group>"; };
		AA020A07 /* CustomRoomShapeRenderer.swift */ = {isa = PBXFileReference; lastKnownFileType = sourcecode.swift; path = CustomRoomShapeRenderer.swift; sourceTree = "<group>"; };
/* End PBXFileReference section */
		AA0200E6 /* StartVisitView.swift */ = {isa = PBXFileReference; lastKnownFileType = sourcecode.swift; path = StartVisitView.swift; sourceTree = "<group>"; };
		AA0200E7 /* SavedVisitsView.swift */ = {isa = PBXFileReference; lastKnownFileType = sourcecode.swift; path = SavedVisitsView.swift; sourceTree = "<group>"; };
		AA0200E8 /* VisitDetailView.swift */ = {isa = PBXFileReference; lastKnownFileType = sourcecode.swift; path = VisitDetailView.swift; sourceTree = "<group>"; };
		AA0200E9 /* PhotoCaptureSheet.swift */ = {isa = PBXFileReference; lastKnownFileType = sourcecode.swift; path = PhotoCaptureSheet.swift; sourceTree = "<group>"; };
		AA0200EA /* TextNoteSheet.swift */ = {isa = PBXFileReference; lastKnownFileType = sourcecode.swift; path = TextNoteSheet.swift; sourceTree = "<group>"; };
		AA0200EB /* VisitReviewView.swift */ = {isa = PBXFileReference; lastKnownFileType = sourcecode.swift; path = VisitReviewView.swift; sourceTree = "<group>"; };
		AA0200EC /* VisitContainerTests.swift */ = {isa = PBXFileReference; lastKnownFileType = sourcecode.swift; path = VisitContainerTests.swift; sourceTree = "<group>"; };
		AAV30001 /* MindRecallClient.swift */ = {isa = PBXFileReference; lastKnownFileType = sourcecode.swift; path = MindRecallClient.swift; sourceTree = "<group>"; };
		AAV30002 /* ScanSessionCoordinator.swift */ = {isa = PBXFileReference; lastKnownFileType = sourcecode.swift; path = ScanSessionCoordinator.swift; sourceTree = "<group>"; };
		AAV30003 /* GhostBoxARView.swift */ = {isa = PBXFileReference; lastKnownFileType = sourcecode.swift; path = GhostBoxARView.swift; sourceTree = "<group>"; };
		AAV30004 /* GhostBoxRenderer.swift */ = {isa = PBXFileReference; lastKnownFileType = sourcecode.swift; path = GhostBoxRenderer.swift; sourceTree = "<group>"; };
		AAV30005 /* MiniMapHUD.swift */ = {isa = PBXFileReference; lastKnownFileType = sourcecode.swift; path = MiniMapHUD.swift; sourceTree = "<group>"; };
		AAV30006 /* V2RoomPlanCaptureView.swift */ = {isa = PBXFileReference; lastKnownFileType = sourcecode.swift; path = V2RoomPlanCaptureView.swift; sourceTree = "<group>"; };
		AAV30007 /* RoomPlanCoordinator.swift */ = {isa = PBXFileReference; lastKnownFileType = sourcecode.swift; path = RoomPlanCoordinator.swift; sourceTree = "<group>"; };
		AAV30008 /* SpatialPinARView.swift */ = {isa = PBXFileReference; lastKnownFileType = sourcecode.swift; path = SpatialPinARView.swift; sourceTree = "<group>"; };
		AAV30009 /* SpatialPinManager.swift */ = {isa = PBXFileReference; lastKnownFileType = sourcecode.swift; path = SpatialPinManager.swift; sourceTree = "<group>"; };
		AAV3000A /* CustomRoomShapeRenderer.swift */ = {isa = PBXFileReference; lastKnownFileType = sourcecode.swift; path = CustomRoomShapeRenderer.swift; sourceTree = "<group>"; };
		AAV3000B /* HandoffView.swift */ = {isa = PBXFileReference; lastKnownFileType = sourcecode.swift; path = HandoffView.swift; sourceTree = "<group>"; };
		AAV3000C /* V2OutdoorFlueModeView.swift */ = {isa = PBXFileReference; lastKnownFileType = sourcecode.swift; path = V2OutdoorFlueModeView.swift; sourceTree = "<group>"; };
		AAV3000D /* PropertyMapView.swift */ = {isa = PBXFileReference; lastKnownFileType = sourcecode.swift; path = PropertyMapView.swift; sourceTree = "<group>"; };
		AAV3000E /* VanModeView.swift */ = {isa = PBXFileReference; lastKnownFileType = sourcecode.swift; path = VanModeView.swift; sourceTree = "<group>"; };
		AAV3000F /* V2RoomLoopView.swift */ = {isa = PBXFileReference; lastKnownFileType = sourcecode.swift; path = V2RoomLoopView.swift; sourceTree = "<group>"; };
		AAV30010 /* V2LiveCaptureJourneyTests.swift */ = {isa = PBXFileReference; lastKnownFileType = sourcecode.swift; path = V2LiveCaptureJourneyTests.swift; sourceTree = "<group>"; };
		AAV30011 /* V2RecentCaptureStrip.swift */ = {isa = PBXFileReference; lastKnownFileType = sourcecode.swift; path = V2RecentCaptureStrip.swift; sourceTree = "<group>"; };
		AAV30012 /* SurfaceSemanticV1Tests.swift */ = {isa = PBXFileReference; lastKnownFileType = sourcecode.swift; path = SurfaceSemanticV1Tests.swift; sourceTree = "<group>"; };
		AAV30013 /* V2OffscreenPointerOverlay.swift */ = {isa = PBXFileReference; lastKnownFileType = sourcecode.swift; path = V2OffscreenPointerOverlay.swift; sourceTree = "<group>"; };
/* End PBXFileReference section */

/* Begin PBXFrameworksBuildPhase section */
		AA040001 /* Frameworks */ = {
			isa = PBXFrameworksBuildPhase;
			buildActionMask = 2147483647;
			files = (
				AAPKG003 /* AtlasContracts in Frameworks */,
				AAPKG013 /* AtlasScanCore in Frameworks */,
			);
			runOnlyForDeploymentPostprocessing = 0;
		};
		AA040002 /* Frameworks */ = {
			isa = PBXFrameworksBuildPhase;
			buildActionMask = 2147483647;
			files = (
				AAPKG005 /* AtlasContracts in Frameworks */,
				AAPKG015 /* AtlasScanCore in Frameworks */,
			);
			runOnlyForDeploymentPostprocessing = 0;
		};
/* End PBXFrameworksBuildPhase section */

/* Begin PBXGroup section */
		AA050001 /* AtlasScan */ = {
			isa = PBXGroup;
			children = (
				AA050002 /* App */,
				AA050003 /* Features */,
				AA050004 /* Models */,
				AA050005 /* Services */,
				AA050008 /* Resources */,
				AA05003C /* Extensions */,
				AAV50001 /* V2 */,
			);
			path = AtlasScan;
			sourceTree = "<group>";
		};
		AA050002 /* App */ = {
			isa = PBXGroup;
			children = (
				AA020001 /* AtlasScanApp.swift */,
				AA0200C1 /* CaptureAppRootView.swift */,
			);
			path = App;
			sourceTree = "<group>";
		};
		AA050003 /* Features */ = {
			isa = PBXGroup;
			children = (
				AA050014 /* Export */,
				AA050016 /* Evidence */,
				AA050017 /* LiDARClearance */,
				AA05002B /* CaptureHub */,
				AA05002C /* CaptureSession */,
				AA05002D /* StartJob */,
				AA05002E /* ObjectPins */,
				AA05002F /* Photos */,
				AA050030 /* ReviewExport */,
				AA050031 /* RoomScans */,
				AA050032 /* VoiceNotes */,
				AA050033 /* LiveCapture */,
				AA050034 /* FloorPlanEditor */,
				AA050035 /* ReviewVisit */,
				AA050040 /* Review */,
				AA050050 /* Handoff */,
				AA050060 /* Diagnostics */,
				AA050070 /* CustomerPack */,
				AA050080 /* Fabric */,
				AA050081 /* Hazards */,
				AA050082 /* QuotePlanner */,
				AA050090 /* ExternalScan */,
			AA050091 /* SpatialWalkthrough */,
				AA050037 /* Welcome */,
				AA050038 /* VisitPicker */,
				AA050039 /* Transcripts */,
				AA05003B /* Visit */,
			);
			path = Features;
			sourceTree = "<group>";
		};
		AA050004 /* Models */ = {
			isa = PBXGroup;
			children = (

				AA020060 /* VoiceNote.swift */,
				AA020076 /* ExtractedSessionFact.swift */,

				AA020018 /* ServiceObjectCategory.swift */,

				AA020100 /* AtlasScanVisit.swift */,

			);
			path = Models;
			sourceTree = "<group>";
		};
		AA050005 /* Services */ = {
			isa = PBXGroup;
			children = (

				AA020032 /* ClearanceEngine.swift */,
				AA020033 /* ApplianceProfiles.swift */,
				AA020040 /* PhotoStore.swift */,
				AA020061 /* VoiceNoteStore.swift */,
				AA0200F7 /* DeveloperModeStore.swift */,
				AA020062 /* VoiceNoteRecorder.swift */,
				AA020065 /* VoiceNotePlaybackManager.swift */,

				AA0200B2 /* VoiceNoteTranscriptionService.swift */,
				AA050036 /* AtlasRecommendations */,
				AA05003A /* CloudflareAPI */,

				AA020101 /* AtlasScanVisitStore.swift */,
			);
			path = Services;
			sourceTree = "<group>";
		};
		AA050008 /* Resources */ = {
			isa = PBXGroup;
			children = (
				AA030003 /* Info.plist */,
				AA020089 /* Assets.xcassets */,
			);
			path = Resources;
			sourceTree = "<group>";
		};
		AA050014 /* Export */ = {
			isa = PBXGroup;
			children = (

				AA020070 /* JSONInspectorView.swift */,
				AA020071 /* ShareSheet.swift */,
				AA020072 /* WorkspaceExporter.swift */,
				AA0200F8 /* DocumentPickerSheet.swift */,

			);
			path = Export;
			sourceTree = "<group>";
		};
		AA050016 /* Evidence */ = {
			isa = PBXGroup;
			children = (
				AA020041 /* ImagePickerView.swift */,

				AA020063 /* VoiceNoteRecorderSheet.swift */,

				AA020079 /* VoiceNoteCategoryPicker.swift */,
			);
			path = Evidence;
			sourceTree = "<group>";
		};
		AA050017 /* LiDARClearance */ = {
			isa = PBXGroup;
			children = (
				AA020047 /* LiDARClearanceMeasurement.swift */,
				AA020048 /* LiDARClearanceSession.swift */,
				AA020049 /* LiDARClearanceView.swift */,
			);
			path = LiDARClearance;
			sourceTree = "<group>";
		};
		AA05002B /* CaptureHub */ = {
			isa = PBXGroup;
			children = (
				AA0200C6 /* CaptureHubView.swift */,
				AA0200C7 /* CaptureHubSectionCard.swift */,
			);
			path = CaptureHub;
			sourceTree = "<group>";
		};
		AA05002C /* CaptureSession */ = {
			isa = PBXGroup;
			children = (
				AA0200C8 /* CaptureSessionStore.swift */,
				AA0200C9 /* CaptureSessionModels.swift */,
				AA0200CA /* CaptureSessionPersistence.swift */,
				AA0200CB /* CaptureSessionExporter.swift */,
				AA020200 /* SessionCaptureV2Builder.swift */,
				AA020201 /* SessionCaptureV2Store.swift */,
			);
			path = CaptureSession;
			sourceTree = "<group>";
		};
		AA05002D /* StartJob */ = {
			isa = PBXGroup;
			children = (
				AA0200CC /* StartJobView.swift */,
			);
			path = StartJob;
			sourceTree = "<group>";
		};
		AA05002E /* ObjectPins */ = {
			isa = PBXGroup;
			children = (
				AA0200CD /* ObjectPinListView.swift */,
				AA0200CE /* ObjectPinPlacementView.swift */,
			);
			path = ObjectPins;
			sourceTree = "<group>";
		};
		AA05002F /* Photos */ = {
			isa = PBXGroup;
			children = (
				AA0200CF /* PhotoListView.swift */,
				AA0200D0 /* PhotoCaptureView.swift */,
				AA0200D0A /* CameraPickerView.swift */,
			);
			path = Photos;
			sourceTree = "<group>";
		};
		AA050030 /* ReviewExport */ = {
			isa = PBXGroup;
			children = (
				AA0200D1 /* ReviewExportView.swift */,
			);
			path = ReviewExport;
			sourceTree = "<group>";
		};
		AA050031 /* RoomScans */ = {
			isa = PBXGroup;
			children = (
				AA0200D2 /* RoomScanListView.swift */,
				AA0200F1 /* RoomPlanMapper.swift */,
				AA0200F2 /* RoomPlanCaptureService.swift */,
				AA0200F3 /* RoomPlanCaptureView.swift */,
			);
			path = RoomScans;
			sourceTree = "<group>";
		};
		AA050032 /* VoiceNotes */ = {
			isa = PBXGroup;
			children = (
				AA0200D4 /* VoiceNotesView.swift */,
				AA0200D5 /* VoiceNoteRecorderViewModel.swift */,
			);
			path = VoiceNotes;
			sourceTree = "<group>";
		};
		AA050033 /* LiveCapture */ = {
			isa = PBXGroup;
			children = (
				AA0200D6 /* LiveCaptureView.swift */,
			);
			path = LiveCapture;
			sourceTree = "<group>";
		};
		AA050034 /* FloorPlanEditor */ = {
			isa = PBXGroup;
			children = (
				AA0200D7 /* FloorPlanEditorView.swift */,
				AA0200F6 /* FloorPlanReviewView.swift */,
			);
			path = FloorPlanEditor;
			sourceTree = "<group>";
		};
		AA050035 /* ReviewVisit */ = {
			isa = PBXGroup;
			children = (
				AA0200D8 /* ReviewVisitView.swift */,
			);
			path = ReviewVisit;
			sourceTree = "<group>";
		};
		AA050040 /* Review */ = {
			isa = PBXGroup;
			children = (
				AA020300 /* ReviewEvidenceView.swift */,
				AA020301 /* CaptureReviewUpdater.swift */,
			);
			path = Review;
			sourceTree = "<group>";
		};
		AA050050 /* Handoff */ = {
			isa = PBXGroup;
			children = (
				AA020400 /* ScanToMindHandoffBuilder.swift */,
				AA020401 /* ScanToMindPayloadEncoder.swift */,
				AA020402 /* OpenAtlasMind.swift */,
			);
			path = Handoff;
			sourceTree = "<group>";
		};
		AA050060 /* Diagnostics */ = {
			isa = PBXGroup;
			children = (
				AA020500 /* BuildInfoView.swift */,
				AA020501 /* PermissionPreflightView.swift */,
				AA020502 /* TestFlightDiagnosticsView.swift */,
				AA020503 /* TestFlightFeedbackReporter.swift */,
			);
			path = Diagnostics;
			sourceTree = "<group>";
		};
		AA050070 /* CustomerPack */ = {
			isa = PBXGroup;
			children = (
				AA020600 /* CustomerPackView.swift */,
			);
			path = CustomerPack;
			sourceTree = "<group>";
		};
		AA050080 /* Fabric */ = {
			isa = PBXGroup;
			children = (
				AA020700 /* FabricCaptureView.swift */,
			);
			path = Fabric;
			sourceTree = "<group>";
		};
		AA050081 /* Hazards */ = {
			isa = PBXGroup;
			children = (
				AA020701 /* HazardCaptureView.swift */,
			);
			path = Hazards;
			sourceTree = "<group>";
		};
		AA050082 /* QuotePlanner */ = {
			isa = PBXGroup;
			children = (
				AA020703 /* QuotePlannerCaptureView.swift */,
			);
			path = QuotePlanner;
			sourceTree = "<group>";
		};
		AA050090 /* ExternalScan */ = {
			isa = PBXGroup;
			children = (
				AA020900 /* ExternalScanView.swift */,
				AA020901 /* ExternalScanCaptureView.swift */,
			);
			path = ExternalScan;
			sourceTree = "<group>";
		};
		AA050091 /* SpatialWalkthrough */ = {
			isa = PBXGroup;
			children = (
				AA020A00 /* MollerTrumboreIntersection.swift */,
				AA020A01 /* PropertyNavigatorView.swift */,
				AA020A02 /* RoomLoopView.swift */,
				AA020A03 /* SpatialPinDialView.swift */,
				AA020A04 /* ClearanceCubeOverlayView.swift */,
				AA020A05 /* OutdoorFlueModeView.swift */,
				AA020A06 /* VanModeReviewView.swift */,
				AA020A07 /* CustomRoomShapeRenderer.swift */,
				AA020B00 /* GhostBoxARView.swift */,
			);
			path = SpatialWalkthrough;
			sourceTree = "<group>";
		};
		AA050036 /* AtlasRecommendations */ = {
			isa = PBXGroup;
			children = (
				AA0200D9 /* AtlasKeychainStore.swift */,
				AA0200DB /* AtlasRecommendationsWebView.swift */,
			);
			path = AtlasRecommendations;
			sourceTree = "<group>";
		};
		AA050037 /* Welcome */ = {
			isa = PBXGroup;
			children = (
				AA0200DC /* WelcomeView.swift */,
			);
			path = Welcome;
			sourceTree = "<group>";
		};
		AA050038 /* VisitPicker */ = {
			isa = PBXGroup;
			children = (
				AA0200DD /* VisitPickerView.swift */,
			);
			path = VisitPicker;
			sourceTree = "<group>";
		};
		AA050039 /* Transcripts */ = {
			isa = PBXGroup;
			children = (
				AA0200DE /* TranscriptView.swift */,
			);
			path = Transcripts;
			sourceTree = "<group>";
		};
		AA05003A /* CloudflareAPI */ = {
			isa = PBXGroup;
			children = (
				AA0200DF /* CloudflareVisitClient.swift */,
			);
			path = CloudflareAPI;
			sourceTree = "<group>";
		};
		AA05003C /* Extensions */ = {
			isa = PBXGroup;
			children = (
				AA0200F5 /* Comparable+Clamp.swift */,
			);
			path = Extensions;
			sourceTree = "<group>";
		};
		AAV50001 /* V2 */ = {
			isa = PBXGroup;
			children = (
				AAV30001 /* MindRecallClient.swift */,
				AAV50002 /* Coordinators */,
				AAV50003 /* AR */,
				AAV50004 /* Views */,
			);
			path = V2;
			sourceTree = "<group>";
		};
		AAV50002 /* Coordinators */ = {
			isa = PBXGroup;
			children = (
				AAV30002 /* ScanSessionCoordinator.swift */,
			);
			path = Coordinators;
			sourceTree = "<group>";
		};
		AAV50003 /* AR */ = {
			isa = PBXGroup;
			children = (
				AAV30003 /* GhostBoxARView.swift */,
				AAV30004 /* GhostBoxRenderer.swift */,
				AAV30005 /* MiniMapHUD.swift */,
				AAV30006 /* V2RoomPlanCaptureView.swift */,
				AAV30007 /* RoomPlanCoordinator.swift */,
				AAV30008 /* SpatialPinARView.swift */,
				AAV30009 /* SpatialPinManager.swift */,
			);
			path = AR;
			sourceTree = "<group>";
		};
		AAV50004 /* Views */ = {
			isa = PBXGroup;
			children = (
				AAV3000A /* CustomRoomShapeRenderer.swift */,
				AAV3000B /* HandoffView.swift */,
				AAV3000C /* V2OutdoorFlueModeView.swift */,
				AAV3000D /* PropertyMapView.swift */,
				AAV3000E /* VanModeView.swift */,
				AAV3000F /* V2RoomLoopView.swift */,
				AAV30011 /* V2RecentCaptureStrip.swift */,
				AAV30013 /* V2OffscreenPointerOverlay.swift */,
			);
			path = Views;
			sourceTree = "<group>";
		};
		AA060000 = {
			isa = PBXGroup;
			children = (
				AA050001 /* AtlasScan */,
				AA060001 /* AtlasScanTests */,
				AA060002 /* Products */,
			);
			sourceTree = "<group>";
		};
		AA060001 /* AtlasScanTests */ = {
			isa = PBXGroup;
			children = (

				AA020034 /* ClearanceEngineTests.swift */,
				AA020035 /* ApplianceProfileTests.swift */,

				AA020050 /* LiDARClearanceMeasurementTests.swift */,

				AA020064 /* VoiceNoteTests.swift */,

				AA0200B0 /* VisitCompletionValidatorTests.swift */,

				AA0200E1 /* CaptureSessionExporterTests.swift */,
				AA0200E2 /* CaptureSessionStoreTests.swift */,

				AA0200EC /* VisitContainerTests.swift */,

				AA0200F0 /* SessionCaptureV2ValidatorTests.swift */,
				AA0200F4 /* RoomPlanMapperTests.swift */,

				AA020073 /* WorkspaceExporterTests.swift */,

				AA020105 /* AtlasScanVisitStoreTests.swift */,

				AA020203 /* SessionCaptureV2BuilderTests.swift */,
				AA020204 /* SessionCaptureV2StoreTests.swift */,

				AA020302 /* CaptureReviewUpdaterTests.swift */,
				AA020303 /* VisitReadinessReviewTests.swift */,

				AA020702 /* FloorPlanFabricBuilderTests.swift */,
				AA020704 /* QuotePlannerEvidenceTests.swift */,
				AA020705 /* ScanToMindHandoffTests.swift */,
				AA020B01 /* HardwareRegistryTests.swift */,
				AA020800 /* ServiceObjectCategoryTerminologyTests.swift */,
				AAV30010 /* V2LiveCaptureJourneyTests.swift */,
				AAV30012 /* SurfaceSemanticV1Tests.swift */,
			);
			path = AtlasScanTests;
			sourceTree = "<group>";
		};
		AA060002 /* Products */ = {
			isa = PBXGroup;
			children = (
				AA030001 /* AtlasScan.app */,
				AA030002 /* AtlasScanTests.xctest */,
			);
			name = Products;
			sourceTree = "<group>";
		};
		AA05003B /* Visit */ = {
			isa = PBXGroup;
			children = (
				AA0200E6 /* StartVisitView.swift */,
				AA0200E7 /* SavedVisitsView.swift */,
				AA0200E8 /* VisitDetailView.swift */,
				AA0200E9 /* PhotoCaptureSheet.swift */,
				AA0200EA /* TextNoteSheet.swift */,
				AA0200EB /* VisitReviewView.swift */,
				AA020102 /* VisitHomeView.swift */,
				AA020103 /* VisitReadinessPanel.swift */,
				AA020104 /* VisitCompleteView.swift */,
				AA020202 /* SessionCaptureV2DebugView.swift */,
			);
			path = Visit;
			sourceTree = "<group>";
		};
/* End PBXGroup section */

/* Begin PBXNativeTarget section */
		AA070001 /* AtlasScan */ = {
			isa = PBXNativeTarget;
			buildConfigurationList = AA090001 /* Build configuration list for PBXNativeTarget "AtlasScan" */;
			buildPhases = (
				AA080001 /* Sources */,
				AA040001 /* Frameworks */,
				AA080003 /* Resources */,
			);
			buildRules = (
			);
			dependencies = (
			);
			name = AtlasScan;
			packageProductDependencies = (
				AAPKG002 /* AtlasContracts */,
				AAPKG012 /* AtlasScanCore */,
			);
			productName = AtlasScan;
			productReference = AA030001 /* AtlasScan.app */;
			productType = "com.apple.product-type.application";
		};
		AA070002 /* AtlasScanTests */ = {
			isa = PBXNativeTarget;
			buildConfigurationList = AA090002 /* Build configuration list for PBXNativeTarget "AtlasScanTests" */;
			buildPhases = (
				AA080002 /* Sources */,
				AA040002 /* Frameworks */,
			);
			buildRules = (
			);
			dependencies = (
				AA0A0001 /* PBXTargetDependency */,
			);
			name = AtlasScanTests;
			packageProductDependencies = (
				AAPKG004 /* AtlasContracts */,
				AAPKG014 /* AtlasScanCore */,
			);
			productName = AtlasScanTests;
			productReference = AA030002 /* AtlasScanTests.xctest */;
			productType = "com.apple.product-type.bundle.unit-test";
		};
/* End PBXNativeTarget section */

/* Begin PBXProject section */
		AA0B0001 /* Project object */ = {
			isa = PBXProject;
			attributes = {
				BuildIndependentTargetsInParallel = 1;
				LastSwiftUpdateCheck = 1500;
				LastUpgradeCheck = 1500;
				TargetAttributes = {
					AA070001 = {
						CreatedOnToolsVersion = 15.0;
					};
					AA070002 = {
						CreatedOnToolsVersion = 15.0;
						TestTargetID = AA070001;
					};
				};
			};
			buildConfigurationList = AA090003 /* Build configuration list for PBXProject "AtlasScan" */;
			compatibilityVersion = "Xcode 14.0";
			developmentRegion = en;
			hasScannedForEncodings = 0;
			knownRegions = (
				en,
				Base,
			);
			mainGroup = AA060000;
			packageReferences = (
				AAPKG001 /* XCLocalSwiftPackageReference "AtlasContracts" */,
				AAPKG011 /* XCLocalSwiftPackageReference "AtlasScanCore" */,
			);
			productRefGroup = AA060002 /* Products */;
			projectDirPath = "";
			projectRoot = "";
			targets = (
				AA070001 /* AtlasScan */,
				AA070002 /* AtlasScanTests */,
			);
		};
/* End PBXProject section */

/* Begin PBXResourcesBuildPhase section */
		AA080003 /* Resources */ = {
			isa = PBXResourcesBuildPhase;
			buildActionMask = 2147483647;
			files = (
				AA010089 /* Assets.xcassets in Resources */,
			);
			runOnlyForDeploymentPostprocessing = 0;
		};
/* End PBXResourcesBuildPhase section */

/* Begin PBXSourcesBuildPhase section */
		AA080001 /* Sources */ = {
			isa = PBXSourcesBuildPhase;
			buildActionMask = 2147483647;
			files = (
				AA010001 /* AtlasScanApp.swift in Sources */,

				AA010018 /* ServiceObjectCategory.swift in Sources */,

				AA010032 /* ClearanceEngine.swift in Sources */,
				AA010033 /* ApplianceProfiles.swift in Sources */,

				AA010040 /* PhotoStore.swift in Sources */,
				AA010041 /* ImagePickerView.swift in Sources */,

				AA0100F7 /* DeveloperModeStore.swift in Sources */,
				AA0100F8 /* DocumentPickerSheet.swift in Sources */,

				AA010047 /* LiDARClearanceMeasurement.swift in Sources */,
				AA010048 /* LiDARClearanceSession.swift in Sources */,
				AA010049 /* LiDARClearanceView.swift in Sources */,

				AA010060 /* VoiceNote.swift in Sources */,
				AA010061 /* VoiceNoteStore.swift in Sources */,
				AA010062 /* VoiceNoteRecorder.swift in Sources */,
				AA010063 /* VoiceNoteRecorderSheet.swift in Sources */,
				AA010065 /* VoiceNotePlaybackManager.swift in Sources */,

				AA010070 /* JSONInspectorView.swift in Sources */,
				AA010071 /* ShareSheet.swift in Sources */,
				AA010072 /* WorkspaceExporter.swift in Sources */,

				AA010076 /* ExtractedSessionFact.swift in Sources */,

				AA010079 /* VoiceNoteCategoryPicker.swift in Sources */,

				AA0100B2 /* VoiceNoteTranscriptionService.swift in Sources */,
				AA0100C1 /* CaptureAppRootView.swift in Sources */,

				AA0100C6 /* CaptureHubView.swift in Sources */,
				AA0100C7 /* CaptureHubSectionCard.swift in Sources */,
				AA0100C8 /* CaptureSessionStore.swift in Sources */,
				AA0100C9 /* CaptureSessionModels.swift in Sources */,
				AA0100CA /* CaptureSessionPersistence.swift in Sources */,
				AA0100CB /* CaptureSessionExporter.swift in Sources */,
				AA0100CC /* StartJobView.swift in Sources */,
				AA0100CD /* ObjectPinListView.swift in Sources */,
				AA0100CE /* ObjectPinPlacementView.swift in Sources */,
				AA0100CF /* PhotoListView.swift in Sources */,
				AA0100D0 /* PhotoCaptureView.swift in Sources */,
				AA0100D0A /* CameraPickerView.swift in Sources */,
				AA0100D1 /* ReviewExportView.swift in Sources */,
				AA0100D2 /* RoomScanListView.swift in Sources */,

				AA0100F1 /* RoomPlanMapper.swift in Sources */,
				AA0100F2 /* RoomPlanCaptureService.swift in Sources */,
				AA0100F3 /* RoomPlanCaptureView.swift in Sources */,
	

				AA0100D4 /* VoiceNotesView.swift in Sources */,
				AA0100D5 /* VoiceNoteRecorderViewModel.swift in Sources */,
				AA0100D6 /* LiveCaptureView.swift in Sources */,
				AA0100D7 /* FloorPlanEditorView.swift in Sources */,
				AA0100F6 /* FloorPlanReviewView.swift in Sources */,
				AA0100F5 /* Comparable+Clamp.swift in Sources */,
				AA0100D8 /* ReviewVisitView.swift in Sources */,
				AA0100D9 /* AtlasKeychainStore.swift in Sources */,
				AA0100DB /* AtlasRecommendationsWebView.swift in Sources */,
				AA0100DC /* WelcomeView.swift in Sources */,
				AA0100DD /* VisitPickerView.swift in Sources */,
				AA0100DE /* TranscriptView.swift in Sources */,
				AA0100DF /* CloudflareVisitClient.swift in Sources */,
				AA0100E6 /* StartVisitView.swift in Sources */,
				AA0100E7 /* SavedVisitsView.swift in Sources */,
				AA0100E8 /* VisitDetailView.swift in Sources */,
				AA0100E9 /* PhotoCaptureSheet.swift in Sources */,
				AA0100EA /* TextNoteSheet.swift in Sources */,
				AA0100EB /* VisitReviewView.swift in Sources */,

				AA010100 /* AtlasScanVisit.swift in Sources */,
				AA010101 /* AtlasScanVisitStore.swift in Sources */,
				AA010102 /* VisitHomeView.swift in Sources */,
				AA010103 /* VisitReadinessPanel.swift in Sources */,
				AA010104 /* VisitCompleteView.swift in Sources */,

				AA010200 /* SessionCaptureV2Builder.swift in Sources */,
				AA010201 /* SessionCaptureV2Store.swift in Sources */,
				AA010202 /* SessionCaptureV2DebugView.swift in Sources */,

				AA010300 /* ReviewEvidenceView.swift in Sources */,
				AA010301 /* CaptureReviewUpdater.swift in Sources */,

				AA010400 /* ScanToMindHandoffBuilder.swift in Sources */,
				AA010401 /* ScanToMindPayloadEncoder.swift in Sources */,
				AA010402 /* OpenAtlasMind.swift in Sources */,

				AA010500 /* BuildInfoView.swift in Sources */,
				AA010501 /* PermissionPreflightView.swift in Sources */,
				AA010502 /* TestFlightDiagnosticsView.swift in Sources */,
				AA010503 /* TestFlightFeedbackReporter.swift in Sources */,

				AA010600 /* CustomerPackView.swift in Sources */,

				AA010700 /* FabricCaptureView.swift in Sources */,
				AA010701 /* HazardCaptureView.swift in Sources */,
				AA010703 /* QuotePlannerCaptureView.swift in Sources */,

				AA010900 /* ExternalScanView.swift in Sources */,
				AA010901 /* ExternalScanCaptureView.swift in Sources */,

				AA010A00 /* MollerTrumboreIntersection.swift in Sources */,
				AA010A01 /* PropertyNavigatorView.swift in Sources */,
				AA010A02 /* RoomLoopView.swift in Sources */,
				AA010A03 /* SpatialPinDialView.swift in Sources */,
				AA010A04 /* ClearanceCubeOverlayView.swift in Sources */,
				AA010A05 /* OutdoorFlueModeView.swift in Sources */,
				AA010A06 /* VanModeReviewView.swift in Sources */,
	
	
				AAV20001 /* MindRecallClient.swift in Sources */,
				AAV20002 /* ScanSessionCoordinator.swift in Sources */,
				AAV20003 /* GhostBoxARView.swift in Sources */,
				AAV20004 /* GhostBoxRenderer.swift in Sources */,
				AAV20005 /* MiniMapHUD.swift in Sources */,
				AAV20006 /* V2RoomPlanCaptureView.swift in Sources */,
				AAV20007 /* RoomPlanCoordinator.swift in Sources */,
				AAV20008 /* SpatialPinARView.swift in Sources */,
				AAV20009 /* SpatialPinManager.swift in Sources */,
				AAV2000A /* CustomRoomShapeRenderer.swift in Sources */,
				AAV2000B /* HandoffView.swift in Sources */,
				AAV2000C /* V2OutdoorFlueModeView.swift in Sources */,
				AAV2000D /* PropertyMapView.swift in Sources */,
				AAV2000E /* VanModeView.swift in Sources */,
				AAV2000F /* V2RoomLoopView.swift in Sources */,
				AAV20011 /* V2RecentCaptureStrip.swift in Sources */,
				AAV20013 /* V2OffscreenPointerOverlay.swift in Sources */,
			);
			runOnlyForDeploymentPostprocessing = 0;
		};
		AA080002 /* Sources */ = {
			isa = PBXSourcesBuildPhase;
			buildActionMask = 2147483647;
			files = (

				AA010034 /* ClearanceEngineTests.swift in Sources */,
				AA010035 /* ApplianceProfileTests.swift in Sources */,

				AA010050 /* LiDARClearanceMeasurementTests.swift in Sources */,

				AA010064 /* VoiceNoteTests.swift in Sources */,

				AA0100B0 /* VisitCompletionValidatorTests.swift in Sources */,

				AA0100E1 /* CaptureSessionExporterTests.swift in Sources */,
				AA0100E2 /* CaptureSessionStoreTests.swift in Sources */,

				AA0100EC /* VisitContainerTests.swift in Sources */,

				AA0100F0 /* SessionCaptureV2ValidatorTests.swift in Sources */,
				AA0100F4 /* RoomPlanMapperTests.swift in Sources */,

				AA010073 /* WorkspaceExporterTests.swift in Sources */,

				AA010105 /* AtlasScanVisitStoreTests.swift in Sources */,

				AA010203 /* SessionCaptureV2BuilderTests.swift in Sources */,
				AA010204 /* SessionCaptureV2StoreTests.swift in Sources */,

				AA010302 /* CaptureReviewUpdaterTests.swift in Sources */,
				AA010303 /* VisitReadinessReviewTests.swift in Sources */,

				AA010702 /* FloorPlanFabricBuilderTests.swift in Sources */,
				AA010704 /* QuotePlannerEvidenceTests.swift in Sources */,
				AA010705 /* ScanToMindHandoffTests.swift in Sources */,
				AA010B01 /* HardwareRegistryTests.swift in Sources */,
				AA010800 /* ServiceObjectCategoryTerminologyTests.swift in Sources */,
				AAV20010 /* V2LiveCaptureJourneyTests.swift in Sources */,
				AAV20012 /* SurfaceSemanticV1Tests.swift in Sources */,
			);
			runOnlyForDeploymentPostprocessing = 0;
		};
/* End PBXSourcesBuildPhase section */

/* Begin PBXTargetDependency section */
		AA0A0001 /* PBXTargetDependency */ = {
			isa = PBXTargetDependency;
			target = AA070001 /* AtlasScan */;
			targetProxy = AA0A0002 /* PBXContainerItemProxy */;
		};
/* End PBXTargetDependency section */

/* Begin XCBuildConfiguration section */
		AA0C0001 /* Debug */ = {
			isa = XCBuildConfiguration;
			buildSettings = {
				ALWAYS_SEARCH_USER_PATHS = NO;
				ASSETCATALOG_COMPILER_GENERATE_SWIFT_ASSET_SYMBOL_EXTENSIONS = YES;
				CLANG_ANALYZER_NONNULL = YES;
				CLANG_ANALYZER_NUMBER_OBJECT_CONVERSION = YES_AGGRESSIVE;
				CLANG_CXX_LANGUAGE_STANDARD = "gnu++20";
				CLANG_ENABLE_MODULES = YES;
				CLANG_ENABLE_OBJC_ARC = YES;
				CLANG_ENABLE_OBJC_WEAK = YES;
				CLANG_WARN_BLOCK_CAPTURE_AUTORELEASING = YES;
				CLANG_WARN_BOOL_CONVERSION = YES;
				CLANG_WARN_COMMA = YES;
				CLANG_WARN_CONSTANT_CONVERSION = YES;
				CLANG_WARN_DEPRECATED_OBJC_IMPLEMENTATIONS = YES;
				CLANG_WARN_DIRECT_OBJC_ISA_USAGE = YES_ERROR;
				CLANG_WARN_DOCUMENTATION_COMMENTS = YES;
				CLANG_WARN_EMPTY_BODY = YES;
				CLANG_WARN_ENUM_CONVERSION = YES;
				CLANG_WARN_INFINITE_RECURSION = YES;
				CLANG_WARN_INT_CONVERSION = YES;
				CLANG_WARN_NON_LITERAL_NULL_CONVERSION = YES;
				CLANG_WARN_OBJC_IMPLICIT_RETAIN_SELF = YES;
				CLANG_WARN_OBJC_LITERAL_CONVERSION = YES;
				CLANG_WARN_OBJC_ROOT_CLASS = YES_ERROR;
				CLANG_WARN_QUOTED_INCLUDE_IN_FRAMEWORK_HEADER = YES;
				CLANG_WARN_RANGE_LOOP_ANALYSIS = YES;
				CLANG_WARN_STRICT_PROTOTYPES = YES;
				CLANG_WARN_SUSPICIOUS_MOVE = YES;
				CLANG_WARN_UNGUARDED_AVAILABILITY = YES_AGGRESSIVE;
				CLANG_WARN_UNREACHABLE_CODE = YES;
				CLANG_WARN__DUPLICATE_METHOD_MATCH = YES;
				COPY_PHASE_STRIP = NO;
				DEBUG_INFORMATION_FORMAT = dwarf;
				ENABLE_STRICT_OBJC_MSGSEND = YES;
				ENABLE_TESTABILITY = YES;
				ENABLE_USER_SCRIPT_SANDBOXING = YES;
				GCC_C_LANGUAGE_STANDARD = gnu17;
				GCC_DYNAMIC_NO_PIC = NO;
				GCC_NO_COMMON_BLOCKS = YES;
				GCC_OPTIMIZATION_LEVEL = 0;
				GCC_PREPROCESSOR_DEFINITIONS = (
					"DEBUG=1",
					"$(inherited)",
				);
				GCC_WARN_64_TO_32_BIT_CONVERSION = YES;
				GCC_WARN_ABOUT_RETURN_TYPE = YES_ERROR;
				GCC_WARN_UNDECLARED_SELECTOR = YES;
				GCC_WARN_UNINITIALIZED_AUTOS = YES_AGGRESSIVE;
				GCC_WARN_UNUSED_FUNCTION = YES;
				GCC_WARN_UNUSED_VARIABLE = YES;
				IPHONEOS_DEPLOYMENT_TARGET = 17.0;
				MTL_ENABLE_DEBUG_INFO = INCLUDE_SOURCE;
				MTL_FAST_MATH = YES;
				ONLY_ACTIVE_ARCH = YES;
				SDKROOT = iphoneos;
				SWIFT_ACTIVE_COMPILATION_CONDITIONS = "DEBUG $(inherited)";
				SWIFT_OPTIMIZATION_LEVEL = "-Onone";
			};
			name = Debug;
		};
		AA0C0002 /* Release */ = {
			isa = XCBuildConfiguration;
			buildSettings = {
				ALWAYS_SEARCH_USER_PATHS = NO;
				ASSETCATALOG_COMPILER_GENERATE_SWIFT_ASSET_SYMBOL_EXTENSIONS = YES;
				CLANG_ANALYZER_NONNULL = YES;
				CLANG_ANALYZER_NUMBER_OBJECT_CONVERSION = YES_AGGRESSIVE;
				CLANG_CXX_LANGUAGE_STANDARD = "gnu++20";
				CLANG_ENABLE_MODULES = YES;
				CLANG_ENABLE_OBJC_ARC = YES;
				CLANG_ENABLE_OBJC_WEAK = YES;
				CLANG_WARN_BLOCK_CAPTURE_AUTORELEASING = YES;
				CLANG_WARN_BOOL_CONVERSION = YES;
				CLANG_WARN_COMMA = YES;
				CLANG_WARN_CONSTANT_CONVERSION = YES;
				CLANG_WARN_DEPRECATED_OBJC_IMPLEMENTATIONS = YES;
				CLANG_WARN_DIRECT_OBJC_ISA_USAGE = YES_ERROR;
				CLANG_WARN_DOCUMENTATION_COMMENTS = YES;
				CLANG_WARN_EMPTY_BODY = YES;
				CLANG_WARN_ENUM_CONVERSION = YES;
				CLANG_WARN_INFINITE_RECURSION = YES;
				CLANG_WARN_INT_CONVERSION = YES;
				CLANG_WARN_NON_LITERAL_NULL_CONVERSION = YES;
				CLANG_WARN_OBJC_IMPLICIT_RETAIN_SELF = YES;
				CLANG_WARN_OBJC_LITERAL_CONVERSION = YES;
				CLANG_WARN_OBJC_ROOT_CLASS = YES_ERROR;
				CLANG_WARN_QUOTED_INCLUDE_IN_FRAMEWORK_HEADER = YES;
				CLANG_WARN_RANGE_LOOP_ANALYSIS = YES;
				CLANG_WARN_STRICT_PROTOTYPES = YES;
				CLANG_WARN_SUSPICIOUS_MOVE = YES;
				CLANG_WARN_UNGUARDED_AVAILABILITY = YES_AGGRESSIVE;
				CLANG_WARN_UNREACHABLE_CODE = YES;
				CLANG_WARN__DUPLICATE_METHOD_MATCH = YES;
				COPY_PHASE_STRIP = NO;
				DEBUG_INFORMATION_FORMAT = "dwarf-with-dsym";
				ENABLE_NS_ASSERTIONS = NO;
				ENABLE_STRICT_OBJC_MSGSEND = YES;
				ENABLE_USER_SCRIPT_SANDBOXING = YES;
				GCC_C_LANGUAGE_STANDARD = gnu17;
				GCC_NO_COMMON_BLOCKS = YES;
				GCC_WARN_64_TO_32_BIT_CONVERSION = YES;
				GCC_WARN_ABOUT_RETURN_TYPE = YES_ERROR;
				GCC_WARN_UNDECLARED_SELECTOR = YES;
				GCC_WARN_UNINITIALIZED_AUTOS = YES_AGGRESSIVE;
				GCC_WARN_UNUSED_FUNCTION = YES;
				GCC_WARN_UNUSED_VARIABLE = YES;
				IPHONEOS_DEPLOYMENT_TARGET = 17.0;
				MTL_FAST_MATH = YES;
				SDKROOT = iphoneos;
				SWIFT_COMPILATION_MODE = wholemodule;
				VALIDATE_PRODUCT = YES;
			};
			name = Release;
		};
		AA0C0003 /* Debug */ = {
			isa = XCBuildConfiguration;
			buildSettings = {
				ASSETCATALOG_COMPILER_APPICON_NAME = AppIcon;
				ASSETCATALOG_COMPILER_GLOBAL_ACCENT_COLOR_NAME = AccentColor;
				CODE_SIGN_STYLE = Automatic;
				CURRENT_PROJECT_VERSION = 1;
				DEVELOPMENT_TEAM = 34Y4H49QMY;
				ENABLE_PREVIEWS = YES;
				GENERATE_INFOPLIST_FILE = NO;
				INFOPLIST_FILE = AtlasScan/Resources/Info.plist;
				INFOPLIST_KEY_NSCameraUsageDescription = "Atlas Scan uses the camera to capture room geometry.";
				INFOPLIST_KEY_UIApplicationSceneManifest_Generation = YES;
				INFOPLIST_KEY_UIApplicationSupportsIndirectInputEvents = YES;
				INFOPLIST_KEY_UILaunchScreen_Generation = YES;
				INFOPLIST_KEY_UISupportedInterfaceOrientations_iPad = "UIInterfaceOrientationPortrait UIInterfaceOrientationPortraitUpsideDown UIInterfaceOrientationLandscapeLeft UIInterfaceOrientationLandscapeRight";
				INFOPLIST_KEY_UISupportedInterfaceOrientations_iPhone = "UIInterfaceOrientationPortrait UIInterfaceOrientationLandscapeLeft UIInterfaceOrientationLandscapeRight";
				LD_RUNPATH_SEARCH_PATHS = (
					"$(inherited)",
					"@executable_path/Frameworks",
				);
				MARKETING_VERSION = 1.0;
				PRODUCT_BUNDLE_IDENTIFIER = "uk.atlas-phm.scan";
				PRODUCT_NAME = "$(TARGET_NAME)";
				SUPPORTED_PLATFORMS = "iphoneos iphonesimulator";
				SUPPORTS_MACCATALYST = NO;
				SWIFT_EMIT_LOC_STRINGS = YES;
				SWIFT_VERSION = 5.9;
				TARGETED_DEVICE_FAMILY = "1,2";
			};
			name = Debug;
		};
		AA0C0004 /* Release */ = {
			isa = XCBuildConfiguration;
			buildSettings = {
				ASSETCATALOG_COMPILER_APPICON_NAME = AppIcon;
				ASSETCATALOG_COMPILER_GLOBAL_ACCENT_COLOR_NAME = AccentColor;
				CODE_SIGN_STYLE = Automatic;
				CURRENT_PROJECT_VERSION = 1;
				DEVELOPMENT_TEAM = 34Y4H49QMY;
				ENABLE_PREVIEWS = YES;
				GENERATE_INFOPLIST_FILE = NO;
				INFOPLIST_FILE = AtlasScan/Resources/Info.plist;
				INFOPLIST_KEY_NSCameraUsageDescription = "Atlas Scan uses the camera to capture room geometry.";
				INFOPLIST_KEY_UIApplicationSceneManifest_Generation = YES;
				INFOPLIST_KEY_UIApplicationSupportsIndirectInputEvents = YES;
				INFOPLIST_KEY_UILaunchScreen_Generation = YES;
				INFOPLIST_KEY_UISupportedInterfaceOrientations_iPad = "UIInterfaceOrientationPortrait UIInterfaceOrientationPortraitUpsideDown UIInterfaceOrientationLandscapeLeft UIInterfaceOrientationLandscapeRight";
				INFOPLIST_KEY_UISupportedInterfaceOrientations_iPhone = "UIInterfaceOrientationPortrait UIInterfaceOrientationLandscapeLeft UIInterfaceOrientationLandscapeRight";
				LD_RUNPATH_SEARCH_PATHS = (
					"$(inherited)",
					"@executable_path/Frameworks",
				);
				MARKETING_VERSION = 1.0;
				PRODUCT_BUNDLE_IDENTIFIER = "uk.atlas-phm.scan";
				PRODUCT_NAME = "$(TARGET_NAME)";
				SUPPORTED_PLATFORMS = "iphoneos iphonesimulator";
				SUPPORTS_MACCATALYST = NO;
				SWIFT_EMIT_LOC_STRINGS = YES;
				SWIFT_VERSION = 5.9;
				TARGETED_DEVICE_FAMILY = "1,2";
			};
			name = Release;
		};
		AA0C0005 /* Debug */ = {
			isa = XCBuildConfiguration;
			buildSettings = {
				BUNDLE_LOADER = "$(TEST_HOST)";
				CODE_SIGN_STYLE = Automatic;
				CURRENT_PROJECT_VERSION = 1;
				GENERATE_INFOPLIST_FILE = YES;
				IPHONEOS_DEPLOYMENT_TARGET = 17.0;
				MARKETING_VERSION = 1.0;
				PRODUCT_BUNDLE_IDENTIFIER = com.atlas.AtlasScanTests;
				PRODUCT_NAME = "$(TARGET_NAME)";
				SWIFT_EMIT_LOC_STRINGS = NO;
				SWIFT_VERSION = 5.9;
				TARGETED_DEVICE_FAMILY = "1,2";
				TEST_HOST = "$(BUILT_PRODUCTS_DIR)/AtlasScan.app/$(BUNDLE_EXECUTABLE_FOLDER_PATH)/AtlasScan";
			};
			name = Debug;
		};
		AA0C0006 /* Release */ = {
			isa = XCBuildConfiguration;
			buildSettings = {
				BUNDLE_LOADER = "$(TEST_HOST)";
				CODE_SIGN_STYLE = Automatic;
				CURRENT_PROJECT_VERSION = 1;
				GENERATE_INFOPLIST_FILE = YES;
				IPHONEOS_DEPLOYMENT_TARGET = 17.0;
				MARKETING_VERSION = 1.0;
				PRODUCT_BUNDLE_IDENTIFIER = com.atlas.AtlasScanTests;
				PRODUCT_NAME = "$(TARGET_NAME)";
				SWIFT_EMIT_LOC_STRINGS = NO;
				SWIFT_VERSION = 5.9;
				TARGETED_DEVICE_FAMILY = "1,2";
				TEST_HOST = "$(BUILT_PRODUCTS_DIR)/AtlasScan.app/$(BUNDLE_EXECUTABLE_FOLDER_PATH)/AtlasScan";
			};
			name = Release;
		};
/* End XCBuildConfiguration section */

/* Begin XCConfigurationList section */
		AA090001 /* Build configuration list for PBXNativeTarget "AtlasScan" */ = {
			isa = XCConfigurationList;
			buildConfigurations = (
				AA0C0003 /* Debug */,
				AA0C0004 /* Release */,
			);
			defaultConfigurationIsVisible = 0;
			defaultConfigurationName = Release;
		};
		AA090002 /* Build configuration list for PBXNativeTarget "AtlasScanTests" */ = {
			isa = XCConfigurationList;
			buildConfigurations = (
				AA0C0005 /* Debug */,
				AA0C0006 /* Release */,
			);
			defaultConfigurationIsVisible = 0;
			defaultConfigurationName = Release;
		};
		AA090003 /* Build configuration list for PBXProject "AtlasScan" */ = {
			isa = XCConfigurationList;
			buildConfigurations = (
				AA0C0001 /* Debug */,
				AA0C0002 /* Release */,
			);
			defaultConfigurationIsVisible = 0;
			defaultConfigurationName = Release;
		};
/* End XCConfigurationList section */

/* Begin XCLocalSwiftPackageReference section */
		AAPKG001 /* XCLocalSwiftPackageReference "AtlasContracts" */ = {
			isa = XCLocalSwiftPackageReference;
			relativePath = "Atlas-contracts";
		};
		AAPKG011 /* XCLocalSwiftPackageReference "AtlasScanCore" */ = {
			isa = XCLocalSwiftPackageReference;
			relativePath = "AtlasScanCore";
		};
/* End XCLocalSwiftPackageReference section */

/* Begin XCSwiftPackageProductDependency section */
		AAPKG002 /* AtlasContracts */ = {
			isa = XCSwiftPackageProductDependency;
			package = AAPKG001 /* XCLocalSwiftPackageReference "AtlasContracts" */;
			productName = AtlasContracts;
		};
		AAPKG004 /* AtlasContracts */ = {
			isa = XCSwiftPackageProductDependency;
			package = AAPKG001 /* XCLocalSwiftPackageReference "AtlasContracts" */;
			productName = AtlasContracts;
		};
		AAPKG012 /* AtlasScanCore */ = {
			isa = XCSwiftPackageProductDependency;
			package = AAPKG011 /* XCLocalSwiftPackageReference "AtlasScanCore" */;
			productName = AtlasScanCore;
		};
		AAPKG014 /* AtlasScanCore */ = {
			isa = XCSwiftPackageProductDependency;
			package = AAPKG011 /* XCLocalSwiftPackageReference "AtlasScanCore" */;
			productName = AtlasScanCore;
		};
/* End XCSwiftPackageProductDependency section */
	};
	rootObject = AA0B0001 /* Project object */;
}
