{
  "originHash" : "b635c5ad0b8f568e724003751b44149218bbaed1a021ea20ac82a1dd8b1cfef4",
  "pins" : [
    {
      "identity" : "atlas-contracts",
      "kind" : "remoteSourceControl",
      "location" : "https://github.com/martinbibb-cmd/Atlas-contracts",
      "state" : {
        "branch" : "main",
        "revision" : "77fa471316a1c8b73d739f54e7b884d442b2d54c"
      }
    }
  ],
  "version" : 3
}
